{
    "version": 3,
    "terraform_version": "0.11.10",
    "serial": 10,
    "lineage": "8658e926-ca76-0a09-918c-1fe165c93cf5",
    "modules": [
        {
            "path": [
                "root"
            ],
            "outputs": {
                "public_ip_address": {
                    "sensitive": false,
                    "type": "string",
                    "value": "azurerm_public_ip.myterraformpublicip.ip_address"
                }
            },
            "resources": {
                "azurerm_network_interface.myterraformnic.0": {
                    "type": "azurerm_network_interface",
                    "depends_on": [
                        "azurerm_network_security_group.myterraformnsg",
                        "azurerm_public_ip.myterraformpublicip.*",
                        "azurerm_resource_group.myterraformgroup",
                        "azurerm_subnet.myterraformsubnet"
                    ],
                    "primary": {
                        "id": "/subscriptions/3abd0dd5-602a-4620-b1f8-d53bf2a6dbad/resourceGroups/myResourceGroup/providers/Microsoft.Network/networkInterfaces/myNIC-0",
                        "attributes": {
                            "applied_dns_servers.#": "0",
                            "dns_servers.#": "0",
                            "enable_accelerated_networking": "false",
                            "enable_ip_forwarding": "false",
                            "id": "/subscriptions/3abd0dd5-602a-4620-b1f8-d53bf2a6dbad/resourceGroups/myResourceGroup/providers/Microsoft.Network/networkInterfaces/myNIC-0",
                            "internal_dns_name_label": "",
                            "internal_fqdn": "",
                            "ip_configuration.#": "1",
                            "ip_configuration.0.application_gateway_backend_address_pools_ids.#": "0",
                            "ip_configuration.0.application_security_group_ids.#": "0",
                            "ip_configuration.0.load_balancer_backend_address_pools_ids.#": "0",
                            "ip_configuration.0.load_balancer_inbound_nat_rules_ids.#": "0",
                            "ip_configuration.0.name": "myNicConfiguration",
                            "ip_configuration.0.primary": "true",
                            "ip_configuration.0.private_ip_address": "",
                            "ip_configuration.0.private_ip_address_allocation": "dynamic",
                            "ip_configuration.0.public_ip_address_id": "/subscriptions/3abd0dd5-602a-4620-b1f8-d53bf2a6dbad/resourceGroups/myResourceGroup/providers/Microsoft.Network/publicIPAddresses/myPublicIP-0-moshe",
                            "ip_configuration.0.subnet_id": "/subscriptions/3abd0dd5-602a-4620-b1f8-d53bf2a6dbad/resourceGroups/myResourceGroup/providers/Microsoft.Network/virtualNetworks/myVnet/subnets/mySubnet",
                            "location": "eastus",
                            "mac_address": "00-0D-3A-1C-06-02",
                            "name": "myNIC-0",
                            "network_security_group_id": "/subscriptions/3abd0dd5-602a-4620-b1f8-d53bf2a6dbad/resourceGroups/myResourceGroup/providers/Microsoft.Network/networkSecurityGroups/myNetworkSecurityGroup",
                            "private_ip_address": "10.0.1.5",
                            "private_ip_addresses.#": "1",
                            "private_ip_addresses.0": "10.0.1.5",
                            "resource_group_name": "myResourceGroup",
                            "tags.%": "1",
                            "tags.environment": "Terraform Demo",
                            "virtual_machine_id": "/subscriptions/3abd0dd5-602a-4620-b1f8-d53bf2a6dbad/resourceGroups/myResourceGroup/providers/Microsoft.Compute/virtualMachines/myVM-0"
                        },
                        "meta": {},
                        "tainted": false
                    },
                    "deposed": [],
                    "provider": "provider.azurerm"
                },
                "azurerm_network_interface.myterraformnic.1": {
                    "type": "azurerm_network_interface",
                    "depends_on": [
                        "azurerm_network_security_group.myterraformnsg",
                        "azurerm_public_ip.myterraformpublicip.*",
                        "azurerm_resource_group.myterraformgroup",
                        "azurerm_subnet.myterraformsubnet"
                    ],
                    "primary": {
                        "id": "/subscriptions/3abd0dd5-602a-4620-b1f8-d53bf2a6dbad/resourceGroups/myResourceGroup/providers/Microsoft.Network/networkInterfaces/myNIC-1",
                        "attributes": {
                            "applied_dns_servers.#": "0",
                            "dns_servers.#": "0",
                            "enable_accelerated_networking": "false",
                            "enable_ip_forwarding": "false",
                            "id": "/subscriptions/3abd0dd5-602a-4620-b1f8-d53bf2a6dbad/resourceGroups/myResourceGroup/providers/Microsoft.Network/networkInterfaces/myNIC-1",
                            "internal_dns_name_label": "",
                            "internal_fqdn": "",
                            "ip_configuration.#": "1",
                            "ip_configuration.0.application_gateway_backend_address_pools_ids.#": "0",
                            "ip_configuration.0.application_security_group_ids.#": "0",
                            "ip_configuration.0.load_balancer_backend_address_pools_ids.#": "0",
                            "ip_configuration.0.load_balancer_inbound_nat_rules_ids.#": "0",
                            "ip_configuration.0.name": "myNicConfiguration",
                            "ip_configuration.0.primary": "true",
                            "ip_configuration.0.private_ip_address": "",
                            "ip_configuration.0.private_ip_address_allocation": "dynamic",
                            "ip_configuration.0.public_ip_address_id": "/subscriptions/3abd0dd5-602a-4620-b1f8-d53bf2a6dbad/resourceGroups/myResourceGroup/providers/Microsoft.Network/publicIPAddresses/myPublicIP-1-moshe",
                            "ip_configuration.0.subnet_id": "/subscriptions/3abd0dd5-602a-4620-b1f8-d53bf2a6dbad/resourceGroups/myResourceGroup/providers/Microsoft.Network/virtualNetworks/myVnet/subnets/mySubnet",
                            "location": "eastus",
                            "mac_address": "00-0D-3A-1C-AB-27",
                            "name": "myNIC-1",
                            "network_security_group_id": "/subscriptions/3abd0dd5-602a-4620-b1f8-d53bf2a6dbad/resourceGroups/myResourceGroup/providers/Microsoft.Network/networkSecurityGroups/myNetworkSecurityGroup",
                            "private_ip_address": "10.0.1.13",
                            "private_ip_addresses.#": "1",
                            "private_ip_addresses.0": "10.0.1.13",
                            "resource_group_name": "myResourceGroup",
                            "tags.%": "1",
                            "tags.environment": "Terraform Demo",
                            "virtual_machine_id": "/subscriptions/3abd0dd5-602a-4620-b1f8-d53bf2a6dbad/resourceGroups/myResourceGroup/providers/Microsoft.Compute/virtualMachines/myVM-1"
                        },
                        "meta": {},
                        "tainted": false
                    },
                    "deposed": [],
                    "provider": "provider.azurerm"
                },
                "azurerm_network_interface.myterraformnic.10": {
                    "type": "azurerm_network_interface",
                    "depends_on": [
                        "azurerm_network_security_group.myterraformnsg",
                        "azurerm_public_ip.myterraformpublicip.*",
                        "azurerm_resource_group.myterraformgroup",
                        "azurerm_subnet.myterraformsubnet"
                    ],
                    "primary": {
                        "id": "/subscriptions/3abd0dd5-602a-4620-b1f8-d53bf2a6dbad/resourceGroups/myResourceGroup/providers/Microsoft.Network/networkInterfaces/myNIC-10",
                        "attributes": {
                            "applied_dns_servers.#": "0",
                            "dns_servers.#": "0",
                            "enable_accelerated_networking": "false",
                            "enable_ip_forwarding": "false",
                            "id": "/subscriptions/3abd0dd5-602a-4620-b1f8-d53bf2a6dbad/resourceGroups/myResourceGroup/providers/Microsoft.Network/networkInterfaces/myNIC-10",
                            "internal_dns_name_label": "",
                            "internal_fqdn": "",
                            "ip_configuration.#": "1",
                            "ip_configuration.0.application_gateway_backend_address_pools_ids.#": "0",
                            "ip_configuration.0.application_security_group_ids.#": "0",
                            "ip_configuration.0.load_balancer_backend_address_pools_ids.#": "0",
                            "ip_configuration.0.load_balancer_inbound_nat_rules_ids.#": "0",
                            "ip_configuration.0.name": "myNicConfiguration",
                            "ip_configuration.0.primary": "true",
                            "ip_configuration.0.private_ip_address": "",
                            "ip_configuration.0.private_ip_address_allocation": "dynamic",
                            "ip_configuration.0.public_ip_address_id": "/subscriptions/3abd0dd5-602a-4620-b1f8-d53bf2a6dbad/resourceGroups/myResourceGroup/providers/Microsoft.Network/publicIPAddresses/myPublicIP-10-moshe",
                            "ip_configuration.0.subnet_id": "/subscriptions/3abd0dd5-602a-4620-b1f8-d53bf2a6dbad/resourceGroups/myResourceGroup/providers/Microsoft.Network/virtualNetworks/myVnet/subnets/mySubnet",
                            "location": "eastus",
                            "mac_address": "",
                            "name": "myNIC-10",
                            "network_security_group_id": "/subscriptions/3abd0dd5-602a-4620-b1f8-d53bf2a6dbad/resourceGroups/myResourceGroup/providers/Microsoft.Network/networkSecurityGroups/myNetworkSecurityGroup",
                            "private_ip_address": "10.0.1.22",
                            "private_ip_addresses.#": "1",
                            "private_ip_addresses.0": "10.0.1.22",
                            "resource_group_name": "myResourceGroup",
                            "tags.%": "1",
                            "tags.environment": "Terraform Demo"
                        },
                        "meta": {},
                        "tainted": false
                    },
                    "deposed": [],
                    "provider": "provider.azurerm"
                },
                "azurerm_network_interface.myterraformnic.11": {
                    "type": "azurerm_network_interface",
                    "depends_on": [
                        "azurerm_network_security_group.myterraformnsg",
                        "azurerm_public_ip.myterraformpublicip.*",
                        "azurerm_resource_group.myterraformgroup",
                        "azurerm_subnet.myterraformsubnet"
                    ],
                    "primary": {
                        "id": "/subscriptions/3abd0dd5-602a-4620-b1f8-d53bf2a6dbad/resourceGroups/myResourceGroup/providers/Microsoft.Network/networkInterfaces/myNIC-11",
                        "attributes": {
                            "applied_dns_servers.#": "0",
                            "dns_servers.#": "0",
                            "enable_accelerated_networking": "false",
                            "enable_ip_forwarding": "false",
                            "id": "/subscriptions/3abd0dd5-602a-4620-b1f8-d53bf2a6dbad/resourceGroups/myResourceGroup/providers/Microsoft.Network/networkInterfaces/myNIC-11",
                            "internal_dns_name_label": "",
                            "internal_fqdn": "",
                            "ip_configuration.#": "1",
                            "ip_configuration.0.application_gateway_backend_address_pools_ids.#": "0",
                            "ip_configuration.0.application_security_group_ids.#": "0",
                            "ip_configuration.0.load_balancer_backend_address_pools_ids.#": "0",
                            "ip_configuration.0.load_balancer_inbound_nat_rules_ids.#": "0",
                            "ip_configuration.0.name": "myNicConfiguration",
                            "ip_configuration.0.primary": "true",
                            "ip_configuration.0.private_ip_address": "",
                            "ip_configuration.0.private_ip_address_allocation": "dynamic",
                            "ip_configuration.0.public_ip_address_id": "/subscriptions/3abd0dd5-602a-4620-b1f8-d53bf2a6dbad/resourceGroups/myResourceGroup/providers/Microsoft.Network/publicIPAddresses/myPublicIP-11-moshe",
                            "ip_configuration.0.subnet_id": "/subscriptions/3abd0dd5-602a-4620-b1f8-d53bf2a6dbad/resourceGroups/myResourceGroup/providers/Microsoft.Network/virtualNetworks/myVnet/subnets/mySubnet",
                            "location": "eastus",
                            "mac_address": "",
                            "name": "myNIC-11",
                            "network_security_group_id": "/subscriptions/3abd0dd5-602a-4620-b1f8-d53bf2a6dbad/resourceGroups/myResourceGroup/providers/Microsoft.Network/networkSecurityGroups/myNetworkSecurityGroup",
                            "private_ip_address": "10.0.1.21",
                            "private_ip_addresses.#": "1",
                            "private_ip_addresses.0": "10.0.1.21",
                            "resource_group_name": "myResourceGroup",
                            "tags.%": "1",
                            "tags.environment": "Terraform Demo"
                        },
                        "meta": {},
                        "tainted": false
                    },
                    "deposed": [],
                    "provider": "provider.azurerm"
                },
                "azurerm_network_interface.myterraformnic.12": {
                    "type": "azurerm_network_interface",
                    "depends_on": [
                        "azurerm_network_security_group.myterraformnsg",
                        "azurerm_public_ip.myterraformpublicip.*",
                        "azurerm_resource_group.myterraformgroup",
                        "azurerm_subnet.myterraformsubnet"
                    ],
                    "primary": {
                        "id": "/subscriptions/3abd0dd5-602a-4620-b1f8-d53bf2a6dbad/resourceGroups/myResourceGroup/providers/Microsoft.Network/networkInterfaces/myNIC-12",
                        "attributes": {
                            "applied_dns_servers.#": "0",
                            "dns_servers.#": "0",
                            "enable_accelerated_networking": "false",
                            "enable_ip_forwarding": "false",
                            "id": "/subscriptions/3abd0dd5-602a-4620-b1f8-d53bf2a6dbad/resourceGroups/myResourceGroup/providers/Microsoft.Network/networkInterfaces/myNIC-12",
                            "internal_dns_name_label": "",
                            "internal_fqdn": "",
                            "ip_configuration.#": "1",
                            "ip_configuration.0.application_gateway_backend_address_pools_ids.#": "0",
                            "ip_configuration.0.application_security_group_ids.#": "0",
                            "ip_configuration.0.load_balancer_backend_address_pools_ids.#": "0",
                            "ip_configuration.0.load_balancer_inbound_nat_rules_ids.#": "0",
                            "ip_configuration.0.name": "myNicConfiguration",
                            "ip_configuration.0.primary": "true",
                            "ip_configuration.0.private_ip_address": "",
                            "ip_configuration.0.private_ip_address_allocation": "dynamic",
                            "ip_configuration.0.public_ip_address_id": "/subscriptions/3abd0dd5-602a-4620-b1f8-d53bf2a6dbad/resourceGroups/myResourceGroup/providers/Microsoft.Network/publicIPAddresses/myPublicIP-12-moshe",
                            "ip_configuration.0.subnet_id": "/subscriptions/3abd0dd5-602a-4620-b1f8-d53bf2a6dbad/resourceGroups/myResourceGroup/providers/Microsoft.Network/virtualNetworks/myVnet/subnets/mySubnet",
                            "location": "eastus",
                            "mac_address": "",
                            "name": "myNIC-12",
                            "network_security_group_id": "/subscriptions/3abd0dd5-602a-4620-b1f8-d53bf2a6dbad/resourceGroups/myResourceGroup/providers/Microsoft.Network/networkSecurityGroups/myNetworkSecurityGroup",
                            "private_ip_address": "10.0.1.26",
                            "private_ip_addresses.#": "1",
                            "private_ip_addresses.0": "10.0.1.26",
                            "resource_group_name": "myResourceGroup",
                            "tags.%": "1",
                            "tags.environment": "Terraform Demo"
                        },
                        "meta": {},
                        "tainted": false
                    },
                    "deposed": [],
                    "provider": "provider.azurerm"
                },
                "azurerm_network_interface.myterraformnic.13": {
                    "type": "azurerm_network_interface",
                    "depends_on": [
                        "azurerm_network_security_group.myterraformnsg",
                        "azurerm_public_ip.myterraformpublicip.*",
                        "azurerm_resource_group.myterraformgroup",
                        "azurerm_subnet.myterraformsubnet"
                    ],
                    "primary": {
                        "id": "/subscriptions/3abd0dd5-602a-4620-b1f8-d53bf2a6dbad/resourceGroups/myResourceGroup/providers/Microsoft.Network/networkInterfaces/myNIC-13",
                        "attributes": {
                            "applied_dns_servers.#": "0",
                            "dns_servers.#": "0",
                            "enable_accelerated_networking": "false",
                            "enable_ip_forwarding": "false",
                            "id": "/subscriptions/3abd0dd5-602a-4620-b1f8-d53bf2a6dbad/resourceGroups/myResourceGroup/providers/Microsoft.Network/networkInterfaces/myNIC-13",
                            "internal_dns_name_label": "",
                            "internal_fqdn": "",
                            "ip_configuration.#": "1",
                            "ip_configuration.0.application_gateway_backend_address_pools_ids.#": "0",
                            "ip_configuration.0.application_security_group_ids.#": "0",
                            "ip_configuration.0.load_balancer_backend_address_pools_ids.#": "0",
                            "ip_configuration.0.load_balancer_inbound_nat_rules_ids.#": "0",
                            "ip_configuration.0.name": "myNicConfiguration",
                            "ip_configuration.0.primary": "true",
                            "ip_configuration.0.private_ip_address": "",
                            "ip_configuration.0.private_ip_address_allocation": "dynamic",
                            "ip_configuration.0.public_ip_address_id": "/subscriptions/3abd0dd5-602a-4620-b1f8-d53bf2a6dbad/resourceGroups/myResourceGroup/providers/Microsoft.Network/publicIPAddresses/myPublicIP-13-moshe",
                            "ip_configuration.0.subnet_id": "/subscriptions/3abd0dd5-602a-4620-b1f8-d53bf2a6dbad/resourceGroups/myResourceGroup/providers/Microsoft.Network/virtualNetworks/myVnet/subnets/mySubnet",
                            "location": "eastus",
                            "mac_address": "",
                            "name": "myNIC-13",
                            "network_security_group_id": "/subscriptions/3abd0dd5-602a-4620-b1f8-d53bf2a6dbad/resourceGroups/myResourceGroup/providers/Microsoft.Network/networkSecurityGroups/myNetworkSecurityGroup",
                            "private_ip_address": "10.0.1.28",
                            "private_ip_addresses.#": "1",
                            "private_ip_addresses.0": "10.0.1.28",
                            "resource_group_name": "myResourceGroup",
                            "tags.%": "1",
                            "tags.environment": "Terraform Demo"
                        },
                        "meta": {},
                        "tainted": false
                    },
                    "deposed": [],
                    "provider": "provider.azurerm"
                },
                "azurerm_network_interface.myterraformnic.14": {
                    "type": "azurerm_network_interface",
                    "depends_on": [
                        "azurerm_network_security_group.myterraformnsg",
                        "azurerm_public_ip.myterraformpublicip.*",
                        "azurerm_resource_group.myterraformgroup",
                        "azurerm_subnet.myterraformsubnet"
                    ],
                    "primary": {
                        "id": "/subscriptions/3abd0dd5-602a-4620-b1f8-d53bf2a6dbad/resourceGroups/myResourceGroup/providers/Microsoft.Network/networkInterfaces/myNIC-14",
                        "attributes": {
                            "applied_dns_servers.#": "0",
                            "dns_servers.#": "0",
                            "enable_accelerated_networking": "false",
                            "enable_ip_forwarding": "false",
                            "id": "/subscriptions/3abd0dd5-602a-4620-b1f8-d53bf2a6dbad/resourceGroups/myResourceGroup/providers/Microsoft.Network/networkInterfaces/myNIC-14",
                            "internal_dns_name_label": "",
                            "internal_fqdn": "",
                            "ip_configuration.#": "1",
                            "ip_configuration.0.application_gateway_backend_address_pools_ids.#": "0",
                            "ip_configuration.0.application_security_group_ids.#": "0",
                            "ip_configuration.0.load_balancer_backend_address_pools_ids.#": "0",
                            "ip_configuration.0.load_balancer_inbound_nat_rules_ids.#": "0",
                            "ip_configuration.0.name": "myNicConfiguration",
                            "ip_configuration.0.primary": "true",
                            "ip_configuration.0.private_ip_address": "",
                            "ip_configuration.0.private_ip_address_allocation": "dynamic",
                            "ip_configuration.0.public_ip_address_id": "/subscriptions/3abd0dd5-602a-4620-b1f8-d53bf2a6dbad/resourceGroups/myResourceGroup/providers/Microsoft.Network/publicIPAddresses/myPublicIP-14-moshe",
                            "ip_configuration.0.subnet_id": "/subscriptions/3abd0dd5-602a-4620-b1f8-d53bf2a6dbad/resourceGroups/myResourceGroup/providers/Microsoft.Network/virtualNetworks/myVnet/subnets/mySubnet",
                            "location": "eastus",
                            "mac_address": "",
                            "name": "myNIC-14",
                            "network_security_group_id": "/subscriptions/3abd0dd5-602a-4620-b1f8-d53bf2a6dbad/resourceGroups/myResourceGroup/providers/Microsoft.Network/networkSecurityGroups/myNetworkSecurityGroup",
                            "private_ip_address": "10.0.1.16",
                            "private_ip_addresses.#": "1",
                            "private_ip_addresses.0": "10.0.1.16",
                            "resource_group_name": "myResourceGroup",
                            "tags.%": "1",
                            "tags.environment": "Terraform Demo"
                        },
                        "meta": {},
                        "tainted": false
                    },
                    "deposed": [],
                    "provider": "provider.azurerm"
                },
                "azurerm_network_interface.myterraformnic.15": {
                    "type": "azurerm_network_interface",
                    "depends_on": [
                        "azurerm_network_security_group.myterraformnsg",
                        "azurerm_public_ip.myterraformpublicip.*",
                        "azurerm_resource_group.myterraformgroup",
                        "azurerm_subnet.myterraformsubnet"
                    ],
                    "primary": {
                        "id": "/subscriptions/3abd0dd5-602a-4620-b1f8-d53bf2a6dbad/resourceGroups/myResourceGroup/providers/Microsoft.Network/networkInterfaces/myNIC-15",
                        "attributes": {
                            "applied_dns_servers.#": "0",
                            "dns_servers.#": "0",
                            "enable_accelerated_networking": "false",
                            "enable_ip_forwarding": "false",
                            "id": "/subscriptions/3abd0dd5-602a-4620-b1f8-d53bf2a6dbad/resourceGroups/myResourceGroup/providers/Microsoft.Network/networkInterfaces/myNIC-15",
                            "internal_dns_name_label": "",
                            "internal_fqdn": "",
                            "ip_configuration.#": "1",
                            "ip_configuration.0.application_gateway_backend_address_pools_ids.#": "0",
                            "ip_configuration.0.application_security_group_ids.#": "0",
                            "ip_configuration.0.load_balancer_backend_address_pools_ids.#": "0",
                            "ip_configuration.0.load_balancer_inbound_nat_rules_ids.#": "0",
                            "ip_configuration.0.name": "myNicConfiguration",
                            "ip_configuration.0.primary": "true",
                            "ip_configuration.0.private_ip_address": "",
                            "ip_configuration.0.private_ip_address_allocation": "dynamic",
                            "ip_configuration.0.public_ip_address_id": "/subscriptions/3abd0dd5-602a-4620-b1f8-d53bf2a6dbad/resourceGroups/myResourceGroup/providers/Microsoft.Network/publicIPAddresses/myPublicIP-15-moshe",
                            "ip_configuration.0.subnet_id": "/subscriptions/3abd0dd5-602a-4620-b1f8-d53bf2a6dbad/resourceGroups/myResourceGroup/providers/Microsoft.Network/virtualNetworks/myVnet/subnets/mySubnet",
                            "location": "eastus",
                            "mac_address": "",
                            "name": "myNIC-15",
                            "network_security_group_id": "/subscriptions/3abd0dd5-602a-4620-b1f8-d53bf2a6dbad/resourceGroups/myResourceGroup/providers/Microsoft.Network/networkSecurityGroups/myNetworkSecurityGroup",
                            "private_ip_address": "10.0.1.15",
                            "private_ip_addresses.#": "1",
                            "private_ip_addresses.0": "10.0.1.15",
                            "resource_group_name": "myResourceGroup",
                            "tags.%": "1",
                            "tags.environment": "Terraform Demo"
                        },
                        "meta": {},
                        "tainted": false
                    },
                    "deposed": [],
                    "provider": "provider.azurerm"
                },
                "azurerm_network_interface.myterraformnic.16": {
                    "type": "azurerm_network_interface",
                    "depends_on": [
                        "azurerm_network_security_group.myterraformnsg",
                        "azurerm_public_ip.myterraformpublicip.*",
                        "azurerm_resource_group.myterraformgroup",
                        "azurerm_subnet.myterraformsubnet"
                    ],
                    "primary": {
                        "id": "/subscriptions/3abd0dd5-602a-4620-b1f8-d53bf2a6dbad/resourceGroups/myResourceGroup/providers/Microsoft.Network/networkInterfaces/myNIC-16",
                        "attributes": {
                            "applied_dns_servers.#": "0",
                            "dns_servers.#": "0",
                            "enable_accelerated_networking": "false",
                            "enable_ip_forwarding": "false",
                            "id": "/subscriptions/3abd0dd5-602a-4620-b1f8-d53bf2a6dbad/resourceGroups/myResourceGroup/providers/Microsoft.Network/networkInterfaces/myNIC-16",
                            "internal_dns_name_label": "",
                            "internal_fqdn": "",
                            "ip_configuration.#": "1",
                            "ip_configuration.0.application_gateway_backend_address_pools_ids.#": "0",
                            "ip_configuration.0.application_security_group_ids.#": "0",
                            "ip_configuration.0.load_balancer_backend_address_pools_ids.#": "0",
                            "ip_configuration.0.load_balancer_inbound_nat_rules_ids.#": "0",
                            "ip_configuration.0.name": "myNicConfiguration",
                            "ip_configuration.0.primary": "true",
                            "ip_configuration.0.private_ip_address": "",
                            "ip_configuration.0.private_ip_address_allocation": "dynamic",
                            "ip_configuration.0.public_ip_address_id": "/subscriptions/3abd0dd5-602a-4620-b1f8-d53bf2a6dbad/resourceGroups/myResourceGroup/providers/Microsoft.Network/publicIPAddresses/myPublicIP-16-moshe",
                            "ip_configuration.0.subnet_id": "/subscriptions/3abd0dd5-602a-4620-b1f8-d53bf2a6dbad/resourceGroups/myResourceGroup/providers/Microsoft.Network/virtualNetworks/myVnet/subnets/mySubnet",
                            "location": "eastus",
                            "mac_address": "",
                            "name": "myNIC-16",
                            "network_security_group_id": "/subscriptions/3abd0dd5-602a-4620-b1f8-d53bf2a6dbad/resourceGroups/myResourceGroup/providers/Microsoft.Network/networkSecurityGroups/myNetworkSecurityGroup",
                            "private_ip_address": "10.0.1.20",
                            "private_ip_addresses.#": "1",
                            "private_ip_addresses.0": "10.0.1.20",
                            "resource_group_name": "myResourceGroup",
                            "tags.%": "1",
                            "tags.environment": "Terraform Demo"
                        },
                        "meta": {},
                        "tainted": false
                    },
                    "deposed": [],
                    "provider": "provider.azurerm"
                },
                "azurerm_network_interface.myterraformnic.17": {
                    "type": "azurerm_network_interface",
                    "depends_on": [
                        "azurerm_network_security_group.myterraformnsg",
                        "azurerm_public_ip.myterraformpublicip.*",
                        "azurerm_resource_group.myterraformgroup",
                        "azurerm_subnet.myterraformsubnet"
                    ],
                    "primary": {
                        "id": "/subscriptions/3abd0dd5-602a-4620-b1f8-d53bf2a6dbad/resourceGroups/myResourceGroup/providers/Microsoft.Network/networkInterfaces/myNIC-17",
                        "attributes": {
                            "applied_dns_servers.#": "0",
                            "dns_servers.#": "0",
                            "enable_accelerated_networking": "false",
                            "enable_ip_forwarding": "false",
                            "id": "/subscriptions/3abd0dd5-602a-4620-b1f8-d53bf2a6dbad/resourceGroups/myResourceGroup/providers/Microsoft.Network/networkInterfaces/myNIC-17",
                            "internal_dns_name_label": "",
                            "internal_fqdn": "",
                            "ip_configuration.#": "1",
                            "ip_configuration.0.application_gateway_backend_address_pools_ids.#": "0",
                            "ip_configuration.0.application_security_group_ids.#": "0",
                            "ip_configuration.0.load_balancer_backend_address_pools_ids.#": "0",
                            "ip_configuration.0.load_balancer_inbound_nat_rules_ids.#": "0",
                            "ip_configuration.0.name": "myNicConfiguration",
                            "ip_configuration.0.primary": "true",
                            "ip_configuration.0.private_ip_address": "",
                            "ip_configuration.0.private_ip_address_allocation": "dynamic",
                            "ip_configuration.0.public_ip_address_id": "/subscriptions/3abd0dd5-602a-4620-b1f8-d53bf2a6dbad/resourceGroups/myResourceGroup/providers/Microsoft.Network/publicIPAddresses/myPublicIP-17-moshe",
                            "ip_configuration.0.subnet_id": "/subscriptions/3abd0dd5-602a-4620-b1f8-d53bf2a6dbad/resourceGroups/myResourceGroup/providers/Microsoft.Network/virtualNetworks/myVnet/subnets/mySubnet",
                            "location": "eastus",
                            "mac_address": "",
                            "name": "myNIC-17",
                            "network_security_group_id": "/subscriptions/3abd0dd5-602a-4620-b1f8-d53bf2a6dbad/resourceGroups/myResourceGroup/providers/Microsoft.Network/networkSecurityGroups/myNetworkSecurityGroup",
                            "private_ip_address": "10.0.1.19",
                            "private_ip_addresses.#": "1",
                            "private_ip_addresses.0": "10.0.1.19",
                            "resource_group_name": "myResourceGroup",
                            "tags.%": "1",
                            "tags.environment": "Terraform Demo"
                        },
                        "meta": {},
                        "tainted": false
                    },
                    "deposed": [],
                    "provider": "provider.azurerm"
                },
                "azurerm_network_interface.myterraformnic.18": {
                    "type": "azurerm_network_interface",
                    "depends_on": [
                        "azurerm_network_security_group.myterraformnsg",
                        "azurerm_public_ip.myterraformpublicip.*",
                        "azurerm_resource_group.myterraformgroup",
                        "azurerm_subnet.myterraformsubnet"
                    ],
                    "primary": {
                        "id": "/subscriptions/3abd0dd5-602a-4620-b1f8-d53bf2a6dbad/resourceGroups/myResourceGroup/providers/Microsoft.Network/networkInterfaces/myNIC-18",
                        "attributes": {
                            "applied_dns_servers.#": "0",
                            "dns_servers.#": "0",
                            "enable_accelerated_networking": "false",
                            "enable_ip_forwarding": "false",
                            "id": "/subscriptions/3abd0dd5-602a-4620-b1f8-d53bf2a6dbad/resourceGroups/myResourceGroup/providers/Microsoft.Network/networkInterfaces/myNIC-18",
                            "internal_dns_name_label": "",
                            "internal_fqdn": "",
                            "ip_configuration.#": "1",
                            "ip_configuration.0.application_gateway_backend_address_pools_ids.#": "0",
                            "ip_configuration.0.application_security_group_ids.#": "0",
                            "ip_configuration.0.load_balancer_backend_address_pools_ids.#": "0",
                            "ip_configuration.0.load_balancer_inbound_nat_rules_ids.#": "0",
                            "ip_configuration.0.name": "myNicConfiguration",
                            "ip_configuration.0.primary": "true",
                            "ip_configuration.0.private_ip_address": "",
                            "ip_configuration.0.private_ip_address_allocation": "dynamic",
                            "ip_configuration.0.public_ip_address_id": "/subscriptions/3abd0dd5-602a-4620-b1f8-d53bf2a6dbad/resourceGroups/myResourceGroup/providers/Microsoft.Network/publicIPAddresses/myPublicIP-18-moshe",
                            "ip_configuration.0.subnet_id": "/subscriptions/3abd0dd5-602a-4620-b1f8-d53bf2a6dbad/resourceGroups/myResourceGroup/providers/Microsoft.Network/virtualNetworks/myVnet/subnets/mySubnet",
                            "location": "eastus",
                            "mac_address": "",
                            "name": "myNIC-18",
                            "network_security_group_id": "/subscriptions/3abd0dd5-602a-4620-b1f8-d53bf2a6dbad/resourceGroups/myResourceGroup/providers/Microsoft.Network/networkSecurityGroups/myNetworkSecurityGroup",
                            "private_ip_address": "10.0.1.27",
                            "private_ip_addresses.#": "1",
                            "private_ip_addresses.0": "10.0.1.27",
                            "resource_group_name": "myResourceGroup",
                            "tags.%": "1",
                            "tags.environment": "Terraform Demo"
                        },
                        "meta": {},
                        "tainted": false
                    },
                    "deposed": [],
                    "provider": "provider.azurerm"
                },
                "azurerm_network_interface.myterraformnic.19": {
                    "type": "azurerm_network_interface",
                    "depends_on": [
                        "azurerm_network_security_group.myterraformnsg",
                        "azurerm_public_ip.myterraformpublicip.*",
                        "azurerm_resource_group.myterraformgroup",
                        "azurerm_subnet.myterraformsubnet"
                    ],
                    "primary": {
                        "id": "/subscriptions/3abd0dd5-602a-4620-b1f8-d53bf2a6dbad/resourceGroups/myResourceGroup/providers/Microsoft.Network/networkInterfaces/myNIC-19",
                        "attributes": {
                            "applied_dns_servers.#": "0",
                            "dns_servers.#": "0",
                            "enable_accelerated_networking": "false",
                            "enable_ip_forwarding": "false",
                            "id": "/subscriptions/3abd0dd5-602a-4620-b1f8-d53bf2a6dbad/resourceGroups/myResourceGroup/providers/Microsoft.Network/networkInterfaces/myNIC-19",
                            "internal_dns_name_label": "",
                            "internal_fqdn": "",
                            "ip_configuration.#": "1",
                            "ip_configuration.0.application_gateway_backend_address_pools_ids.#": "0",
                            "ip_configuration.0.application_security_group_ids.#": "0",
                            "ip_configuration.0.load_balancer_backend_address_pools_ids.#": "0",
                            "ip_configuration.0.load_balancer_inbound_nat_rules_ids.#": "0",
                            "ip_configuration.0.name": "myNicConfiguration",
                            "ip_configuration.0.primary": "true",
                            "ip_configuration.0.private_ip_address": "",
                            "ip_configuration.0.private_ip_address_allocation": "dynamic",
                            "ip_configuration.0.public_ip_address_id": "/subscriptions/3abd0dd5-602a-4620-b1f8-d53bf2a6dbad/resourceGroups/myResourceGroup/providers/Microsoft.Network/publicIPAddresses/myPublicIP-19-moshe",
                            "ip_configuration.0.subnet_id": "/subscriptions/3abd0dd5-602a-4620-b1f8-d53bf2a6dbad/resourceGroups/myResourceGroup/providers/Microsoft.Network/virtualNetworks/myVnet/subnets/mySubnet",
                            "location": "eastus",
                            "mac_address": "",
                            "name": "myNIC-19",
                            "network_security_group_id": "/subscriptions/3abd0dd5-602a-4620-b1f8-d53bf2a6dbad/resourceGroups/myResourceGroup/providers/Microsoft.Network/networkSecurityGroups/myNetworkSecurityGroup",
                            "private_ip_address": "10.0.1.18",
                            "private_ip_addresses.#": "1",
                            "private_ip_addresses.0": "10.0.1.18",
                            "resource_group_name": "myResourceGroup",
                            "tags.%": "1",
                            "tags.environment": "Terraform Demo"
                        },
                        "meta": {},
                        "tainted": false
                    },
                    "deposed": [],
                    "provider": "provider.azurerm"
                },
                "azurerm_network_interface.myterraformnic.2": {
                    "type": "azurerm_network_interface",
                    "depends_on": [
                        "azurerm_network_security_group.myterraformnsg",
                        "azurerm_public_ip.myterraformpublicip.*",
                        "azurerm_resource_group.myterraformgroup",
                        "azurerm_subnet.myterraformsubnet"
                    ],
                    "primary": {
                        "id": "/subscriptions/3abd0dd5-602a-4620-b1f8-d53bf2a6dbad/resourceGroups/myResourceGroup/providers/Microsoft.Network/networkInterfaces/myNIC-2",
                        "attributes": {
                            "applied_dns_servers.#": "0",
                            "dns_servers.#": "0",
                            "enable_accelerated_networking": "false",
                            "enable_ip_forwarding": "false",
                            "id": "/subscriptions/3abd0dd5-602a-4620-b1f8-d53bf2a6dbad/resourceGroups/myResourceGroup/providers/Microsoft.Network/networkInterfaces/myNIC-2",
                            "internal_dns_name_label": "",
                            "internal_fqdn": "",
                            "ip_configuration.#": "1",
                            "ip_configuration.0.application_gateway_backend_address_pools_ids.#": "0",
                            "ip_configuration.0.application_security_group_ids.#": "0",
                            "ip_configuration.0.load_balancer_backend_address_pools_ids.#": "0",
                            "ip_configuration.0.load_balancer_inbound_nat_rules_ids.#": "0",
                            "ip_configuration.0.name": "myNicConfiguration",
                            "ip_configuration.0.primary": "true",
                            "ip_configuration.0.private_ip_address": "",
                            "ip_configuration.0.private_ip_address_allocation": "dynamic",
                            "ip_configuration.0.public_ip_address_id": "/subscriptions/3abd0dd5-602a-4620-b1f8-d53bf2a6dbad/resourceGroups/myResourceGroup/providers/Microsoft.Network/publicIPAddresses/myPublicIP-2-moshe",
                            "ip_configuration.0.subnet_id": "/subscriptions/3abd0dd5-602a-4620-b1f8-d53bf2a6dbad/resourceGroups/myResourceGroup/providers/Microsoft.Network/virtualNetworks/myVnet/subnets/mySubnet",
                            "location": "eastus",
                            "mac_address": "00-0D-3A-1C-AD-A2",
                            "name": "myNIC-2",
                            "network_security_group_id": "/subscriptions/3abd0dd5-602a-4620-b1f8-d53bf2a6dbad/resourceGroups/myResourceGroup/providers/Microsoft.Network/networkSecurityGroups/myNetworkSecurityGroup",
                            "private_ip_address": "10.0.1.4",
                            "private_ip_addresses.#": "1",
                            "private_ip_addresses.0": "10.0.1.4",
                            "resource_group_name": "myResourceGroup",
                            "tags.%": "1",
                            "tags.environment": "Terraform Demo",
                            "virtual_machine_id": "/subscriptions/3abd0dd5-602a-4620-b1f8-d53bf2a6dbad/resourceGroups/myResourceGroup/providers/Microsoft.Compute/virtualMachines/myVM-2"
                        },
                        "meta": {},
                        "tainted": false
                    },
                    "deposed": [],
                    "provider": "provider.azurerm"
                },
                "azurerm_network_interface.myterraformnic.20": {
                    "type": "azurerm_network_interface",
                    "depends_on": [
                        "azurerm_network_security_group.myterraformnsg",
                        "azurerm_public_ip.myterraformpublicip.*",
                        "azurerm_resource_group.myterraformgroup",
                        "azurerm_subnet.myterraformsubnet"
                    ],
                    "primary": {
                        "id": "/subscriptions/3abd0dd5-602a-4620-b1f8-d53bf2a6dbad/resourceGroups/myResourceGroup/providers/Microsoft.Network/networkInterfaces/myNIC-20",
                        "attributes": {
                            "applied_dns_servers.#": "0",
                            "dns_servers.#": "0",
                            "enable_accelerated_networking": "false",
                            "enable_ip_forwarding": "false",
                            "id": "/subscriptions/3abd0dd5-602a-4620-b1f8-d53bf2a6dbad/resourceGroups/myResourceGroup/providers/Microsoft.Network/networkInterfaces/myNIC-20",
                            "internal_dns_name_label": "",
                            "internal_fqdn": "",
                            "ip_configuration.#": "1",
                            "ip_configuration.0.application_gateway_backend_address_pools_ids.#": "0",
                            "ip_configuration.0.application_security_group_ids.#": "0",
                            "ip_configuration.0.load_balancer_backend_address_pools_ids.#": "0",
                            "ip_configuration.0.load_balancer_inbound_nat_rules_ids.#": "0",
                            "ip_configuration.0.name": "myNicConfiguration",
                            "ip_configuration.0.primary": "true",
                            "ip_configuration.0.private_ip_address": "",
                            "ip_configuration.0.private_ip_address_allocation": "dynamic",
                            "ip_configuration.0.public_ip_address_id": "/subscriptions/3abd0dd5-602a-4620-b1f8-d53bf2a6dbad/resourceGroups/myResourceGroup/providers/Microsoft.Network/publicIPAddresses/myPublicIP-20-moshe",
                            "ip_configuration.0.subnet_id": "/subscriptions/3abd0dd5-602a-4620-b1f8-d53bf2a6dbad/resourceGroups/myResourceGroup/providers/Microsoft.Network/virtualNetworks/myVnet/subnets/mySubnet",
                            "location": "eastus",
                            "mac_address": "",
                            "name": "myNIC-20",
                            "network_security_group_id": "/subscriptions/3abd0dd5-602a-4620-b1f8-d53bf2a6dbad/resourceGroups/myResourceGroup/providers/Microsoft.Network/networkSecurityGroups/myNetworkSecurityGroup",
                            "private_ip_address": "10.0.1.14",
                            "private_ip_addresses.#": "1",
                            "private_ip_addresses.0": "10.0.1.14",
                            "resource_group_name": "myResourceGroup",
                            "tags.%": "1",
                            "tags.environment": "Terraform Demo"
                        },
                        "meta": {},
                        "tainted": false
                    },
                    "deposed": [],
                    "provider": "provider.azurerm"
                },
                "azurerm_network_interface.myterraformnic.21": {
                    "type": "azurerm_network_interface",
                    "depends_on": [
                        "azurerm_network_security_group.myterraformnsg",
                        "azurerm_public_ip.myterraformpublicip.*",
                        "azurerm_resource_group.myterraformgroup",
                        "azurerm_subnet.myterraformsubnet"
                    ],
                    "primary": {
                        "id": "/subscriptions/3abd0dd5-602a-4620-b1f8-d53bf2a6dbad/resourceGroups/myResourceGroup/providers/Microsoft.Network/networkInterfaces/myNIC-21",
                        "attributes": {
                            "applied_dns_servers.#": "0",
                            "dns_servers.#": "0",
                            "enable_accelerated_networking": "false",
                            "enable_ip_forwarding": "false",
                            "id": "/subscriptions/3abd0dd5-602a-4620-b1f8-d53bf2a6dbad/resourceGroups/myResourceGroup/providers/Microsoft.Network/networkInterfaces/myNIC-21",
                            "internal_dns_name_label": "",
                            "internal_fqdn": "",
                            "ip_configuration.#": "1",
                            "ip_configuration.0.application_gateway_backend_address_pools_ids.#": "0",
                            "ip_configuration.0.application_security_group_ids.#": "0",
                            "ip_configuration.0.load_balancer_backend_address_pools_ids.#": "0",
                            "ip_configuration.0.load_balancer_inbound_nat_rules_ids.#": "0",
                            "ip_configuration.0.name": "myNicConfiguration",
                            "ip_configuration.0.primary": "true",
                            "ip_configuration.0.private_ip_address": "",
                            "ip_configuration.0.private_ip_address_allocation": "dynamic",
                            "ip_configuration.0.public_ip_address_id": "/subscriptions/3abd0dd5-602a-4620-b1f8-d53bf2a6dbad/resourceGroups/myResourceGroup/providers/Microsoft.Network/publicIPAddresses/myPublicIP-21-moshe",
                            "ip_configuration.0.subnet_id": "/subscriptions/3abd0dd5-602a-4620-b1f8-d53bf2a6dbad/resourceGroups/myResourceGroup/providers/Microsoft.Network/virtualNetworks/myVnet/subnets/mySubnet",
                            "location": "eastus",
                            "mac_address": "",
                            "name": "myNIC-21",
                            "network_security_group_id": "/subscriptions/3abd0dd5-602a-4620-b1f8-d53bf2a6dbad/resourceGroups/myResourceGroup/providers/Microsoft.Network/networkSecurityGroups/myNetworkSecurityGroup",
                            "private_ip_address": "10.0.1.25",
                            "private_ip_addresses.#": "1",
                            "private_ip_addresses.0": "10.0.1.25",
                            "resource_group_name": "myResourceGroup",
                            "tags.%": "1",
                            "tags.environment": "Terraform Demo"
                        },
                        "meta": {},
                        "tainted": false
                    },
                    "deposed": [],
                    "provider": "provider.azurerm"
                },
                "azurerm_network_interface.myterraformnic.22": {
                    "type": "azurerm_network_interface",
                    "depends_on": [
                        "azurerm_network_security_group.myterraformnsg",
                        "azurerm_public_ip.myterraformpublicip.*",
                        "azurerm_resource_group.myterraformgroup",
                        "azurerm_subnet.myterraformsubnet"
                    ],
                    "primary": {
                        "id": "/subscriptions/3abd0dd5-602a-4620-b1f8-d53bf2a6dbad/resourceGroups/myResourceGroup/providers/Microsoft.Network/networkInterfaces/myNIC-22",
                        "attributes": {
                            "applied_dns_servers.#": "0",
                            "dns_servers.#": "0",
                            "enable_accelerated_networking": "false",
                            "enable_ip_forwarding": "false",
                            "id": "/subscriptions/3abd0dd5-602a-4620-b1f8-d53bf2a6dbad/resourceGroups/myResourceGroup/providers/Microsoft.Network/networkInterfaces/myNIC-22",
                            "internal_dns_name_label": "",
                            "internal_fqdn": "",
                            "ip_configuration.#": "1",
                            "ip_configuration.0.application_gateway_backend_address_pools_ids.#": "0",
                            "ip_configuration.0.application_security_group_ids.#": "0",
                            "ip_configuration.0.load_balancer_backend_address_pools_ids.#": "0",
                            "ip_configuration.0.load_balancer_inbound_nat_rules_ids.#": "0",
                            "ip_configuration.0.name": "myNicConfiguration",
                            "ip_configuration.0.primary": "true",
                            "ip_configuration.0.private_ip_address": "",
                            "ip_configuration.0.private_ip_address_allocation": "dynamic",
                            "ip_configuration.0.public_ip_address_id": "/subscriptions/3abd0dd5-602a-4620-b1f8-d53bf2a6dbad/resourceGroups/myResourceGroup/providers/Microsoft.Network/publicIPAddresses/myPublicIP-22-moshe",
                            "ip_configuration.0.subnet_id": "/subscriptions/3abd0dd5-602a-4620-b1f8-d53bf2a6dbad/resourceGroups/myResourceGroup/providers/Microsoft.Network/virtualNetworks/myVnet/subnets/mySubnet",
                            "location": "eastus",
                            "mac_address": "",
                            "name": "myNIC-22",
                            "network_security_group_id": "/subscriptions/3abd0dd5-602a-4620-b1f8-d53bf2a6dbad/resourceGroups/myResourceGroup/providers/Microsoft.Network/networkSecurityGroups/myNetworkSecurityGroup",
                            "private_ip_address": "10.0.1.23",
                            "private_ip_addresses.#": "1",
                            "private_ip_addresses.0": "10.0.1.23",
                            "resource_group_name": "myResourceGroup",
                            "tags.%": "1",
                            "tags.environment": "Terraform Demo"
                        },
                        "meta": {},
                        "tainted": false
                    },
                    "deposed": [],
                    "provider": "provider.azurerm"
                },
                "azurerm_network_interface.myterraformnic.23": {
                    "type": "azurerm_network_interface",
                    "depends_on": [
                        "azurerm_network_security_group.myterraformnsg",
                        "azurerm_public_ip.myterraformpublicip.*",
                        "azurerm_resource_group.myterraformgroup",
                        "azurerm_subnet.myterraformsubnet"
                    ],
                    "primary": {
                        "id": "/subscriptions/3abd0dd5-602a-4620-b1f8-d53bf2a6dbad/resourceGroups/myResourceGroup/providers/Microsoft.Network/networkInterfaces/myNIC-23",
                        "attributes": {
                            "applied_dns_servers.#": "0",
                            "dns_servers.#": "0",
                            "enable_accelerated_networking": "false",
                            "enable_ip_forwarding": "false",
                            "id": "/subscriptions/3abd0dd5-602a-4620-b1f8-d53bf2a6dbad/resourceGroups/myResourceGroup/providers/Microsoft.Network/networkInterfaces/myNIC-23",
                            "internal_dns_name_label": "",
                            "internal_fqdn": "",
                            "ip_configuration.#": "1",
                            "ip_configuration.0.application_gateway_backend_address_pools_ids.#": "0",
                            "ip_configuration.0.application_security_group_ids.#": "0",
                            "ip_configuration.0.load_balancer_backend_address_pools_ids.#": "0",
                            "ip_configuration.0.load_balancer_inbound_nat_rules_ids.#": "0",
                            "ip_configuration.0.name": "myNicConfiguration",
                            "ip_configuration.0.primary": "true",
                            "ip_configuration.0.private_ip_address": "",
                            "ip_configuration.0.private_ip_address_allocation": "dynamic",
                            "ip_configuration.0.public_ip_address_id": "/subscriptions/3abd0dd5-602a-4620-b1f8-d53bf2a6dbad/resourceGroups/myResourceGroup/providers/Microsoft.Network/publicIPAddresses/myPublicIP-23-moshe",
                            "ip_configuration.0.subnet_id": "/subscriptions/3abd0dd5-602a-4620-b1f8-d53bf2a6dbad/resourceGroups/myResourceGroup/providers/Microsoft.Network/virtualNetworks/myVnet/subnets/mySubnet",
                            "location": "eastus",
                            "mac_address": "",
                            "name": "myNIC-23",
                            "network_security_group_id": "/subscriptions/3abd0dd5-602a-4620-b1f8-d53bf2a6dbad/resourceGroups/myResourceGroup/providers/Microsoft.Network/networkSecurityGroups/myNetworkSecurityGroup",
                            "private_ip_address": "10.0.1.24",
                            "private_ip_addresses.#": "1",
                            "private_ip_addresses.0": "10.0.1.24",
                            "resource_group_name": "myResourceGroup",
                            "tags.%": "1",
                            "tags.environment": "Terraform Demo"
                        },
                        "meta": {},
                        "tainted": false
                    },
                    "deposed": [],
                    "provider": "provider.azurerm"
                },
                "azurerm_network_interface.myterraformnic.24": {
                    "type": "azurerm_network_interface",
                    "depends_on": [
                        "azurerm_network_security_group.myterraformnsg",
                        "azurerm_public_ip.myterraformpublicip.*",
                        "azurerm_resource_group.myterraformgroup",
                        "azurerm_subnet.myterraformsubnet"
                    ],
                    "primary": {
                        "id": "/subscriptions/3abd0dd5-602a-4620-b1f8-d53bf2a6dbad/resourceGroups/myResourceGroup/providers/Microsoft.Network/networkInterfaces/myNIC-24",
                        "attributes": {
                            "applied_dns_servers.#": "0",
                            "dns_servers.#": "0",
                            "enable_accelerated_networking": "false",
                            "enable_ip_forwarding": "false",
                            "id": "/subscriptions/3abd0dd5-602a-4620-b1f8-d53bf2a6dbad/resourceGroups/myResourceGroup/providers/Microsoft.Network/networkInterfaces/myNIC-24",
                            "internal_dns_name_label": "",
                            "internal_fqdn": "",
                            "ip_configuration.#": "1",
                            "ip_configuration.0.application_gateway_backend_address_pools_ids.#": "0",
                            "ip_configuration.0.application_security_group_ids.#": "0",
                            "ip_configuration.0.load_balancer_backend_address_pools_ids.#": "0",
                            "ip_configuration.0.load_balancer_inbound_nat_rules_ids.#": "0",
                            "ip_configuration.0.name": "myNicConfiguration",
                            "ip_configuration.0.primary": "true",
                            "ip_configuration.0.private_ip_address": "",
                            "ip_configuration.0.private_ip_address_allocation": "dynamic",
                            "ip_configuration.0.public_ip_address_id": "/subscriptions/3abd0dd5-602a-4620-b1f8-d53bf2a6dbad/resourceGroups/myResourceGroup/providers/Microsoft.Network/publicIPAddresses/myPublicIP-24-moshe",
                            "ip_configuration.0.subnet_id": "/subscriptions/3abd0dd5-602a-4620-b1f8-d53bf2a6dbad/resourceGroups/myResourceGroup/providers/Microsoft.Network/virtualNetworks/myVnet/subnets/mySubnet",
                            "location": "eastus",
                            "mac_address": "",
                            "name": "myNIC-24",
                            "network_security_group_id": "/subscriptions/3abd0dd5-602a-4620-b1f8-d53bf2a6dbad/resourceGroups/myResourceGroup/providers/Microsoft.Network/networkSecurityGroups/myNetworkSecurityGroup",
                            "private_ip_address": "10.0.1.17",
                            "private_ip_addresses.#": "1",
                            "private_ip_addresses.0": "10.0.1.17",
                            "resource_group_name": "myResourceGroup",
                            "tags.%": "1",
                            "tags.environment": "Terraform Demo"
                        },
                        "meta": {},
                        "tainted": false
                    },
                    "deposed": [],
                    "provider": "provider.azurerm"
                },
                "azurerm_network_interface.myterraformnic.3": {
                    "type": "azurerm_network_interface",
                    "depends_on": [
                        "azurerm_network_security_group.myterraformnsg",
                        "azurerm_public_ip.myterraformpublicip.*",
                        "azurerm_resource_group.myterraformgroup",
                        "azurerm_subnet.myterraformsubnet"
                    ],
                    "primary": {
                        "id": "/subscriptions/3abd0dd5-602a-4620-b1f8-d53bf2a6dbad/resourceGroups/myResourceGroup/providers/Microsoft.Network/networkInterfaces/myNIC-3",
                        "attributes": {
                            "applied_dns_servers.#": "0",
                            "dns_servers.#": "0",
                            "enable_accelerated_networking": "false",
                            "enable_ip_forwarding": "false",
                            "id": "/subscriptions/3abd0dd5-602a-4620-b1f8-d53bf2a6dbad/resourceGroups/myResourceGroup/providers/Microsoft.Network/networkInterfaces/myNIC-3",
                            "internal_dns_name_label": "",
                            "internal_fqdn": "",
                            "ip_configuration.#": "1",
                            "ip_configuration.0.application_gateway_backend_address_pools_ids.#": "0",
                            "ip_configuration.0.application_security_group_ids.#": "0",
                            "ip_configuration.0.load_balancer_backend_address_pools_ids.#": "0",
                            "ip_configuration.0.load_balancer_inbound_nat_rules_ids.#": "0",
                            "ip_configuration.0.name": "myNicConfiguration",
                            "ip_configuration.0.primary": "true",
                            "ip_configuration.0.private_ip_address": "",
                            "ip_configuration.0.private_ip_address_allocation": "dynamic",
                            "ip_configuration.0.public_ip_address_id": "/subscriptions/3abd0dd5-602a-4620-b1f8-d53bf2a6dbad/resourceGroups/myResourceGroup/providers/Microsoft.Network/publicIPAddresses/myPublicIP-3-moshe",
                            "ip_configuration.0.subnet_id": "/subscriptions/3abd0dd5-602a-4620-b1f8-d53bf2a6dbad/resourceGroups/myResourceGroup/providers/Microsoft.Network/virtualNetworks/myVnet/subnets/mySubnet",
                            "location": "eastus",
                            "mac_address": "00-0D-3A-1C-AE-70",
                            "name": "myNIC-3",
                            "network_security_group_id": "/subscriptions/3abd0dd5-602a-4620-b1f8-d53bf2a6dbad/resourceGroups/myResourceGroup/providers/Microsoft.Network/networkSecurityGroups/myNetworkSecurityGroup",
                            "private_ip_address": "10.0.1.10",
                            "private_ip_addresses.#": "1",
                            "private_ip_addresses.0": "10.0.1.10",
                            "resource_group_name": "myResourceGroup",
                            "tags.%": "1",
                            "tags.environment": "Terraform Demo",
                            "virtual_machine_id": "/subscriptions/3abd0dd5-602a-4620-b1f8-d53bf2a6dbad/resourceGroups/myResourceGroup/providers/Microsoft.Compute/virtualMachines/myVM-3"
                        },
                        "meta": {},
                        "tainted": false
                    },
                    "deposed": [],
                    "provider": "provider.azurerm"
                },
                "azurerm_network_interface.myterraformnic.4": {
                    "type": "azurerm_network_interface",
                    "depends_on": [
                        "azurerm_network_security_group.myterraformnsg",
                        "azurerm_public_ip.myterraformpublicip.*",
                        "azurerm_resource_group.myterraformgroup",
                        "azurerm_subnet.myterraformsubnet"
                    ],
                    "primary": {
                        "id": "/subscriptions/3abd0dd5-602a-4620-b1f8-d53bf2a6dbad/resourceGroups/myResourceGroup/providers/Microsoft.Network/networkInterfaces/myNIC-4",
                        "attributes": {
                            "applied_dns_servers.#": "0",
                            "dns_servers.#": "0",
                            "enable_accelerated_networking": "false",
                            "enable_ip_forwarding": "false",
                            "id": "/subscriptions/3abd0dd5-602a-4620-b1f8-d53bf2a6dbad/resourceGroups/myResourceGroup/providers/Microsoft.Network/networkInterfaces/myNIC-4",
                            "internal_dns_name_label": "",
                            "internal_fqdn": "",
                            "ip_configuration.#": "1",
                            "ip_configuration.0.application_gateway_backend_address_pools_ids.#": "0",
                            "ip_configuration.0.application_security_group_ids.#": "0",
                            "ip_configuration.0.load_balancer_backend_address_pools_ids.#": "0",
                            "ip_configuration.0.load_balancer_inbound_nat_rules_ids.#": "0",
                            "ip_configuration.0.name": "myNicConfiguration",
                            "ip_configuration.0.primary": "true",
                            "ip_configuration.0.private_ip_address": "",
                            "ip_configuration.0.private_ip_address_allocation": "dynamic",
                            "ip_configuration.0.public_ip_address_id": "/subscriptions/3abd0dd5-602a-4620-b1f8-d53bf2a6dbad/resourceGroups/myResourceGroup/providers/Microsoft.Network/publicIPAddresses/myPublicIP-4-moshe",
                            "ip_configuration.0.subnet_id": "/subscriptions/3abd0dd5-602a-4620-b1f8-d53bf2a6dbad/resourceGroups/myResourceGroup/providers/Microsoft.Network/virtualNetworks/myVnet/subnets/mySubnet",
                            "location": "eastus",
                            "mac_address": "00-0D-3A-1C-AF-6A",
                            "name": "myNIC-4",
                            "network_security_group_id": "/subscriptions/3abd0dd5-602a-4620-b1f8-d53bf2a6dbad/resourceGroups/myResourceGroup/providers/Microsoft.Network/networkSecurityGroups/myNetworkSecurityGroup",
                            "private_ip_address": "10.0.1.8",
                            "private_ip_addresses.#": "1",
                            "private_ip_addresses.0": "10.0.1.8",
                            "resource_group_name": "myResourceGroup",
                            "tags.%": "1",
                            "tags.environment": "Terraform Demo",
                            "virtual_machine_id": "/subscriptions/3abd0dd5-602a-4620-b1f8-d53bf2a6dbad/resourceGroups/myResourceGroup/providers/Microsoft.Compute/virtualMachines/myVM-4"
                        },
                        "meta": {},
                        "tainted": false
                    },
                    "deposed": [],
                    "provider": "provider.azurerm"
                },
                "azurerm_network_interface.myterraformnic.5": {
                    "type": "azurerm_network_interface",
                    "depends_on": [
                        "azurerm_network_security_group.myterraformnsg",
                        "azurerm_public_ip.myterraformpublicip.*",
                        "azurerm_resource_group.myterraformgroup",
                        "azurerm_subnet.myterraformsubnet"
                    ],
                    "primary": {
                        "id": "/subscriptions/3abd0dd5-602a-4620-b1f8-d53bf2a6dbad/resourceGroups/myResourceGroup/providers/Microsoft.Network/networkInterfaces/myNIC-5",
                        "attributes": {
                            "applied_dns_servers.#": "0",
                            "dns_servers.#": "0",
                            "enable_accelerated_networking": "false",
                            "enable_ip_forwarding": "false",
                            "id": "/subscriptions/3abd0dd5-602a-4620-b1f8-d53bf2a6dbad/resourceGroups/myResourceGroup/providers/Microsoft.Network/networkInterfaces/myNIC-5",
                            "internal_dns_name_label": "",
                            "internal_fqdn": "",
                            "ip_configuration.#": "1",
                            "ip_configuration.0.application_gateway_backend_address_pools_ids.#": "0",
                            "ip_configuration.0.application_security_group_ids.#": "0",
                            "ip_configuration.0.load_balancer_backend_address_pools_ids.#": "0",
                            "ip_configuration.0.load_balancer_inbound_nat_rules_ids.#": "0",
                            "ip_configuration.0.name": "myNicConfiguration",
                            "ip_configuration.0.primary": "true",
                            "ip_configuration.0.private_ip_address": "",
                            "ip_configuration.0.private_ip_address_allocation": "dynamic",
                            "ip_configuration.0.public_ip_address_id": "/subscriptions/3abd0dd5-602a-4620-b1f8-d53bf2a6dbad/resourceGroups/myResourceGroup/providers/Microsoft.Network/publicIPAddresses/myPublicIP-5-moshe",
                            "ip_configuration.0.subnet_id": "/subscriptions/3abd0dd5-602a-4620-b1f8-d53bf2a6dbad/resourceGroups/myResourceGroup/providers/Microsoft.Network/virtualNetworks/myVnet/subnets/mySubnet",
                            "location": "eastus",
                            "mac_address": "00-0D-3A-1C-A8-4E",
                            "name": "myNIC-5",
                            "network_security_group_id": "/subscriptions/3abd0dd5-602a-4620-b1f8-d53bf2a6dbad/resourceGroups/myResourceGroup/providers/Microsoft.Network/networkSecurityGroups/myNetworkSecurityGroup",
                            "private_ip_address": "10.0.1.11",
                            "private_ip_addresses.#": "1",
                            "private_ip_addresses.0": "10.0.1.11",
                            "resource_group_name": "myResourceGroup",
                            "tags.%": "1",
                            "tags.environment": "Terraform Demo",
                            "virtual_machine_id": "/subscriptions/3abd0dd5-602a-4620-b1f8-d53bf2a6dbad/resourceGroups/myResourceGroup/providers/Microsoft.Compute/virtualMachines/myVM-5"
                        },
                        "meta": {},
                        "tainted": false
                    },
                    "deposed": [],
                    "provider": "provider.azurerm"
                },
                "azurerm_network_interface.myterraformnic.6": {
                    "type": "azurerm_network_interface",
                    "depends_on": [
                        "azurerm_network_security_group.myterraformnsg",
                        "azurerm_public_ip.myterraformpublicip.*",
                        "azurerm_resource_group.myterraformgroup",
                        "azurerm_subnet.myterraformsubnet"
                    ],
                    "primary": {
                        "id": "/subscriptions/3abd0dd5-602a-4620-b1f8-d53bf2a6dbad/resourceGroups/myResourceGroup/providers/Microsoft.Network/networkInterfaces/myNIC-6",
                        "attributes": {
                            "applied_dns_servers.#": "0",
                            "dns_servers.#": "0",
                            "enable_accelerated_networking": "false",
                            "enable_ip_forwarding": "false",
                            "id": "/subscriptions/3abd0dd5-602a-4620-b1f8-d53bf2a6dbad/resourceGroups/myResourceGroup/providers/Microsoft.Network/networkInterfaces/myNIC-6",
                            "internal_dns_name_label": "",
                            "internal_fqdn": "",
                            "ip_configuration.#": "1",
                            "ip_configuration.0.application_gateway_backend_address_pools_ids.#": "0",
                            "ip_configuration.0.application_security_group_ids.#": "0",
                            "ip_configuration.0.load_balancer_backend_address_pools_ids.#": "0",
                            "ip_configuration.0.load_balancer_inbound_nat_rules_ids.#": "0",
                            "ip_configuration.0.name": "myNicConfiguration",
                            "ip_configuration.0.primary": "true",
                            "ip_configuration.0.private_ip_address": "",
                            "ip_configuration.0.private_ip_address_allocation": "dynamic",
                            "ip_configuration.0.public_ip_address_id": "/subscriptions/3abd0dd5-602a-4620-b1f8-d53bf2a6dbad/resourceGroups/myResourceGroup/providers/Microsoft.Network/publicIPAddresses/myPublicIP-6-moshe",
                            "ip_configuration.0.subnet_id": "/subscriptions/3abd0dd5-602a-4620-b1f8-d53bf2a6dbad/resourceGroups/myResourceGroup/providers/Microsoft.Network/virtualNetworks/myVnet/subnets/mySubnet",
                            "location": "eastus",
                            "mac_address": "00-0D-3A-1C-AD-F3",
                            "name": "myNIC-6",
                            "network_security_group_id": "/subscriptions/3abd0dd5-602a-4620-b1f8-d53bf2a6dbad/resourceGroups/myResourceGroup/providers/Microsoft.Network/networkSecurityGroups/myNetworkSecurityGroup",
                            "private_ip_address": "10.0.1.9",
                            "private_ip_addresses.#": "1",
                            "private_ip_addresses.0": "10.0.1.9",
                            "resource_group_name": "myResourceGroup",
                            "tags.%": "1",
                            "tags.environment": "Terraform Demo",
                            "virtual_machine_id": "/subscriptions/3abd0dd5-602a-4620-b1f8-d53bf2a6dbad/resourceGroups/myResourceGroup/providers/Microsoft.Compute/virtualMachines/myVM-6"
                        },
                        "meta": {},
                        "tainted": false
                    },
                    "deposed": [],
                    "provider": "provider.azurerm"
                },
                "azurerm_network_interface.myterraformnic.7": {
                    "type": "azurerm_network_interface",
                    "depends_on": [
                        "azurerm_network_security_group.myterraformnsg",
                        "azurerm_public_ip.myterraformpublicip.*",
                        "azurerm_resource_group.myterraformgroup",
                        "azurerm_subnet.myterraformsubnet"
                    ],
                    "primary": {
                        "id": "/subscriptions/3abd0dd5-602a-4620-b1f8-d53bf2a6dbad/resourceGroups/myResourceGroup/providers/Microsoft.Network/networkInterfaces/myNIC-7",
                        "attributes": {
                            "applied_dns_servers.#": "0",
                            "dns_servers.#": "0",
                            "enable_accelerated_networking": "false",
                            "enable_ip_forwarding": "false",
                            "id": "/subscriptions/3abd0dd5-602a-4620-b1f8-d53bf2a6dbad/resourceGroups/myResourceGroup/providers/Microsoft.Network/networkInterfaces/myNIC-7",
                            "internal_dns_name_label": "",
                            "internal_fqdn": "",
                            "ip_configuration.#": "1",
                            "ip_configuration.0.application_gateway_backend_address_pools_ids.#": "0",
                            "ip_configuration.0.application_security_group_ids.#": "0",
                            "ip_configuration.0.load_balancer_backend_address_pools_ids.#": "0",
                            "ip_configuration.0.load_balancer_inbound_nat_rules_ids.#": "0",
                            "ip_configuration.0.name": "myNicConfiguration",
                            "ip_configuration.0.primary": "true",
                            "ip_configuration.0.private_ip_address": "",
                            "ip_configuration.0.private_ip_address_allocation": "dynamic",
                            "ip_configuration.0.public_ip_address_id": "/subscriptions/3abd0dd5-602a-4620-b1f8-d53bf2a6dbad/resourceGroups/myResourceGroup/providers/Microsoft.Network/publicIPAddresses/myPublicIP-7-moshe",
                            "ip_configuration.0.subnet_id": "/subscriptions/3abd0dd5-602a-4620-b1f8-d53bf2a6dbad/resourceGroups/myResourceGroup/providers/Microsoft.Network/virtualNetworks/myVnet/subnets/mySubnet",
                            "location": "eastus",
                            "mac_address": "00-0D-3A-1C-AD-32",
                            "name": "myNIC-7",
                            "network_security_group_id": "/subscriptions/3abd0dd5-602a-4620-b1f8-d53bf2a6dbad/resourceGroups/myResourceGroup/providers/Microsoft.Network/networkSecurityGroups/myNetworkSecurityGroup",
                            "private_ip_address": "10.0.1.12",
                            "private_ip_addresses.#": "1",
                            "private_ip_addresses.0": "10.0.1.12",
                            "resource_group_name": "myResourceGroup",
                            "tags.%": "1",
                            "tags.environment": "Terraform Demo",
                            "virtual_machine_id": "/subscriptions/3abd0dd5-602a-4620-b1f8-d53bf2a6dbad/resourceGroups/myResourceGroup/providers/Microsoft.Compute/virtualMachines/myVM-7"
                        },
                        "meta": {},
                        "tainted": false
                    },
                    "deposed": [],
                    "provider": "provider.azurerm"
                },
                "azurerm_network_interface.myterraformnic.8": {
                    "type": "azurerm_network_interface",
                    "depends_on": [
                        "azurerm_network_security_group.myterraformnsg",
                        "azurerm_public_ip.myterraformpublicip.*",
                        "azurerm_resource_group.myterraformgroup",
                        "azurerm_subnet.myterraformsubnet"
                    ],
                    "primary": {
                        "id": "/subscriptions/3abd0dd5-602a-4620-b1f8-d53bf2a6dbad/resourceGroups/myResourceGroup/providers/Microsoft.Network/networkInterfaces/myNIC-8",
                        "attributes": {
                            "applied_dns_servers.#": "0",
                            "dns_servers.#": "0",
                            "enable_accelerated_networking": "false",
                            "enable_ip_forwarding": "false",
                            "id": "/subscriptions/3abd0dd5-602a-4620-b1f8-d53bf2a6dbad/resourceGroups/myResourceGroup/providers/Microsoft.Network/networkInterfaces/myNIC-8",
                            "internal_dns_name_label": "",
                            "internal_fqdn": "",
                            "ip_configuration.#": "1",
                            "ip_configuration.0.application_gateway_backend_address_pools_ids.#": "0",
                            "ip_configuration.0.application_security_group_ids.#": "0",
                            "ip_configuration.0.load_balancer_backend_address_pools_ids.#": "0",
                            "ip_configuration.0.load_balancer_inbound_nat_rules_ids.#": "0",
                            "ip_configuration.0.name": "myNicConfiguration",
                            "ip_configuration.0.primary": "true",
                            "ip_configuration.0.private_ip_address": "",
                            "ip_configuration.0.private_ip_address_allocation": "dynamic",
                            "ip_configuration.0.public_ip_address_id": "/subscriptions/3abd0dd5-602a-4620-b1f8-d53bf2a6dbad/resourceGroups/myResourceGroup/providers/Microsoft.Network/publicIPAddresses/myPublicIP-8-moshe",
                            "ip_configuration.0.subnet_id": "/subscriptions/3abd0dd5-602a-4620-b1f8-d53bf2a6dbad/resourceGroups/myResourceGroup/providers/Microsoft.Network/virtualNetworks/myVnet/subnets/mySubnet",
                            "location": "eastus",
                            "mac_address": "00-0D-3A-1C-08-75",
                            "name": "myNIC-8",
                            "network_security_group_id": "/subscriptions/3abd0dd5-602a-4620-b1f8-d53bf2a6dbad/resourceGroups/myResourceGroup/providers/Microsoft.Network/networkSecurityGroups/myNetworkSecurityGroup",
                            "private_ip_address": "10.0.1.7",
                            "private_ip_addresses.#": "1",
                            "private_ip_addresses.0": "10.0.1.7",
                            "resource_group_name": "myResourceGroup",
                            "tags.%": "1",
                            "tags.environment": "Terraform Demo",
                            "virtual_machine_id": "/subscriptions/3abd0dd5-602a-4620-b1f8-d53bf2a6dbad/resourceGroups/myResourceGroup/providers/Microsoft.Compute/virtualMachines/myVM-8"
                        },
                        "meta": {},
                        "tainted": false
                    },
                    "deposed": [],
                    "provider": "provider.azurerm"
                },
                "azurerm_network_interface.myterraformnic.9": {
                    "type": "azurerm_network_interface",
                    "depends_on": [
                        "azurerm_network_security_group.myterraformnsg",
                        "azurerm_public_ip.myterraformpublicip.*",
                        "azurerm_resource_group.myterraformgroup",
                        "azurerm_subnet.myterraformsubnet"
                    ],
                    "primary": {
                        "id": "/subscriptions/3abd0dd5-602a-4620-b1f8-d53bf2a6dbad/resourceGroups/myResourceGroup/providers/Microsoft.Network/networkInterfaces/myNIC-9",
                        "attributes": {
                            "applied_dns_servers.#": "0",
                            "dns_servers.#": "0",
                            "enable_accelerated_networking": "false",
                            "enable_ip_forwarding": "false",
                            "id": "/subscriptions/3abd0dd5-602a-4620-b1f8-d53bf2a6dbad/resourceGroups/myResourceGroup/providers/Microsoft.Network/networkInterfaces/myNIC-9",
                            "internal_dns_name_label": "",
                            "internal_fqdn": "",
                            "ip_configuration.#": "1",
                            "ip_configuration.0.application_gateway_backend_address_pools_ids.#": "0",
                            "ip_configuration.0.application_security_group_ids.#": "0",
                            "ip_configuration.0.load_balancer_backend_address_pools_ids.#": "0",
                            "ip_configuration.0.load_balancer_inbound_nat_rules_ids.#": "0",
                            "ip_configuration.0.name": "myNicConfiguration",
                            "ip_configuration.0.primary": "true",
                            "ip_configuration.0.private_ip_address": "",
                            "ip_configuration.0.private_ip_address_allocation": "dynamic",
                            "ip_configuration.0.public_ip_address_id": "/subscriptions/3abd0dd5-602a-4620-b1f8-d53bf2a6dbad/resourceGroups/myResourceGroup/providers/Microsoft.Network/publicIPAddresses/myPublicIP-9-moshe",
                            "ip_configuration.0.subnet_id": "/subscriptions/3abd0dd5-602a-4620-b1f8-d53bf2a6dbad/resourceGroups/myResourceGroup/providers/Microsoft.Network/virtualNetworks/myVnet/subnets/mySubnet",
                            "location": "eastus",
                            "mac_address": "00-0D-3A-1C-AD-27",
                            "name": "myNIC-9",
                            "network_security_group_id": "/subscriptions/3abd0dd5-602a-4620-b1f8-d53bf2a6dbad/resourceGroups/myResourceGroup/providers/Microsoft.Network/networkSecurityGroups/myNetworkSecurityGroup",
                            "private_ip_address": "10.0.1.6",
                            "private_ip_addresses.#": "1",
                            "private_ip_addresses.0": "10.0.1.6",
                            "resource_group_name": "myResourceGroup",
                            "tags.%": "1",
                            "tags.environment": "Terraform Demo",
                            "virtual_machine_id": "/subscriptions/3abd0dd5-602a-4620-b1f8-d53bf2a6dbad/resourceGroups/myResourceGroup/providers/Microsoft.Compute/virtualMachines/myVM-9"
                        },
                        "meta": {},
                        "tainted": false
                    },
                    "deposed": [],
                    "provider": "provider.azurerm"
                },
                "azurerm_network_security_group.myterraformnsg": {
                    "type": "azurerm_network_security_group",
                    "depends_on": [
                        "azurerm_resource_group.myterraformgroup"
                    ],
                    "primary": {
                        "id": "/subscriptions/3abd0dd5-602a-4620-b1f8-d53bf2a6dbad/resourceGroups/myResourceGroup/providers/Microsoft.Network/networkSecurityGroups/myNetworkSecurityGroup",
                        "attributes": {
                            "id": "/subscriptions/3abd0dd5-602a-4620-b1f8-d53bf2a6dbad/resourceGroups/myResourceGroup/providers/Microsoft.Network/networkSecurityGroups/myNetworkSecurityGroup",
                            "location": "eastus",
                            "name": "myNetworkSecurityGroup",
                            "resource_group_name": "myResourceGroup",
                            "security_rule.#": "1",
                            "security_rule.2090309246.access": "Allow",
                            "security_rule.2090309246.description": "",
                            "security_rule.2090309246.destination_address_prefix": "*",
                            "security_rule.2090309246.destination_address_prefixes.#": "0",
                            "security_rule.2090309246.destination_application_security_group_ids.#": "0",
                            "security_rule.2090309246.destination_port_range": "22",
                            "security_rule.2090309246.destination_port_ranges.#": "0",
                            "security_rule.2090309246.direction": "Inbound",
                            "security_rule.2090309246.name": "SSH",
                            "security_rule.2090309246.priority": "1001",
                            "security_rule.2090309246.protocol": "Tcp",
                            "security_rule.2090309246.source_address_prefix": "*",
                            "security_rule.2090309246.source_address_prefixes.#": "0",
                            "security_rule.2090309246.source_application_security_group_ids.#": "0",
                            "security_rule.2090309246.source_port_range": "*",
                            "security_rule.2090309246.source_port_ranges.#": "0",
                            "tags.%": "1",
                            "tags.environment": "Terraform Demo"
                        },
                        "meta": {},
                        "tainted": false
                    },
                    "deposed": [],
                    "provider": "provider.azurerm"
                },
                "azurerm_public_ip.myterraformpublicip.0": {
                    "type": "azurerm_public_ip",
                    "depends_on": [
                        "azurerm_resource_group.myterraformgroup"
                    ],
                    "primary": {
                        "id": "/subscriptions/3abd0dd5-602a-4620-b1f8-d53bf2a6dbad/resourceGroups/myResourceGroup/providers/Microsoft.Network/publicIPAddresses/myPublicIP-0-moshe",
                        "attributes": {
                            "id": "/subscriptions/3abd0dd5-602a-4620-b1f8-d53bf2a6dbad/resourceGroups/myResourceGroup/providers/Microsoft.Network/publicIPAddresses/myPublicIP-0-moshe",
                            "idle_timeout_in_minutes": "4",
                            "ip_address": "",
                            "ip_version": "IPv4",
                            "location": "eastus",
                            "name": "myPublicIP-0-moshe",
                            "public_ip_address_allocation": "Dynamic",
                            "resource_group_name": "myResourceGroup",
                            "sku": "Basic",
                            "tags.%": "1",
                            "tags.environment": "Terraform Demo",
                            "zones.#": "0"
                        },
                        "meta": {},
                        "tainted": false
                    },
                    "deposed": [],
                    "provider": "provider.azurerm"
                },
                "azurerm_public_ip.myterraformpublicip.1": {
                    "type": "azurerm_public_ip",
                    "depends_on": [
                        "azurerm_resource_group.myterraformgroup"
                    ],
                    "primary": {
                        "id": "/subscriptions/3abd0dd5-602a-4620-b1f8-d53bf2a6dbad/resourceGroups/myResourceGroup/providers/Microsoft.Network/publicIPAddresses/myPublicIP-1-moshe",
                        "attributes": {
                            "id": "/subscriptions/3abd0dd5-602a-4620-b1f8-d53bf2a6dbad/resourceGroups/myResourceGroup/providers/Microsoft.Network/publicIPAddresses/myPublicIP-1-moshe",
                            "idle_timeout_in_minutes": "4",
                            "ip_address": "",
                            "ip_version": "IPv4",
                            "location": "eastus",
                            "name": "myPublicIP-1-moshe",
                            "public_ip_address_allocation": "Dynamic",
                            "resource_group_name": "myResourceGroup",
                            "sku": "Basic",
                            "tags.%": "1",
                            "tags.environment": "Terraform Demo",
                            "zones.#": "0"
                        },
                        "meta": {},
                        "tainted": false
                    },
                    "deposed": [],
                    "provider": "provider.azurerm"
                },
                "azurerm_public_ip.myterraformpublicip.10": {
                    "type": "azurerm_public_ip",
                    "depends_on": [
                        "azurerm_resource_group.myterraformgroup"
                    ],
                    "primary": {
                        "id": "/subscriptions/3abd0dd5-602a-4620-b1f8-d53bf2a6dbad/resourceGroups/myResourceGroup/providers/Microsoft.Network/publicIPAddresses/myPublicIP-10-moshe",
                        "attributes": {
                            "id": "/subscriptions/3abd0dd5-602a-4620-b1f8-d53bf2a6dbad/resourceGroups/myResourceGroup/providers/Microsoft.Network/publicIPAddresses/myPublicIP-10-moshe",
                            "idle_timeout_in_minutes": "4",
                            "ip_address": "",
                            "ip_version": "IPv4",
                            "location": "eastus",
                            "name": "myPublicIP-10-moshe",
                            "public_ip_address_allocation": "Dynamic",
                            "resource_group_name": "myResourceGroup",
                            "sku": "Basic",
                            "tags.%": "1",
                            "tags.environment": "Terraform Demo",
                            "zones.#": "0"
                        },
                        "meta": {},
                        "tainted": false
                    },
                    "deposed": [],
                    "provider": "provider.azurerm"
                },
                "azurerm_public_ip.myterraformpublicip.11": {
                    "type": "azurerm_public_ip",
                    "depends_on": [
                        "azurerm_resource_group.myterraformgroup"
                    ],
                    "primary": {
                        "id": "/subscriptions/3abd0dd5-602a-4620-b1f8-d53bf2a6dbad/resourceGroups/myResourceGroup/providers/Microsoft.Network/publicIPAddresses/myPublicIP-11-moshe",
                        "attributes": {
                            "id": "/subscriptions/3abd0dd5-602a-4620-b1f8-d53bf2a6dbad/resourceGroups/myResourceGroup/providers/Microsoft.Network/publicIPAddresses/myPublicIP-11-moshe",
                            "idle_timeout_in_minutes": "4",
                            "ip_address": "",
                            "ip_version": "IPv4",
                            "location": "eastus",
                            "name": "myPublicIP-11-moshe",
                            "public_ip_address_allocation": "Dynamic",
                            "resource_group_name": "myResourceGroup",
                            "sku": "Basic",
                            "tags.%": "1",
                            "tags.environment": "Terraform Demo",
                            "zones.#": "0"
                        },
                        "meta": {},
                        "tainted": false
                    },
                    "deposed": [],
                    "provider": "provider.azurerm"
                },
                "azurerm_public_ip.myterraformpublicip.12": {
                    "type": "azurerm_public_ip",
                    "depends_on": [
                        "azurerm_resource_group.myterraformgroup"
                    ],
                    "primary": {
                        "id": "/subscriptions/3abd0dd5-602a-4620-b1f8-d53bf2a6dbad/resourceGroups/myResourceGroup/providers/Microsoft.Network/publicIPAddresses/myPublicIP-12-moshe",
                        "attributes": {
                            "id": "/subscriptions/3abd0dd5-602a-4620-b1f8-d53bf2a6dbad/resourceGroups/myResourceGroup/providers/Microsoft.Network/publicIPAddresses/myPublicIP-12-moshe",
                            "idle_timeout_in_minutes": "4",
                            "ip_address": "",
                            "ip_version": "IPv4",
                            "location": "eastus",
                            "name": "myPublicIP-12-moshe",
                            "public_ip_address_allocation": "Dynamic",
                            "resource_group_name": "myResourceGroup",
                            "sku": "Basic",
                            "tags.%": "1",
                            "tags.environment": "Terraform Demo",
                            "zones.#": "0"
                        },
                        "meta": {},
                        "tainted": false
                    },
                    "deposed": [],
                    "provider": "provider.azurerm"
                },
                "azurerm_public_ip.myterraformpublicip.13": {
                    "type": "azurerm_public_ip",
                    "depends_on": [
                        "azurerm_resource_group.myterraformgroup"
                    ],
                    "primary": {
                        "id": "/subscriptions/3abd0dd5-602a-4620-b1f8-d53bf2a6dbad/resourceGroups/myResourceGroup/providers/Microsoft.Network/publicIPAddresses/myPublicIP-13-moshe",
                        "attributes": {
                            "id": "/subscriptions/3abd0dd5-602a-4620-b1f8-d53bf2a6dbad/resourceGroups/myResourceGroup/providers/Microsoft.Network/publicIPAddresses/myPublicIP-13-moshe",
                            "idle_timeout_in_minutes": "4",
                            "ip_address": "",
                            "ip_version": "IPv4",
                            "location": "eastus",
                            "name": "myPublicIP-13-moshe",
                            "public_ip_address_allocation": "Dynamic",
                            "resource_group_name": "myResourceGroup",
                            "sku": "Basic",
                            "tags.%": "1",
                            "tags.environment": "Terraform Demo",
                            "zones.#": "0"
                        },
                        "meta": {},
                        "tainted": false
                    },
                    "deposed": [],
                    "provider": "provider.azurerm"
                },
                "azurerm_public_ip.myterraformpublicip.14": {
                    "type": "azurerm_public_ip",
                    "depends_on": [
                        "azurerm_resource_group.myterraformgroup"
                    ],
                    "primary": {
                        "id": "/subscriptions/3abd0dd5-602a-4620-b1f8-d53bf2a6dbad/resourceGroups/myResourceGroup/providers/Microsoft.Network/publicIPAddresses/myPublicIP-14-moshe",
                        "attributes": {
                            "id": "/subscriptions/3abd0dd5-602a-4620-b1f8-d53bf2a6dbad/resourceGroups/myResourceGroup/providers/Microsoft.Network/publicIPAddresses/myPublicIP-14-moshe",
                            "idle_timeout_in_minutes": "4",
                            "ip_address": "",
                            "ip_version": "IPv4",
                            "location": "eastus",
                            "name": "myPublicIP-14-moshe",
                            "public_ip_address_allocation": "Dynamic",
                            "resource_group_name": "myResourceGroup",
                            "sku": "Basic",
                            "tags.%": "1",
                            "tags.environment": "Terraform Demo",
                            "zones.#": "0"
                        },
                        "meta": {},
                        "tainted": false
                    },
                    "deposed": [],
                    "provider": "provider.azurerm"
                },
                "azurerm_public_ip.myterraformpublicip.15": {
                    "type": "azurerm_public_ip",
                    "depends_on": [
                        "azurerm_resource_group.myterraformgroup"
                    ],
                    "primary": {
                        "id": "/subscriptions/3abd0dd5-602a-4620-b1f8-d53bf2a6dbad/resourceGroups/myResourceGroup/providers/Microsoft.Network/publicIPAddresses/myPublicIP-15-moshe",
                        "attributes": {
                            "id": "/subscriptions/3abd0dd5-602a-4620-b1f8-d53bf2a6dbad/resourceGroups/myResourceGroup/providers/Microsoft.Network/publicIPAddresses/myPublicIP-15-moshe",
                            "idle_timeout_in_minutes": "4",
                            "ip_address": "",
                            "ip_version": "IPv4",
                            "location": "eastus",
                            "name": "myPublicIP-15-moshe",
                            "public_ip_address_allocation": "Dynamic",
                            "resource_group_name": "myResourceGroup",
                            "sku": "Basic",
                            "tags.%": "1",
                            "tags.environment": "Terraform Demo",
                            "zones.#": "0"
                        },
                        "meta": {},
                        "tainted": false
                    },
                    "deposed": [],
                    "provider": "provider.azurerm"
                },
                "azurerm_public_ip.myterraformpublicip.16": {
                    "type": "azurerm_public_ip",
                    "depends_on": [
                        "azurerm_resource_group.myterraformgroup"
                    ],
                    "primary": {
                        "id": "/subscriptions/3abd0dd5-602a-4620-b1f8-d53bf2a6dbad/resourceGroups/myResourceGroup/providers/Microsoft.Network/publicIPAddresses/myPublicIP-16-moshe",
                        "attributes": {
                            "id": "/subscriptions/3abd0dd5-602a-4620-b1f8-d53bf2a6dbad/resourceGroups/myResourceGroup/providers/Microsoft.Network/publicIPAddresses/myPublicIP-16-moshe",
                            "idle_timeout_in_minutes": "4",
                            "ip_address": "",
                            "ip_version": "IPv4",
                            "location": "eastus",
                            "name": "myPublicIP-16-moshe",
                            "public_ip_address_allocation": "Dynamic",
                            "resource_group_name": "myResourceGroup",
                            "sku": "Basic",
                            "tags.%": "1",
                            "tags.environment": "Terraform Demo",
                            "zones.#": "0"
                        },
                        "meta": {},
                        "tainted": false
                    },
                    "deposed": [],
                    "provider": "provider.azurerm"
                },
                "azurerm_public_ip.myterraformpublicip.17": {
                    "type": "azurerm_public_ip",
                    "depends_on": [
                        "azurerm_resource_group.myterraformgroup"
                    ],
                    "primary": {
                        "id": "/subscriptions/3abd0dd5-602a-4620-b1f8-d53bf2a6dbad/resourceGroups/myResourceGroup/providers/Microsoft.Network/publicIPAddresses/myPublicIP-17-moshe",
                        "attributes": {
                            "id": "/subscriptions/3abd0dd5-602a-4620-b1f8-d53bf2a6dbad/resourceGroups/myResourceGroup/providers/Microsoft.Network/publicIPAddresses/myPublicIP-17-moshe",
                            "idle_timeout_in_minutes": "4",
                            "ip_address": "",
                            "ip_version": "IPv4",
                            "location": "eastus",
                            "name": "myPublicIP-17-moshe",
                            "public_ip_address_allocation": "Dynamic",
                            "resource_group_name": "myResourceGroup",
                            "sku": "Basic",
                            "tags.%": "1",
                            "tags.environment": "Terraform Demo",
                            "zones.#": "0"
                        },
                        "meta": {},
                        "tainted": false
                    },
                    "deposed": [],
                    "provider": "provider.azurerm"
                },
                "azurerm_public_ip.myterraformpublicip.18": {
                    "type": "azurerm_public_ip",
                    "depends_on": [
                        "azurerm_resource_group.myterraformgroup"
                    ],
                    "primary": {
                        "id": "/subscriptions/3abd0dd5-602a-4620-b1f8-d53bf2a6dbad/resourceGroups/myResourceGroup/providers/Microsoft.Network/publicIPAddresses/myPublicIP-18-moshe",
                        "attributes": {
                            "id": "/subscriptions/3abd0dd5-602a-4620-b1f8-d53bf2a6dbad/resourceGroups/myResourceGroup/providers/Microsoft.Network/publicIPAddresses/myPublicIP-18-moshe",
                            "idle_timeout_in_minutes": "4",
                            "ip_address": "",
                            "ip_version": "IPv4",
                            "location": "eastus",
                            "name": "myPublicIP-18-moshe",
                            "public_ip_address_allocation": "Dynamic",
                            "resource_group_name": "myResourceGroup",
                            "sku": "Basic",
                            "tags.%": "1",
                            "tags.environment": "Terraform Demo",
                            "zones.#": "0"
                        },
                        "meta": {},
                        "tainted": false
                    },
                    "deposed": [],
                    "provider": "provider.azurerm"
                },
                "azurerm_public_ip.myterraformpublicip.19": {
                    "type": "azurerm_public_ip",
                    "depends_on": [
                        "azurerm_resource_group.myterraformgroup"
                    ],
                    "primary": {
                        "id": "/subscriptions/3abd0dd5-602a-4620-b1f8-d53bf2a6dbad/resourceGroups/myResourceGroup/providers/Microsoft.Network/publicIPAddresses/myPublicIP-19-moshe",
                        "attributes": {
                            "id": "/subscriptions/3abd0dd5-602a-4620-b1f8-d53bf2a6dbad/resourceGroups/myResourceGroup/providers/Microsoft.Network/publicIPAddresses/myPublicIP-19-moshe",
                            "idle_timeout_in_minutes": "4",
                            "ip_address": "",
                            "ip_version": "IPv4",
                            "location": "eastus",
                            "name": "myPublicIP-19-moshe",
                            "public_ip_address_allocation": "Dynamic",
                            "resource_group_name": "myResourceGroup",
                            "sku": "Basic",
                            "tags.%": "1",
                            "tags.environment": "Terraform Demo",
                            "zones.#": "0"
                        },
                        "meta": {},
                        "tainted": false
                    },
                    "deposed": [],
                    "provider": "provider.azurerm"
                },
                "azurerm_public_ip.myterraformpublicip.2": {
                    "type": "azurerm_public_ip",
                    "depends_on": [
                        "azurerm_resource_group.myterraformgroup"
                    ],
                    "primary": {
                        "id": "/subscriptions/3abd0dd5-602a-4620-b1f8-d53bf2a6dbad/resourceGroups/myResourceGroup/providers/Microsoft.Network/publicIPAddresses/myPublicIP-2-moshe",
                        "attributes": {
                            "id": "/subscriptions/3abd0dd5-602a-4620-b1f8-d53bf2a6dbad/resourceGroups/myResourceGroup/providers/Microsoft.Network/publicIPAddresses/myPublicIP-2-moshe",
                            "idle_timeout_in_minutes": "4",
                            "ip_address": "",
                            "ip_version": "IPv4",
                            "location": "eastus",
                            "name": "myPublicIP-2-moshe",
                            "public_ip_address_allocation": "Dynamic",
                            "resource_group_name": "myResourceGroup",
                            "sku": "Basic",
                            "tags.%": "1",
                            "tags.environment": "Terraform Demo",
                            "zones.#": "0"
                        },
                        "meta": {},
                        "tainted": false
                    },
                    "deposed": [],
                    "provider": "provider.azurerm"
                },
                "azurerm_public_ip.myterraformpublicip.20": {
                    "type": "azurerm_public_ip",
                    "depends_on": [
                        "azurerm_resource_group.myterraformgroup"
                    ],
                    "primary": {
                        "id": "/subscriptions/3abd0dd5-602a-4620-b1f8-d53bf2a6dbad/resourceGroups/myResourceGroup/providers/Microsoft.Network/publicIPAddresses/myPublicIP-20-moshe",
                        "attributes": {
                            "id": "/subscriptions/3abd0dd5-602a-4620-b1f8-d53bf2a6dbad/resourceGroups/myResourceGroup/providers/Microsoft.Network/publicIPAddresses/myPublicIP-20-moshe",
                            "idle_timeout_in_minutes": "4",
                            "ip_address": "",
                            "ip_version": "IPv4",
                            "location": "eastus",
                            "name": "myPublicIP-20-moshe",
                            "public_ip_address_allocation": "Dynamic",
                            "resource_group_name": "myResourceGroup",
                            "sku": "Basic",
                            "tags.%": "1",
                            "tags.environment": "Terraform Demo",
                            "zones.#": "0"
                        },
                        "meta": {},
                        "tainted": false
                    },
                    "deposed": [],
                    "provider": "provider.azurerm"
                },
                "azurerm_public_ip.myterraformpublicip.21": {
                    "type": "azurerm_public_ip",
                    "depends_on": [
                        "azurerm_resource_group.myterraformgroup"
                    ],
                    "primary": {
                        "id": "/subscriptions/3abd0dd5-602a-4620-b1f8-d53bf2a6dbad/resourceGroups/myResourceGroup/providers/Microsoft.Network/publicIPAddresses/myPublicIP-21-moshe",
                        "attributes": {
                            "id": "/subscriptions/3abd0dd5-602a-4620-b1f8-d53bf2a6dbad/resourceGroups/myResourceGroup/providers/Microsoft.Network/publicIPAddresses/myPublicIP-21-moshe",
                            "idle_timeout_in_minutes": "4",
                            "ip_address": "",
                            "ip_version": "IPv4",
                            "location": "eastus",
                            "name": "myPublicIP-21-moshe",
                            "public_ip_address_allocation": "Dynamic",
                            "resource_group_name": "myResourceGroup",
                            "sku": "Basic",
                            "tags.%": "1",
                            "tags.environment": "Terraform Demo",
                            "zones.#": "0"
                        },
                        "meta": {},
                        "tainted": false
                    },
                    "deposed": [],
                    "provider": "provider.azurerm"
                },
                "azurerm_public_ip.myterraformpublicip.22": {
                    "type": "azurerm_public_ip",
                    "depends_on": [
                        "azurerm_resource_group.myterraformgroup"
                    ],
                    "primary": {
                        "id": "/subscriptions/3abd0dd5-602a-4620-b1f8-d53bf2a6dbad/resourceGroups/myResourceGroup/providers/Microsoft.Network/publicIPAddresses/myPublicIP-22-moshe",
                        "attributes": {
                            "id": "/subscriptions/3abd0dd5-602a-4620-b1f8-d53bf2a6dbad/resourceGroups/myResourceGroup/providers/Microsoft.Network/publicIPAddresses/myPublicIP-22-moshe",
                            "idle_timeout_in_minutes": "4",
                            "ip_address": "",
                            "ip_version": "IPv4",
                            "location": "eastus",
                            "name": "myPublicIP-22-moshe",
                            "public_ip_address_allocation": "Dynamic",
                            "resource_group_name": "myResourceGroup",
                            "sku": "Basic",
                            "tags.%": "1",
                            "tags.environment": "Terraform Demo",
                            "zones.#": "0"
                        },
                        "meta": {},
                        "tainted": false
                    },
                    "deposed": [],
                    "provider": "provider.azurerm"
                },
                "azurerm_public_ip.myterraformpublicip.23": {
                    "type": "azurerm_public_ip",
                    "depends_on": [
                        "azurerm_resource_group.myterraformgroup"
                    ],
                    "primary": {
                        "id": "/subscriptions/3abd0dd5-602a-4620-b1f8-d53bf2a6dbad/resourceGroups/myResourceGroup/providers/Microsoft.Network/publicIPAddresses/myPublicIP-23-moshe",
                        "attributes": {
                            "id": "/subscriptions/3abd0dd5-602a-4620-b1f8-d53bf2a6dbad/resourceGroups/myResourceGroup/providers/Microsoft.Network/publicIPAddresses/myPublicIP-23-moshe",
                            "idle_timeout_in_minutes": "4",
                            "ip_address": "",
                            "ip_version": "IPv4",
                            "location": "eastus",
                            "name": "myPublicIP-23-moshe",
                            "public_ip_address_allocation": "Dynamic",
                            "resource_group_name": "myResourceGroup",
                            "sku": "Basic",
                            "tags.%": "1",
                            "tags.environment": "Terraform Demo",
                            "zones.#": "0"
                        },
                        "meta": {},
                        "tainted": false
                    },
                    "deposed": [],
                    "provider": "provider.azurerm"
                },
                "azurerm_public_ip.myterraformpublicip.24": {
                    "type": "azurerm_public_ip",
                    "depends_on": [
                        "azurerm_resource_group.myterraformgroup"
                    ],
                    "primary": {
                        "id": "/subscriptions/3abd0dd5-602a-4620-b1f8-d53bf2a6dbad/resourceGroups/myResourceGroup/providers/Microsoft.Network/publicIPAddresses/myPublicIP-24-moshe",
                        "attributes": {
                            "id": "/subscriptions/3abd0dd5-602a-4620-b1f8-d53bf2a6dbad/resourceGroups/myResourceGroup/providers/Microsoft.Network/publicIPAddresses/myPublicIP-24-moshe",
                            "idle_timeout_in_minutes": "4",
                            "ip_address": "",
                            "ip_version": "IPv4",
                            "location": "eastus",
                            "name": "myPublicIP-24-moshe",
                            "public_ip_address_allocation": "Dynamic",
                            "resource_group_name": "myResourceGroup",
                            "sku": "Basic",
                            "tags.%": "1",
                            "tags.environment": "Terraform Demo",
                            "zones.#": "0"
                        },
                        "meta": {},
                        "tainted": false
                    },
                    "deposed": [],
                    "provider": "provider.azurerm"
                },
                "azurerm_public_ip.myterraformpublicip.3": {
                    "type": "azurerm_public_ip",
                    "depends_on": [
                        "azurerm_resource_group.myterraformgroup"
                    ],
                    "primary": {
                        "id": "/subscriptions/3abd0dd5-602a-4620-b1f8-d53bf2a6dbad/resourceGroups/myResourceGroup/providers/Microsoft.Network/publicIPAddresses/myPublicIP-3-moshe",
                        "attributes": {
                            "id": "/subscriptions/3abd0dd5-602a-4620-b1f8-d53bf2a6dbad/resourceGroups/myResourceGroup/providers/Microsoft.Network/publicIPAddresses/myPublicIP-3-moshe",
                            "idle_timeout_in_minutes": "4",
                            "ip_address": "",
                            "ip_version": "IPv4",
                            "location": "eastus",
                            "name": "myPublicIP-3-moshe",
                            "public_ip_address_allocation": "Dynamic",
                            "resource_group_name": "myResourceGroup",
                            "sku": "Basic",
                            "tags.%": "1",
                            "tags.environment": "Terraform Demo",
                            "zones.#": "0"
                        },
                        "meta": {},
                        "tainted": false
                    },
                    "deposed": [],
                    "provider": "provider.azurerm"
                },
                "azurerm_public_ip.myterraformpublicip.4": {
                    "type": "azurerm_public_ip",
                    "depends_on": [
                        "azurerm_resource_group.myterraformgroup"
                    ],
                    "primary": {
                        "id": "/subscriptions/3abd0dd5-602a-4620-b1f8-d53bf2a6dbad/resourceGroups/myResourceGroup/providers/Microsoft.Network/publicIPAddresses/myPublicIP-4-moshe",
                        "attributes": {
                            "id": "/subscriptions/3abd0dd5-602a-4620-b1f8-d53bf2a6dbad/resourceGroups/myResourceGroup/providers/Microsoft.Network/publicIPAddresses/myPublicIP-4-moshe",
                            "idle_timeout_in_minutes": "4",
                            "ip_address": "",
                            "ip_version": "IPv4",
                            "location": "eastus",
                            "name": "myPublicIP-4-moshe",
                            "public_ip_address_allocation": "Dynamic",
                            "resource_group_name": "myResourceGroup",
                            "sku": "Basic",
                            "tags.%": "1",
                            "tags.environment": "Terraform Demo",
                            "zones.#": "0"
                        },
                        "meta": {},
                        "tainted": false
                    },
                    "deposed": [],
                    "provider": "provider.azurerm"
                },
                "azurerm_public_ip.myterraformpublicip.5": {
                    "type": "azurerm_public_ip",
                    "depends_on": [
                        "azurerm_resource_group.myterraformgroup"
                    ],
                    "primary": {
                        "id": "/subscriptions/3abd0dd5-602a-4620-b1f8-d53bf2a6dbad/resourceGroups/myResourceGroup/providers/Microsoft.Network/publicIPAddresses/myPublicIP-5-moshe",
                        "attributes": {
                            "id": "/subscriptions/3abd0dd5-602a-4620-b1f8-d53bf2a6dbad/resourceGroups/myResourceGroup/providers/Microsoft.Network/publicIPAddresses/myPublicIP-5-moshe",
                            "idle_timeout_in_minutes": "4",
                            "ip_address": "",
                            "ip_version": "IPv4",
                            "location": "eastus",
                            "name": "myPublicIP-5-moshe",
                            "public_ip_address_allocation": "Dynamic",
                            "resource_group_name": "myResourceGroup",
                            "sku": "Basic",
                            "tags.%": "1",
                            "tags.environment": "Terraform Demo",
                            "zones.#": "0"
                        },
                        "meta": {},
                        "tainted": false
                    },
                    "deposed": [],
                    "provider": "provider.azurerm"
                },
                "azurerm_public_ip.myterraformpublicip.6": {
                    "type": "azurerm_public_ip",
                    "depends_on": [
                        "azurerm_resource_group.myterraformgroup"
                    ],
                    "primary": {
                        "id": "/subscriptions/3abd0dd5-602a-4620-b1f8-d53bf2a6dbad/resourceGroups/myResourceGroup/providers/Microsoft.Network/publicIPAddresses/myPublicIP-6-moshe",
                        "attributes": {
                            "id": "/subscriptions/3abd0dd5-602a-4620-b1f8-d53bf2a6dbad/resourceGroups/myResourceGroup/providers/Microsoft.Network/publicIPAddresses/myPublicIP-6-moshe",
                            "idle_timeout_in_minutes": "4",
                            "ip_address": "",
                            "ip_version": "IPv4",
                            "location": "eastus",
                            "name": "myPublicIP-6-moshe",
                            "public_ip_address_allocation": "Dynamic",
                            "resource_group_name": "myResourceGroup",
                            "sku": "Basic",
                            "tags.%": "1",
                            "tags.environment": "Terraform Demo",
                            "zones.#": "0"
                        },
                        "meta": {},
                        "tainted": false
                    },
                    "deposed": [],
                    "provider": "provider.azurerm"
                },
                "azurerm_public_ip.myterraformpublicip.7": {
                    "type": "azurerm_public_ip",
                    "depends_on": [
                        "azurerm_resource_group.myterraformgroup"
                    ],
                    "primary": {
                        "id": "/subscriptions/3abd0dd5-602a-4620-b1f8-d53bf2a6dbad/resourceGroups/myResourceGroup/providers/Microsoft.Network/publicIPAddresses/myPublicIP-7-moshe",
                        "attributes": {
                            "id": "/subscriptions/3abd0dd5-602a-4620-b1f8-d53bf2a6dbad/resourceGroups/myResourceGroup/providers/Microsoft.Network/publicIPAddresses/myPublicIP-7-moshe",
                            "idle_timeout_in_minutes": "4",
                            "ip_address": "",
                            "ip_version": "IPv4",
                            "location": "eastus",
                            "name": "myPublicIP-7-moshe",
                            "public_ip_address_allocation": "Dynamic",
                            "resource_group_name": "myResourceGroup",
                            "sku": "Basic",
                            "tags.%": "1",
                            "tags.environment": "Terraform Demo",
                            "zones.#": "0"
                        },
                        "meta": {},
                        "tainted": false
                    },
                    "deposed": [],
                    "provider": "provider.azurerm"
                },
                "azurerm_public_ip.myterraformpublicip.8": {
                    "type": "azurerm_public_ip",
                    "depends_on": [
                        "azurerm_resource_group.myterraformgroup"
                    ],
                    "primary": {
                        "id": "/subscriptions/3abd0dd5-602a-4620-b1f8-d53bf2a6dbad/resourceGroups/myResourceGroup/providers/Microsoft.Network/publicIPAddresses/myPublicIP-8-moshe",
                        "attributes": {
                            "id": "/subscriptions/3abd0dd5-602a-4620-b1f8-d53bf2a6dbad/resourceGroups/myResourceGroup/providers/Microsoft.Network/publicIPAddresses/myPublicIP-8-moshe",
                            "idle_timeout_in_minutes": "4",
                            "ip_address": "",
                            "ip_version": "IPv4",
                            "location": "eastus",
                            "name": "myPublicIP-8-moshe",
                            "public_ip_address_allocation": "Dynamic",
                            "resource_group_name": "myResourceGroup",
                            "sku": "Basic",
                            "tags.%": "1",
                            "tags.environment": "Terraform Demo",
                            "zones.#": "0"
                        },
                        "meta": {},
                        "tainted": false
                    },
                    "deposed": [],
                    "provider": "provider.azurerm"
                },
                "azurerm_public_ip.myterraformpublicip.9": {
                    "type": "azurerm_public_ip",
                    "depends_on": [
                        "azurerm_resource_group.myterraformgroup"
                    ],
                    "primary": {
                        "id": "/subscriptions/3abd0dd5-602a-4620-b1f8-d53bf2a6dbad/resourceGroups/myResourceGroup/providers/Microsoft.Network/publicIPAddresses/myPublicIP-9-moshe",
                        "attributes": {
                            "id": "/subscriptions/3abd0dd5-602a-4620-b1f8-d53bf2a6dbad/resourceGroups/myResourceGroup/providers/Microsoft.Network/publicIPAddresses/myPublicIP-9-moshe",
                            "idle_timeout_in_minutes": "4",
                            "ip_address": "",
                            "ip_version": "IPv4",
                            "location": "eastus",
                            "name": "myPublicIP-9-moshe",
                            "public_ip_address_allocation": "Dynamic",
                            "resource_group_name": "myResourceGroup",
                            "sku": "Basic",
                            "tags.%": "1",
                            "tags.environment": "Terraform Demo",
                            "zones.#": "0"
                        },
                        "meta": {},
                        "tainted": false
                    },
                    "deposed": [],
                    "provider": "provider.azurerm"
                },
                "azurerm_resource_group.myterraformgroup": {
                    "type": "azurerm_resource_group",
                    "depends_on": [],
                    "primary": {
                        "id": "/subscriptions/3abd0dd5-602a-4620-b1f8-d53bf2a6dbad/resourceGroups/myResourceGroup",
                        "attributes": {
                            "id": "/subscriptions/3abd0dd5-602a-4620-b1f8-d53bf2a6dbad/resourceGroups/myResourceGroup",
                            "location": "eastus",
                            "name": "myResourceGroup",
                            "tags.%": "1",
                            "tags.environment": "Terraform Demo"
                        },
                        "meta": {},
                        "tainted": false
                    },
                    "deposed": [],
                    "provider": "provider.azurerm"
                },
                "azurerm_storage_account.mystorageaccount": {
                    "type": "azurerm_storage_account",
                    "depends_on": [
                        "azurerm_resource_group.myterraformgroup",
                        "random_id.randomId"
                    ],
                    "primary": {
                        "id": "/subscriptions/3abd0dd5-602a-4620-b1f8-d53bf2a6dbad/resourceGroups/myResourceGroup/providers/Microsoft.Storage/storageAccounts/diag2299d00b973a35a9",
                        "attributes": {
                            "access_tier": "",
                            "account_encryption_source": "Microsoft.Storage",
                            "account_kind": "Storage",
                            "account_replication_type": "LRS",
                            "account_tier": "Standard",
                            "account_type": "Standard_LRS",
                            "enable_blob_encryption": "true",
                            "enable_file_encryption": "true",
                            "enable_https_traffic_only": "false",
                            "id": "/subscriptions/3abd0dd5-602a-4620-b1f8-d53bf2a6dbad/resourceGroups/myResourceGroup/providers/Microsoft.Storage/storageAccounts/diag2299d00b973a35a9",
                            "identity.#": "0",
                            "location": "eastus",
                            "name": "diag2299d00b973a35a9",
                            "network_rules.#": "0",
                            "primary_access_key": "LYyAE8xkIEOnqUt6ZtU46xvrIXU0xg4qz+CbOlvrGfoz0IkuhRRk+AdRC5WX7DMjN5u6YC1pVNDkBmioK/qjjg==",
                            "primary_blob_connection_string": "DefaultEndpointsProtocol=https;BlobEndpoint=https://diag2299d00b973a35a9.blob.core.windows.net/;AccountName=diag2299d00b973a35a9;AccountKey=LYyAE8xkIEOnqUt6ZtU46xvrIXU0xg4qz+CbOlvrGfoz0IkuhRRk+AdRC5WX7DMjN5u6YC1pVNDkBmioK/qjjg==",
                            "primary_blob_endpoint": "https://diag2299d00b973a35a9.blob.core.windows.net/",
                            "primary_connection_string": "DefaultEndpointsProtocol=https;AccountName=diag2299d00b973a35a9;AccountKey=LYyAE8xkIEOnqUt6ZtU46xvrIXU0xg4qz+CbOlvrGfoz0IkuhRRk+AdRC5WX7DMjN5u6YC1pVNDkBmioK/qjjg==;EndpointSuffix=core.windows.net",
                            "primary_file_endpoint": "https://diag2299d00b973a35a9.file.core.windows.net/",
                            "primary_location": "eastus",
                            "primary_queue_endpoint": "https://diag2299d00b973a35a9.queue.core.windows.net/",
                            "primary_table_endpoint": "https://diag2299d00b973a35a9.table.core.windows.net/",
                            "resource_group_name": "myResourceGroup",
                            "secondary_access_key": "PggeulL6nUB3yEJt//G/zE8gc6opWNp4TywJQDgjLzvIOUBQpGZ46GuYbvbhx69JEddqaQCK6cgCmtiGk3N6RQ==",
                            "secondary_connection_string": "DefaultEndpointsProtocol=https;AccountName=diag2299d00b973a35a9;AccountKey=PggeulL6nUB3yEJt//G/zE8gc6opWNp4TywJQDgjLzvIOUBQpGZ46GuYbvbhx69JEddqaQCK6cgCmtiGk3N6RQ==;EndpointSuffix=core.windows.net",
                            "secondary_location": "",
                            "tags.%": "1",
                            "tags.environment": "Terraform Demo"
                        },
                        "meta": {
                            "schema_version": "2"
                        },
                        "tainted": false
                    },
                    "deposed": [],
                    "provider": "provider.azurerm"
                },
                "azurerm_subnet.myterraformsubnet": {
                    "type": "azurerm_subnet",
                    "depends_on": [
                        "azurerm_resource_group.myterraformgroup",
                        "azurerm_virtual_network.myterraformnetwork"
                    ],
                    "primary": {
                        "id": "/subscriptions/3abd0dd5-602a-4620-b1f8-d53bf2a6dbad/resourceGroups/myResourceGroup/providers/Microsoft.Network/virtualNetworks/myVnet/subnets/mySubnet",
                        "attributes": {
                            "address_prefix": "10.0.1.0/24",
                            "id": "/subscriptions/3abd0dd5-602a-4620-b1f8-d53bf2a6dbad/resourceGroups/myResourceGroup/providers/Microsoft.Network/virtualNetworks/myVnet/subnets/mySubnet",
                            "ip_configurations.#": "10",
                            "ip_configurations.1300170046": "/subscriptions/3abd0dd5-602a-4620-b1f8-d53bf2a6dbad/resourceGroups/myResourceGroup/providers/Microsoft.Network/networkInterfaces/myNIC-1/ipConfigurations/myNicConfiguration",
                            "ip_configurations.2035117281": "/subscriptions/3abd0dd5-602a-4620-b1f8-d53bf2a6dbad/resourceGroups/myResourceGroup/providers/Microsoft.Network/networkInterfaces/myNIC-6/ipConfigurations/myNicConfiguration",
                            "ip_configurations.2446960704": "/subscriptions/3abd0dd5-602a-4620-b1f8-d53bf2a6dbad/resourceGroups/myResourceGroup/providers/Microsoft.Network/networkInterfaces/myNIC-9/ipConfigurations/myNicConfiguration",
                            "ip_configurations.2548968769": "/subscriptions/3abd0dd5-602a-4620-b1f8-d53bf2a6dbad/resourceGroups/myResourceGroup/providers/Microsoft.Network/networkInterfaces/myNIC-3/ipConfigurations/myNicConfiguration",
                            "ip_configurations.2749121694": "/subscriptions/3abd0dd5-602a-4620-b1f8-d53bf2a6dbad/resourceGroups/myResourceGroup/providers/Microsoft.Network/networkInterfaces/myNIC-4/ipConfigurations/myNicConfiguration",
                            "ip_configurations.287948639": "/subscriptions/3abd0dd5-602a-4620-b1f8-d53bf2a6dbad/resourceGroups/myResourceGroup/providers/Microsoft.Network/networkInterfaces/myNIC-8/ipConfigurations/myNicConfiguration",
                            "ip_configurations.3448705569": "/subscriptions/3abd0dd5-602a-4620-b1f8-d53bf2a6dbad/resourceGroups/myResourceGroup/providers/Microsoft.Network/networkInterfaces/myNIC-0/ipConfigurations/myNicConfiguration",
                            "ip_configurations.387856990": "/subscriptions/3abd0dd5-602a-4620-b1f8-d53bf2a6dbad/resourceGroups/myResourceGroup/providers/Microsoft.Network/networkInterfaces/myNIC-2/ipConfigurations/myNicConfiguration",
                            "ip_configurations.4189944830": "/subscriptions/3abd0dd5-602a-4620-b1f8-d53bf2a6dbad/resourceGroups/myResourceGroup/providers/Microsoft.Network/networkInterfaces/myNIC-7/ipConfigurations/myNicConfiguration",
                            "ip_configurations.590107521": "/subscriptions/3abd0dd5-602a-4620-b1f8-d53bf2a6dbad/resourceGroups/myResourceGroup/providers/Microsoft.Network/networkInterfaces/myNIC-5/ipConfigurations/myNicConfiguration",
                            "name": "mySubnet",
                            "resource_group_name": "myResourceGroup",
                            "route_table_id": "",
                            "service_endpoints.#": "0",
                            "virtual_network_name": "myVnet"
                        },
                        "meta": {},
                        "tainted": false
                    },
                    "deposed": [],
                    "provider": "provider.azurerm"
                },
                "azurerm_virtual_machine.myterraformvm.10": {
                    "type": "azurerm_virtual_machine",
                    "depends_on": [
                        "azurerm_network_interface.myterraformnic.*",
                        "azurerm_resource_group.myterraformgroup",
                        "azurerm_storage_account.mystorageaccount",
                        "random_id.randomId"
                    ],
                    "primary": {
                        "id": "/subscriptions/3abd0dd5-602a-4620-b1f8-d53bf2a6dbad/resourceGroups/myResourceGroup/providers/Microsoft.Compute/virtualMachines/myVM-10",
                        "attributes": {
                            "boot_diagnostics.#": "1",
                            "boot_diagnostics.0.enabled": "true",
                            "boot_diagnostics.0.storage_uri": "https://diag2299d00b973a35a9.blob.core.windows.net/",
                            "delete_data_disks_on_termination": "false",
                            "delete_os_disk_on_termination": "false",
                            "id": "/subscriptions/3abd0dd5-602a-4620-b1f8-d53bf2a6dbad/resourceGroups/myResourceGroup/providers/Microsoft.Compute/virtualMachines/myVM-10",
                            "identity.#": "0",
                            "location": "eastus",
                            "name": "myVM-10",
                            "network_interface_ids.#": "1",
                            "network_interface_ids.0": "/subscriptions/3abd0dd5-602a-4620-b1f8-d53bf2a6dbad/resourceGroups/myResourceGroup/providers/Microsoft.Network/networkInterfaces/myNIC-10",
                            "os_profile.#": "1",
                            "os_profile.1770182618.admin_password": "",
                            "os_profile.1770182618.admin_username": "azureuser",
                            "os_profile.1770182618.computer_name": "myvm",
                            "os_profile.1770182618.custom_data": "",
                            "os_profile_linux_config.#": "1",
                            "os_profile_linux_config.69840937.disable_password_authentication": "true",
                            "os_profile_linux_config.69840937.ssh_keys.#": "1",
                            "os_profile_linux_config.69840937.ssh_keys.0.key_data": "ssh-rsa AAAAB3NzaC1yc2EAAAADAQABAAABAQC4OqtycBTD1RYNhPW1s4IiuyG61H0M+0FnRfUOqdTJhcU84alJzWbkRXAGAh42+3rm0mXiFc2uGkP2v/F7XcfBFxrWkgg0rycQ4aZZ8PG0as939WHm3tU1M9KAqzHnv9OjZZqqhici/taA9xJCnRCl4TLdYAhIs72Sy0uuFxdYrk19rTmsP+HzGUkRMyFaJTM+jntXhwooujIqQQ1QJyoXgatnIhSTzggemFn3aBbfwz7ivDDnUwl2yq7ZnEtqLIXWRXBhGnXd1SDJK9rabsvmxqeX8QXs3IJXpsCO0dDW3VEUdeXlNa5osIP5f4H/HXF0z2Km7dfWKNuWyltCI+tX romanrozin@Romans-MacBook-Pro.local",
                            "os_profile_linux_config.69840937.ssh_keys.0.path": "/home/azureuser/.ssh/authorized_keys",
                            "os_profile_secrets.#": "0",
                            "resource_group_name": "myResourceGroup",
                            "storage_data_disk.#": "0",
                            "storage_image_reference.#": "1",
                            "storage_image_reference.363552096.id": "",
                            "storage_image_reference.363552096.offer": "UbuntuServer",
                            "storage_image_reference.363552096.publisher": "Canonical",
                            "storage_image_reference.363552096.sku": "16.04.0-LTS",
                            "storage_image_reference.363552096.version": "latest",
                            "storage_os_disk.#": "1",
                            "storage_os_disk.0.caching": "ReadWrite",
                            "storage_os_disk.0.create_option": "FromImage",
                            "storage_os_disk.0.disk_size_gb": "30",
                            "storage_os_disk.0.image_uri": "",
                            "storage_os_disk.0.managed_disk_id": "/subscriptions/3abd0dd5-602a-4620-b1f8-d53bf2a6dbad/resourceGroups/myResourceGroup/providers/Microsoft.Compute/disks/myOsDisk-10",
                            "storage_os_disk.0.managed_disk_type": "Premium_LRS",
                            "storage_os_disk.0.name": "myOsDisk-10",
                            "storage_os_disk.0.os_type": "Linux",
                            "storage_os_disk.0.vhd_uri": "",
                            "storage_os_disk.0.write_accelerator_enabled": "false",
                            "tags.%": "2",
                            "tags.environment": "Terraform Demo",
                            "tags.name": "IpnQC5c6Nak",
                            "vm_size": "Standard_DS1_v2",
                            "zones.#": "0"
                        },
                        "meta": {},
                        "tainted": false
                    },
                    "deposed": [],
                    "provider": "provider.azurerm"
                },
                "azurerm_virtual_machine.myterraformvm.11": {
                    "type": "azurerm_virtual_machine",
                    "depends_on": [
                        "azurerm_network_interface.myterraformnic.*",
                        "azurerm_resource_group.myterraformgroup",
                        "azurerm_storage_account.mystorageaccount",
                        "random_id.randomId"
                    ],
                    "primary": {
                        "id": "/subscriptions/3abd0dd5-602a-4620-b1f8-d53bf2a6dbad/resourceGroups/myResourceGroup/providers/Microsoft.Compute/virtualMachines/myVM-11",
                        "attributes": {
                            "boot_diagnostics.#": "1",
                            "boot_diagnostics.0.enabled": "true",
                            "boot_diagnostics.0.storage_uri": "https://diag2299d00b973a35a9.blob.core.windows.net/",
                            "delete_data_disks_on_termination": "false",
                            "delete_os_disk_on_termination": "false",
                            "id": "/subscriptions/3abd0dd5-602a-4620-b1f8-d53bf2a6dbad/resourceGroups/myResourceGroup/providers/Microsoft.Compute/virtualMachines/myVM-11",
                            "identity.#": "0",
                            "location": "eastus",
                            "name": "myVM-11",
                            "network_interface_ids.#": "1",
                            "network_interface_ids.0": "/subscriptions/3abd0dd5-602a-4620-b1f8-d53bf2a6dbad/resourceGroups/myResourceGroup/providers/Microsoft.Network/networkInterfaces/myNIC-11",
                            "os_profile.#": "1",
                            "os_profile.1770182618.admin_password": "",
                            "os_profile.1770182618.admin_username": "azureuser",
                            "os_profile.1770182618.computer_name": "myvm",
                            "os_profile.1770182618.custom_data": "",
                            "os_profile_linux_config.#": "1",
                            "os_profile_linux_config.69840937.disable_password_authentication": "true",
                            "os_profile_linux_config.69840937.ssh_keys.#": "1",
                            "os_profile_linux_config.69840937.ssh_keys.0.key_data": "ssh-rsa AAAAB3NzaC1yc2EAAAADAQABAAABAQC4OqtycBTD1RYNhPW1s4IiuyG61H0M+0FnRfUOqdTJhcU84alJzWbkRXAGAh42+3rm0mXiFc2uGkP2v/F7XcfBFxrWkgg0rycQ4aZZ8PG0as939WHm3tU1M9KAqzHnv9OjZZqqhici/taA9xJCnRCl4TLdYAhIs72Sy0uuFxdYrk19rTmsP+HzGUkRMyFaJTM+jntXhwooujIqQQ1QJyoXgatnIhSTzggemFn3aBbfwz7ivDDnUwl2yq7ZnEtqLIXWRXBhGnXd1SDJK9rabsvmxqeX8QXs3IJXpsCO0dDW3VEUdeXlNa5osIP5f4H/HXF0z2Km7dfWKNuWyltCI+tX romanrozin@Romans-MacBook-Pro.local",
                            "os_profile_linux_config.69840937.ssh_keys.0.path": "/home/azureuser/.ssh/authorized_keys",
                            "os_profile_secrets.#": "0",
                            "resource_group_name": "myResourceGroup",
                            "storage_data_disk.#": "0",
                            "storage_image_reference.#": "1",
                            "storage_image_reference.363552096.id": "",
                            "storage_image_reference.363552096.offer": "UbuntuServer",
                            "storage_image_reference.363552096.publisher": "Canonical",
                            "storage_image_reference.363552096.sku": "16.04.0-LTS",
                            "storage_image_reference.363552096.version": "latest",
                            "storage_os_disk.#": "1",
                            "storage_os_disk.0.caching": "ReadWrite",
                            "storage_os_disk.0.create_option": "FromImage",
                            "storage_os_disk.0.disk_size_gb": "30",
                            "storage_os_disk.0.image_uri": "",
                            "storage_os_disk.0.managed_disk_id": "/subscriptions/3abd0dd5-602a-4620-b1f8-d53bf2a6dbad/resourceGroups/myResourceGroup/providers/Microsoft.Compute/disks/myOsDisk-11",
                            "storage_os_disk.0.managed_disk_type": "Premium_LRS",
                            "storage_os_disk.0.name": "myOsDisk-11",
                            "storage_os_disk.0.os_type": "Linux",
                            "storage_os_disk.0.vhd_uri": "",
                            "storage_os_disk.0.write_accelerator_enabled": "false",
                            "tags.%": "2",
                            "tags.environment": "Terraform Demo",
                            "tags.name": "IpnQC5c6Nak",
                            "vm_size": "Standard_DS1_v2",
                            "zones.#": "0"
                        },
                        "meta": {},
                        "tainted": false
                    },
                    "deposed": [],
                    "provider": "provider.azurerm"
                },
                "azurerm_virtual_machine.myterraformvm.12": {
                    "type": "azurerm_virtual_machine",
                    "depends_on": [
                        "azurerm_network_interface.myterraformnic.*",
                        "azurerm_resource_group.myterraformgroup",
                        "azurerm_storage_account.mystorageaccount",
                        "random_id.randomId"
                    ],
                    "primary": {
                        "id": "/subscriptions/3abd0dd5-602a-4620-b1f8-d53bf2a6dbad/resourceGroups/myResourceGroup/providers/Microsoft.Compute/virtualMachines/myVM-12",
                        "attributes": {
                            "boot_diagnostics.#": "1",
                            "boot_diagnostics.0.enabled": "true",
                            "boot_diagnostics.0.storage_uri": "https://diag2299d00b973a35a9.blob.core.windows.net/",
                            "delete_data_disks_on_termination": "false",
                            "delete_os_disk_on_termination": "false",
                            "id": "/subscriptions/3abd0dd5-602a-4620-b1f8-d53bf2a6dbad/resourceGroups/myResourceGroup/providers/Microsoft.Compute/virtualMachines/myVM-12",
                            "identity.#": "0",
                            "location": "eastus",
                            "name": "myVM-12",
                            "network_interface_ids.#": "1",
                            "network_interface_ids.0": "/subscriptions/3abd0dd5-602a-4620-b1f8-d53bf2a6dbad/resourceGroups/myResourceGroup/providers/Microsoft.Network/networkInterfaces/myNIC-12",
                            "os_profile.#": "1",
                            "os_profile.1770182618.admin_password": "",
                            "os_profile.1770182618.admin_username": "azureuser",
                            "os_profile.1770182618.computer_name": "myvm",
                            "os_profile.1770182618.custom_data": "",
                            "os_profile_linux_config.#": "1",
                            "os_profile_linux_config.69840937.disable_password_authentication": "true",
                            "os_profile_linux_config.69840937.ssh_keys.#": "1",
                            "os_profile_linux_config.69840937.ssh_keys.0.key_data": "ssh-rsa AAAAB3NzaC1yc2EAAAADAQABAAABAQC4OqtycBTD1RYNhPW1s4IiuyG61H0M+0FnRfUOqdTJhcU84alJzWbkRXAGAh42+3rm0mXiFc2uGkP2v/F7XcfBFxrWkgg0rycQ4aZZ8PG0as939WHm3tU1M9KAqzHnv9OjZZqqhici/taA9xJCnRCl4TLdYAhIs72Sy0uuFxdYrk19rTmsP+HzGUkRMyFaJTM+jntXhwooujIqQQ1QJyoXgatnIhSTzggemFn3aBbfwz7ivDDnUwl2yq7ZnEtqLIXWRXBhGnXd1SDJK9rabsvmxqeX8QXs3IJXpsCO0dDW3VEUdeXlNa5osIP5f4H/HXF0z2Km7dfWKNuWyltCI+tX romanrozin@Romans-MacBook-Pro.local",
                            "os_profile_linux_config.69840937.ssh_keys.0.path": "/home/azureuser/.ssh/authorized_keys",
                            "os_profile_secrets.#": "0",
                            "resource_group_name": "myResourceGroup",
                            "storage_data_disk.#": "0",
                            "storage_image_reference.#": "1",
                            "storage_image_reference.363552096.id": "",
                            "storage_image_reference.363552096.offer": "UbuntuServer",
                            "storage_image_reference.363552096.publisher": "Canonical",
                            "storage_image_reference.363552096.sku": "16.04.0-LTS",
                            "storage_image_reference.363552096.version": "latest",
                            "storage_os_disk.#": "1",
                            "storage_os_disk.0.caching": "ReadWrite",
                            "storage_os_disk.0.create_option": "FromImage",
                            "storage_os_disk.0.disk_size_gb": "30",
                            "storage_os_disk.0.image_uri": "",
                            "storage_os_disk.0.managed_disk_id": "/subscriptions/3abd0dd5-602a-4620-b1f8-d53bf2a6dbad/resourceGroups/myResourceGroup/providers/Microsoft.Compute/disks/myOsDisk-12",
                            "storage_os_disk.0.managed_disk_type": "Premium_LRS",
                            "storage_os_disk.0.name": "myOsDisk-12",
                            "storage_os_disk.0.os_type": "Linux",
                            "storage_os_disk.0.vhd_uri": "",
                            "storage_os_disk.0.write_accelerator_enabled": "false",
                            "tags.%": "2",
                            "tags.environment": "Terraform Demo",
                            "tags.name": "IpnQC5c6Nak",
                            "vm_size": "Standard_DS1_v2",
                            "zones.#": "0"
                        },
                        "meta": {},
                        "tainted": false
                    },
                    "deposed": [],
                    "provider": "provider.azurerm"
                },
                "azurerm_virtual_machine.myterraformvm.13": {
                    "type": "azurerm_virtual_machine",
                    "depends_on": [
                        "azurerm_network_interface.myterraformnic.*",
                        "azurerm_resource_group.myterraformgroup",
                        "azurerm_storage_account.mystorageaccount",
                        "random_id.randomId"
                    ],
                    "primary": {
                        "id": "/subscriptions/3abd0dd5-602a-4620-b1f8-d53bf2a6dbad/resourceGroups/myResourceGroup/providers/Microsoft.Compute/virtualMachines/myVM-13",
                        "attributes": {
                            "boot_diagnostics.#": "1",
                            "boot_diagnostics.0.enabled": "true",
                            "boot_diagnostics.0.storage_uri": "https://diag2299d00b973a35a9.blob.core.windows.net/",
                            "delete_data_disks_on_termination": "false",
                            "delete_os_disk_on_termination": "false",
                            "id": "/subscriptions/3abd0dd5-602a-4620-b1f8-d53bf2a6dbad/resourceGroups/myResourceGroup/providers/Microsoft.Compute/virtualMachines/myVM-13",
                            "identity.#": "0",
                            "location": "eastus",
                            "name": "myVM-13",
                            "network_interface_ids.#": "1",
                            "network_interface_ids.0": "/subscriptions/3abd0dd5-602a-4620-b1f8-d53bf2a6dbad/resourceGroups/myResourceGroup/providers/Microsoft.Network/networkInterfaces/myNIC-13",
                            "os_profile.#": "1",
                            "os_profile.1770182618.admin_password": "",
                            "os_profile.1770182618.admin_username": "azureuser",
                            "os_profile.1770182618.computer_name": "myvm",
                            "os_profile.1770182618.custom_data": "",
                            "os_profile_linux_config.#": "1",
                            "os_profile_linux_config.69840937.disable_password_authentication": "true",
                            "os_profile_linux_config.69840937.ssh_keys.#": "1",
                            "os_profile_linux_config.69840937.ssh_keys.0.key_data": "ssh-rsa AAAAB3NzaC1yc2EAAAADAQABAAABAQC4OqtycBTD1RYNhPW1s4IiuyG61H0M+0FnRfUOqdTJhcU84alJzWbkRXAGAh42+3rm0mXiFc2uGkP2v/F7XcfBFxrWkgg0rycQ4aZZ8PG0as939WHm3tU1M9KAqzHnv9OjZZqqhici/taA9xJCnRCl4TLdYAhIs72Sy0uuFxdYrk19rTmsP+HzGUkRMyFaJTM+jntXhwooujIqQQ1QJyoXgatnIhSTzggemFn3aBbfwz7ivDDnUwl2yq7ZnEtqLIXWRXBhGnXd1SDJK9rabsvmxqeX8QXs3IJXpsCO0dDW3VEUdeXlNa5osIP5f4H/HXF0z2Km7dfWKNuWyltCI+tX romanrozin@Romans-MacBook-Pro.local",
                            "os_profile_linux_config.69840937.ssh_keys.0.path": "/home/azureuser/.ssh/authorized_keys",
                            "os_profile_secrets.#": "0",
                            "resource_group_name": "myResourceGroup",
                            "storage_data_disk.#": "0",
                            "storage_image_reference.#": "1",
                            "storage_image_reference.363552096.id": "",
                            "storage_image_reference.363552096.offer": "UbuntuServer",
                            "storage_image_reference.363552096.publisher": "Canonical",
                            "storage_image_reference.363552096.sku": "16.04.0-LTS",
                            "storage_image_reference.363552096.version": "latest",
                            "storage_os_disk.#": "1",
                            "storage_os_disk.0.caching": "ReadWrite",
                            "storage_os_disk.0.create_option": "FromImage",
                            "storage_os_disk.0.disk_size_gb": "30",
                            "storage_os_disk.0.image_uri": "",
                            "storage_os_disk.0.managed_disk_id": "/subscriptions/3abd0dd5-602a-4620-b1f8-d53bf2a6dbad/resourceGroups/myResourceGroup/providers/Microsoft.Compute/disks/myOsDisk-13",
                            "storage_os_disk.0.managed_disk_type": "Premium_LRS",
                            "storage_os_disk.0.name": "myOsDisk-13",
                            "storage_os_disk.0.os_type": "Linux",
                            "storage_os_disk.0.vhd_uri": "",
                            "storage_os_disk.0.write_accelerator_enabled": "false",
                            "tags.%": "2",
                            "tags.environment": "Terraform Demo",
                            "tags.name": "IpnQC5c6Nak",
                            "vm_size": "Standard_DS1_v2",
                            "zones.#": "0"
                        },
                        "meta": {},
                        "tainted": false
                    },
                    "deposed": [],
                    "provider": "provider.azurerm"
                },
                "azurerm_virtual_machine.myterraformvm.15": {
                    "type": "azurerm_virtual_machine",
                    "depends_on": [
                        "azurerm_network_interface.myterraformnic.*",
                        "azurerm_resource_group.myterraformgroup",
                        "azurerm_storage_account.mystorageaccount",
                        "random_id.randomId"
                    ],
                    "primary": {
                        "id": "/subscriptions/3abd0dd5-602a-4620-b1f8-d53bf2a6dbad/resourceGroups/myResourceGroup/providers/Microsoft.Compute/virtualMachines/myVM-15",
                        "attributes": {
                            "boot_diagnostics.#": "1",
                            "boot_diagnostics.0.enabled": "true",
                            "boot_diagnostics.0.storage_uri": "https://diag2299d00b973a35a9.blob.core.windows.net/",
                            "delete_data_disks_on_termination": "false",
                            "delete_os_disk_on_termination": "false",
                            "id": "/subscriptions/3abd0dd5-602a-4620-b1f8-d53bf2a6dbad/resourceGroups/myResourceGroup/providers/Microsoft.Compute/virtualMachines/myVM-15",
                            "identity.#": "0",
                            "location": "eastus",
                            "name": "myVM-15",
                            "network_interface_ids.#": "1",
                            "network_interface_ids.0": "/subscriptions/3abd0dd5-602a-4620-b1f8-d53bf2a6dbad/resourceGroups/myResourceGroup/providers/Microsoft.Network/networkInterfaces/myNIC-15",
                            "os_profile.#": "1",
                            "os_profile.1770182618.admin_password": "",
                            "os_profile.1770182618.admin_username": "azureuser",
                            "os_profile.1770182618.computer_name": "myvm",
                            "os_profile.1770182618.custom_data": "",
                            "os_profile_linux_config.#": "1",
                            "os_profile_linux_config.69840937.disable_password_authentication": "true",
                            "os_profile_linux_config.69840937.ssh_keys.#": "1",
                            "os_profile_linux_config.69840937.ssh_keys.0.key_data": "ssh-rsa AAAAB3NzaC1yc2EAAAADAQABAAABAQC4OqtycBTD1RYNhPW1s4IiuyG61H0M+0FnRfUOqdTJhcU84alJzWbkRXAGAh42+3rm0mXiFc2uGkP2v/F7XcfBFxrWkgg0rycQ4aZZ8PG0as939WHm3tU1M9KAqzHnv9OjZZqqhici/taA9xJCnRCl4TLdYAhIs72Sy0uuFxdYrk19rTmsP+HzGUkRMyFaJTM+jntXhwooujIqQQ1QJyoXgatnIhSTzggemFn3aBbfwz7ivDDnUwl2yq7ZnEtqLIXWRXBhGnXd1SDJK9rabsvmxqeX8QXs3IJXpsCO0dDW3VEUdeXlNa5osIP5f4H/HXF0z2Km7dfWKNuWyltCI+tX romanrozin@Romans-MacBook-Pro.local",
                            "os_profile_linux_config.69840937.ssh_keys.0.path": "/home/azureuser/.ssh/authorized_keys",
                            "os_profile_secrets.#": "0",
                            "resource_group_name": "myResourceGroup",
                            "storage_data_disk.#": "0",
                            "storage_image_reference.#": "1",
                            "storage_image_reference.363552096.id": "",
                            "storage_image_reference.363552096.offer": "UbuntuServer",
                            "storage_image_reference.363552096.publisher": "Canonical",
                            "storage_image_reference.363552096.sku": "16.04.0-LTS",
                            "storage_image_reference.363552096.version": "latest",
                            "storage_os_disk.#": "1",
                            "storage_os_disk.0.caching": "ReadWrite",
                            "storage_os_disk.0.create_option": "FromImage",
                            "storage_os_disk.0.disk_size_gb": "30",
                            "storage_os_disk.0.image_uri": "",
                            "storage_os_disk.0.managed_disk_id": "/subscriptions/3abd0dd5-602a-4620-b1f8-d53bf2a6dbad/resourceGroups/myResourceGroup/providers/Microsoft.Compute/disks/myOsDisk-15",
                            "storage_os_disk.0.managed_disk_type": "Premium_LRS",
                            "storage_os_disk.0.name": "myOsDisk-15",
                            "storage_os_disk.0.os_type": "Linux",
                            "storage_os_disk.0.vhd_uri": "",
                            "storage_os_disk.0.write_accelerator_enabled": "false",
                            "tags.%": "2",
                            "tags.environment": "Terraform Demo",
                            "tags.name": "IpnQC5c6Nak",
                            "vm_size": "Standard_DS1_v2",
                            "zones.#": "0"
                        },
                        "meta": {},
                        "tainted": false
                    },
                    "deposed": [],
                    "provider": "provider.azurerm"
                },
                "azurerm_virtual_machine.myterraformvm.16": {
                    "type": "azurerm_virtual_machine",
                    "depends_on": [
                        "azurerm_network_interface.myterraformnic.*",
                        "azurerm_resource_group.myterraformgroup",
                        "azurerm_storage_account.mystorageaccount",
                        "random_id.randomId"
                    ],
                    "primary": {
                        "id": "/subscriptions/3abd0dd5-602a-4620-b1f8-d53bf2a6dbad/resourceGroups/myResourceGroup/providers/Microsoft.Compute/virtualMachines/myVM-16",
                        "attributes": {
                            "boot_diagnostics.#": "1",
                            "boot_diagnostics.0.enabled": "true",
                            "boot_diagnostics.0.storage_uri": "https://diag2299d00b973a35a9.blob.core.windows.net/",
                            "delete_data_disks_on_termination": "false",
                            "delete_os_disk_on_termination": "false",
                            "id": "/subscriptions/3abd0dd5-602a-4620-b1f8-d53bf2a6dbad/resourceGroups/myResourceGroup/providers/Microsoft.Compute/virtualMachines/myVM-16",
                            "identity.#": "0",
                            "location": "eastus",
                            "name": "myVM-16",
                            "network_interface_ids.#": "1",
                            "network_interface_ids.0": "/subscriptions/3abd0dd5-602a-4620-b1f8-d53bf2a6dbad/resourceGroups/myResourceGroup/providers/Microsoft.Network/networkInterfaces/myNIC-16",
                            "os_profile.#": "1",
                            "os_profile.1770182618.admin_password": "",
                            "os_profile.1770182618.admin_username": "azureuser",
                            "os_profile.1770182618.computer_name": "myvm",
                            "os_profile.1770182618.custom_data": "",
                            "os_profile_linux_config.#": "1",
                            "os_profile_linux_config.69840937.disable_password_authentication": "true",
                            "os_profile_linux_config.69840937.ssh_keys.#": "1",
                            "os_profile_linux_config.69840937.ssh_keys.0.key_data": "ssh-rsa AAAAB3NzaC1yc2EAAAADAQABAAABAQC4OqtycBTD1RYNhPW1s4IiuyG61H0M+0FnRfUOqdTJhcU84alJzWbkRXAGAh42+3rm0mXiFc2uGkP2v/F7XcfBFxrWkgg0rycQ4aZZ8PG0as939WHm3tU1M9KAqzHnv9OjZZqqhici/taA9xJCnRCl4TLdYAhIs72Sy0uuFxdYrk19rTmsP+HzGUkRMyFaJTM+jntXhwooujIqQQ1QJyoXgatnIhSTzggemFn3aBbfwz7ivDDnUwl2yq7ZnEtqLIXWRXBhGnXd1SDJK9rabsvmxqeX8QXs3IJXpsCO0dDW3VEUdeXlNa5osIP5f4H/HXF0z2Km7dfWKNuWyltCI+tX romanrozin@Romans-MacBook-Pro.local",
                            "os_profile_linux_config.69840937.ssh_keys.0.path": "/home/azureuser/.ssh/authorized_keys",
                            "os_profile_secrets.#": "0",
                            "resource_group_name": "myResourceGroup",
                            "storage_data_disk.#": "0",
                            "storage_image_reference.#": "1",
                            "storage_image_reference.363552096.id": "",
                            "storage_image_reference.363552096.offer": "UbuntuServer",
                            "storage_image_reference.363552096.publisher": "Canonical",
                            "storage_image_reference.363552096.sku": "16.04.0-LTS",
                            "storage_image_reference.363552096.version": "latest",
                            "storage_os_disk.#": "1",
                            "storage_os_disk.0.caching": "ReadWrite",
                            "storage_os_disk.0.create_option": "FromImage",
                            "storage_os_disk.0.disk_size_gb": "30",
                            "storage_os_disk.0.image_uri": "",
                            "storage_os_disk.0.managed_disk_id": "/subscriptions/3abd0dd5-602a-4620-b1f8-d53bf2a6dbad/resourceGroups/myResourceGroup/providers/Microsoft.Compute/disks/myOsDisk-16",
                            "storage_os_disk.0.managed_disk_type": "Premium_LRS",
                            "storage_os_disk.0.name": "myOsDisk-16",
                            "storage_os_disk.0.os_type": "Linux",
                            "storage_os_disk.0.vhd_uri": "",
                            "storage_os_disk.0.write_accelerator_enabled": "false",
                            "tags.%": "2",
                            "tags.environment": "Terraform Demo",
                            "tags.name": "IpnQC5c6Nak",
                            "vm_size": "Standard_DS1_v2",
                            "zones.#": "0"
                        },
                        "meta": {},
                        "tainted": false
                    },
                    "deposed": [],
                    "provider": "provider.azurerm"
                },
                "azurerm_virtual_machine.myterraformvm.18": {
                    "type": "azurerm_virtual_machine",
                    "depends_on": [
                        "azurerm_network_interface.myterraformnic.*",
                        "azurerm_resource_group.myterraformgroup",
                        "azurerm_storage_account.mystorageaccount",
                        "random_id.randomId"
                    ],
                    "primary": {
                        "id": "/subscriptions/3abd0dd5-602a-4620-b1f8-d53bf2a6dbad/resourceGroups/myResourceGroup/providers/Microsoft.Compute/virtualMachines/myVM-18",
                        "attributes": {
                            "boot_diagnostics.#": "1",
                            "boot_diagnostics.0.enabled": "true",
                            "boot_diagnostics.0.storage_uri": "https://diag2299d00b973a35a9.blob.core.windows.net/",
                            "delete_data_disks_on_termination": "false",
                            "delete_os_disk_on_termination": "false",
                            "id": "/subscriptions/3abd0dd5-602a-4620-b1f8-d53bf2a6dbad/resourceGroups/myResourceGroup/providers/Microsoft.Compute/virtualMachines/myVM-18",
                            "identity.#": "0",
                            "location": "eastus",
                            "name": "myVM-18",
                            "network_interface_ids.#": "1",
                            "network_interface_ids.0": "/subscriptions/3abd0dd5-602a-4620-b1f8-d53bf2a6dbad/resourceGroups/myResourceGroup/providers/Microsoft.Network/networkInterfaces/myNIC-18",
                            "os_profile.#": "1",
                            "os_profile.1770182618.admin_password": "",
                            "os_profile.1770182618.admin_username": "azureuser",
                            "os_profile.1770182618.computer_name": "myvm",
                            "os_profile.1770182618.custom_data": "",
                            "os_profile_linux_config.#": "1",
                            "os_profile_linux_config.69840937.disable_password_authentication": "true",
                            "os_profile_linux_config.69840937.ssh_keys.#": "1",
                            "os_profile_linux_config.69840937.ssh_keys.0.key_data": "ssh-rsa AAAAB3NzaC1yc2EAAAADAQABAAABAQC4OqtycBTD1RYNhPW1s4IiuyG61H0M+0FnRfUOqdTJhcU84alJzWbkRXAGAh42+3rm0mXiFc2uGkP2v/F7XcfBFxrWkgg0rycQ4aZZ8PG0as939WHm3tU1M9KAqzHnv9OjZZqqhici/taA9xJCnRCl4TLdYAhIs72Sy0uuFxdYrk19rTmsP+HzGUkRMyFaJTM+jntXhwooujIqQQ1QJyoXgatnIhSTzggemFn3aBbfwz7ivDDnUwl2yq7ZnEtqLIXWRXBhGnXd1SDJK9rabsvmxqeX8QXs3IJXpsCO0dDW3VEUdeXlNa5osIP5f4H/HXF0z2Km7dfWKNuWyltCI+tX romanrozin@Romans-MacBook-Pro.local",
                            "os_profile_linux_config.69840937.ssh_keys.0.path": "/home/azureuser/.ssh/authorized_keys",
                            "os_profile_secrets.#": "0",
                            "resource_group_name": "myResourceGroup",
                            "storage_data_disk.#": "0",
                            "storage_image_reference.#": "1",
                            "storage_image_reference.363552096.id": "",
                            "storage_image_reference.363552096.offer": "UbuntuServer",
                            "storage_image_reference.363552096.publisher": "Canonical",
                            "storage_image_reference.363552096.sku": "16.04.0-LTS",
                            "storage_image_reference.363552096.version": "latest",
                            "storage_os_disk.#": "1",
                            "storage_os_disk.0.caching": "ReadWrite",
                            "storage_os_disk.0.create_option": "FromImage",
                            "storage_os_disk.0.disk_size_gb": "30",
                            "storage_os_disk.0.image_uri": "",
                            "storage_os_disk.0.managed_disk_id": "/subscriptions/3abd0dd5-602a-4620-b1f8-d53bf2a6dbad/resourceGroups/myResourceGroup/providers/Microsoft.Compute/disks/myOsDisk-18",
                            "storage_os_disk.0.managed_disk_type": "Premium_LRS",
                            "storage_os_disk.0.name": "myOsDisk-18",
                            "storage_os_disk.0.os_type": "Linux",
                            "storage_os_disk.0.vhd_uri": "",
                            "storage_os_disk.0.write_accelerator_enabled": "false",
                            "tags.%": "2",
                            "tags.environment": "Terraform Demo",
                            "tags.name": "IpnQC5c6Nak",
                            "vm_size": "Standard_DS1_v2",
                            "zones.#": "0"
                        },
                        "meta": {},
                        "tainted": false
                    },
                    "deposed": [],
                    "provider": "provider.azurerm"
                },
                "azurerm_virtual_machine.myterraformvm.19": {
                    "type": "azurerm_virtual_machine",
                    "depends_on": [
                        "azurerm_network_interface.myterraformnic.*",
                        "azurerm_resource_group.myterraformgroup",
                        "azurerm_storage_account.mystorageaccount",
                        "random_id.randomId"
                    ],
                    "primary": {
                        "id": "/subscriptions/3abd0dd5-602a-4620-b1f8-d53bf2a6dbad/resourceGroups/myResourceGroup/providers/Microsoft.Compute/virtualMachines/myVM-19",
                        "attributes": {
                            "boot_diagnostics.#": "1",
                            "boot_diagnostics.0.enabled": "true",
                            "boot_diagnostics.0.storage_uri": "https://diag2299d00b973a35a9.blob.core.windows.net/",
                            "delete_data_disks_on_termination": "false",
                            "delete_os_disk_on_termination": "false",
                            "id": "/subscriptions/3abd0dd5-602a-4620-b1f8-d53bf2a6dbad/resourceGroups/myResourceGroup/providers/Microsoft.Compute/virtualMachines/myVM-19",
                            "identity.#": "0",
                            "location": "eastus",
                            "name": "myVM-19",
                            "network_interface_ids.#": "1",
                            "network_interface_ids.0": "/subscriptions/3abd0dd5-602a-4620-b1f8-d53bf2a6dbad/resourceGroups/myResourceGroup/providers/Microsoft.Network/networkInterfaces/myNIC-19",
                            "os_profile.#": "1",
                            "os_profile.1770182618.admin_password": "",
                            "os_profile.1770182618.admin_username": "azureuser",
                            "os_profile.1770182618.computer_name": "myvm",
                            "os_profile.1770182618.custom_data": "",
                            "os_profile_linux_config.#": "1",
                            "os_profile_linux_config.69840937.disable_password_authentication": "true",
                            "os_profile_linux_config.69840937.ssh_keys.#": "1",
                            "os_profile_linux_config.69840937.ssh_keys.0.key_data": "ssh-rsa AAAAB3NzaC1yc2EAAAADAQABAAABAQC4OqtycBTD1RYNhPW1s4IiuyG61H0M+0FnRfUOqdTJhcU84alJzWbkRXAGAh42+3rm0mXiFc2uGkP2v/F7XcfBFxrWkgg0rycQ4aZZ8PG0as939WHm3tU1M9KAqzHnv9OjZZqqhici/taA9xJCnRCl4TLdYAhIs72Sy0uuFxdYrk19rTmsP+HzGUkRMyFaJTM+jntXhwooujIqQQ1QJyoXgatnIhSTzggemFn3aBbfwz7ivDDnUwl2yq7ZnEtqLIXWRXBhGnXd1SDJK9rabsvmxqeX8QXs3IJXpsCO0dDW3VEUdeXlNa5osIP5f4H/HXF0z2Km7dfWKNuWyltCI+tX romanrozin@Romans-MacBook-Pro.local",
                            "os_profile_linux_config.69840937.ssh_keys.0.path": "/home/azureuser/.ssh/authorized_keys",
                            "os_profile_secrets.#": "0",
                            "resource_group_name": "myResourceGroup",
                            "storage_data_disk.#": "0",
                            "storage_image_reference.#": "1",
                            "storage_image_reference.363552096.id": "",
                            "storage_image_reference.363552096.offer": "UbuntuServer",
                            "storage_image_reference.363552096.publisher": "Canonical",
                            "storage_image_reference.363552096.sku": "16.04.0-LTS",
                            "storage_image_reference.363552096.version": "latest",
                            "storage_os_disk.#": "1",
                            "storage_os_disk.0.caching": "ReadWrite",
                            "storage_os_disk.0.create_option": "FromImage",
                            "storage_os_disk.0.disk_size_gb": "30",
                            "storage_os_disk.0.image_uri": "",
                            "storage_os_disk.0.managed_disk_id": "/subscriptions/3abd0dd5-602a-4620-b1f8-d53bf2a6dbad/resourceGroups/myResourceGroup/providers/Microsoft.Compute/disks/myOsDisk-19",
                            "storage_os_disk.0.managed_disk_type": "Premium_LRS",
                            "storage_os_disk.0.name": "myOsDisk-19",
                            "storage_os_disk.0.os_type": "Linux",
                            "storage_os_disk.0.vhd_uri": "",
                            "storage_os_disk.0.write_accelerator_enabled": "false",
                            "tags.%": "2",
                            "tags.environment": "Terraform Demo",
                            "tags.name": "IpnQC5c6Nak",
                            "vm_size": "Standard_DS1_v2",
                            "zones.#": "0"
                        },
                        "meta": {},
                        "tainted": false
                    },
                    "deposed": [],
                    "provider": "provider.azurerm"
                },
                "azurerm_virtual_machine.myterraformvm.21": {
                    "type": "azurerm_virtual_machine",
                    "depends_on": [
                        "azurerm_network_interface.myterraformnic.*",
                        "azurerm_resource_group.myterraformgroup",
                        "azurerm_storage_account.mystorageaccount",
                        "random_id.randomId"
                    ],
                    "primary": {
                        "id": "/subscriptions/3abd0dd5-602a-4620-b1f8-d53bf2a6dbad/resourceGroups/myResourceGroup/providers/Microsoft.Compute/virtualMachines/myVM-21",
                        "attributes": {
                            "boot_diagnostics.#": "1",
                            "boot_diagnostics.0.enabled": "true",
                            "boot_diagnostics.0.storage_uri": "https://diag2299d00b973a35a9.blob.core.windows.net/",
                            "delete_data_disks_on_termination": "false",
                            "delete_os_disk_on_termination": "false",
                            "id": "/subscriptions/3abd0dd5-602a-4620-b1f8-d53bf2a6dbad/resourceGroups/myResourceGroup/providers/Microsoft.Compute/virtualMachines/myVM-21",
                            "identity.#": "0",
                            "location": "eastus",
                            "name": "myVM-21",
                            "network_interface_ids.#": "1",
                            "network_interface_ids.0": "/subscriptions/3abd0dd5-602a-4620-b1f8-d53bf2a6dbad/resourceGroups/myResourceGroup/providers/Microsoft.Network/networkInterfaces/myNIC-21",
                            "os_profile.#": "1",
                            "os_profile.1770182618.admin_password": "",
                            "os_profile.1770182618.admin_username": "azureuser",
                            "os_profile.1770182618.computer_name": "myvm",
                            "os_profile.1770182618.custom_data": "",
                            "os_profile_linux_config.#": "1",
                            "os_profile_linux_config.69840937.disable_password_authentication": "true",
                            "os_profile_linux_config.69840937.ssh_keys.#": "1",
                            "os_profile_linux_config.69840937.ssh_keys.0.key_data": "ssh-rsa AAAAB3NzaC1yc2EAAAADAQABAAABAQC4OqtycBTD1RYNhPW1s4IiuyG61H0M+0FnRfUOqdTJhcU84alJzWbkRXAGAh42+3rm0mXiFc2uGkP2v/F7XcfBFxrWkgg0rycQ4aZZ8PG0as939WHm3tU1M9KAqzHnv9OjZZqqhici/taA9xJCnRCl4TLdYAhIs72Sy0uuFxdYrk19rTmsP+HzGUkRMyFaJTM+jntXhwooujIqQQ1QJyoXgatnIhSTzggemFn3aBbfwz7ivDDnUwl2yq7ZnEtqLIXWRXBhGnXd1SDJK9rabsvmxqeX8QXs3IJXpsCO0dDW3VEUdeXlNa5osIP5f4H/HXF0z2Km7dfWKNuWyltCI+tX romanrozin@Romans-MacBook-Pro.local",
                            "os_profile_linux_config.69840937.ssh_keys.0.path": "/home/azureuser/.ssh/authorized_keys",
                            "os_profile_secrets.#": "0",
                            "resource_group_name": "myResourceGroup",
                            "storage_data_disk.#": "0",
                            "storage_image_reference.#": "1",
                            "storage_image_reference.363552096.id": "",
                            "storage_image_reference.363552096.offer": "UbuntuServer",
                            "storage_image_reference.363552096.publisher": "Canonical",
                            "storage_image_reference.363552096.sku": "16.04.0-LTS",
                            "storage_image_reference.363552096.version": "latest",
                            "storage_os_disk.#": "1",
                            "storage_os_disk.0.caching": "ReadWrite",
                            "storage_os_disk.0.create_option": "FromImage",
                            "storage_os_disk.0.disk_size_gb": "30",
                            "storage_os_disk.0.image_uri": "",
                            "storage_os_disk.0.managed_disk_id": "/subscriptions/3abd0dd5-602a-4620-b1f8-d53bf2a6dbad/resourceGroups/myResourceGroup/providers/Microsoft.Compute/disks/myOsDisk-21",
                            "storage_os_disk.0.managed_disk_type": "Premium_LRS",
                            "storage_os_disk.0.name": "myOsDisk-21",
                            "storage_os_disk.0.os_type": "Linux",
                            "storage_os_disk.0.vhd_uri": "",
                            "storage_os_disk.0.write_accelerator_enabled": "false",
                            "tags.%": "2",
                            "tags.environment": "Terraform Demo",
                            "tags.name": "IpnQC5c6Nak",
                            "vm_size": "Standard_DS1_v2",
                            "zones.#": "0"
                        },
                        "meta": {},
                        "tainted": false
                    },
                    "deposed": [],
                    "provider": "provider.azurerm"
                },
                "azurerm_virtual_machine.myterraformvm.22": {
                    "type": "azurerm_virtual_machine",
                    "depends_on": [
                        "azurerm_network_interface.myterraformnic.*",
                        "azurerm_resource_group.myterraformgroup",
                        "azurerm_storage_account.mystorageaccount",
                        "random_id.randomId"
                    ],
                    "primary": {
                        "id": "/subscriptions/3abd0dd5-602a-4620-b1f8-d53bf2a6dbad/resourceGroups/myResourceGroup/providers/Microsoft.Compute/virtualMachines/myVM-22",
                        "attributes": {
                            "boot_diagnostics.#": "1",
                            "boot_diagnostics.0.enabled": "true",
                            "boot_diagnostics.0.storage_uri": "https://diag2299d00b973a35a9.blob.core.windows.net/",
                            "delete_data_disks_on_termination": "false",
                            "delete_os_disk_on_termination": "false",
                            "id": "/subscriptions/3abd0dd5-602a-4620-b1f8-d53bf2a6dbad/resourceGroups/myResourceGroup/providers/Microsoft.Compute/virtualMachines/myVM-22",
                            "identity.#": "0",
                            "location": "eastus",
                            "name": "myVM-22",
                            "network_interface_ids.#": "1",
                            "network_interface_ids.0": "/subscriptions/3abd0dd5-602a-4620-b1f8-d53bf2a6dbad/resourceGroups/myResourceGroup/providers/Microsoft.Network/networkInterfaces/myNIC-22",
                            "os_profile.#": "1",
                            "os_profile.1770182618.admin_password": "",
                            "os_profile.1770182618.admin_username": "azureuser",
                            "os_profile.1770182618.computer_name": "myvm",
                            "os_profile.1770182618.custom_data": "",
                            "os_profile_linux_config.#": "1",
                            "os_profile_linux_config.69840937.disable_password_authentication": "true",
                            "os_profile_linux_config.69840937.ssh_keys.#": "1",
                            "os_profile_linux_config.69840937.ssh_keys.0.key_data": "ssh-rsa AAAAB3NzaC1yc2EAAAADAQABAAABAQC4OqtycBTD1RYNhPW1s4IiuyG61H0M+0FnRfUOqdTJhcU84alJzWbkRXAGAh42+3rm0mXiFc2uGkP2v/F7XcfBFxrWkgg0rycQ4aZZ8PG0as939WHm3tU1M9KAqzHnv9OjZZqqhici/taA9xJCnRCl4TLdYAhIs72Sy0uuFxdYrk19rTmsP+HzGUkRMyFaJTM+jntXhwooujIqQQ1QJyoXgatnIhSTzggemFn3aBbfwz7ivDDnUwl2yq7ZnEtqLIXWRXBhGnXd1SDJK9rabsvmxqeX8QXs3IJXpsCO0dDW3VEUdeXlNa5osIP5f4H/HXF0z2Km7dfWKNuWyltCI+tX romanrozin@Romans-MacBook-Pro.local",
                            "os_profile_linux_config.69840937.ssh_keys.0.path": "/home/azureuser/.ssh/authorized_keys",
                            "os_profile_secrets.#": "0",
                            "resource_group_name": "myResourceGroup",
                            "storage_data_disk.#": "0",
                            "storage_image_reference.#": "1",
                            "storage_image_reference.363552096.id": "",
                            "storage_image_reference.363552096.offer": "UbuntuServer",
                            "storage_image_reference.363552096.publisher": "Canonical",
                            "storage_image_reference.363552096.sku": "16.04.0-LTS",
                            "storage_image_reference.363552096.version": "latest",
                            "storage_os_disk.#": "1",
                            "storage_os_disk.0.caching": "ReadWrite",
                            "storage_os_disk.0.create_option": "FromImage",
                            "storage_os_disk.0.disk_size_gb": "30",
                            "storage_os_disk.0.image_uri": "",
                            "storage_os_disk.0.managed_disk_id": "/subscriptions/3abd0dd5-602a-4620-b1f8-d53bf2a6dbad/resourceGroups/myResourceGroup/providers/Microsoft.Compute/disks/myOsDisk-22",
                            "storage_os_disk.0.managed_disk_type": "Premium_LRS",
                            "storage_os_disk.0.name": "myOsDisk-22",
                            "storage_os_disk.0.os_type": "Linux",
                            "storage_os_disk.0.vhd_uri": "",
                            "storage_os_disk.0.write_accelerator_enabled": "false",
                            "tags.%": "2",
                            "tags.environment": "Terraform Demo",
                            "tags.name": "IpnQC5c6Nak",
                            "vm_size": "Standard_DS1_v2",
                            "zones.#": "0"
                        },
                        "meta": {},
                        "tainted": false
                    },
                    "deposed": [],
                    "provider": "provider.azurerm"
                },
                "azurerm_virtual_network.myterraformnetwork": {
                    "type": "azurerm_virtual_network",
                    "depends_on": [
                        "azurerm_resource_group.myterraformgroup"
                    ],
                    "primary": {
                        "id": "/subscriptions/3abd0dd5-602a-4620-b1f8-d53bf2a6dbad/resourceGroups/myResourceGroup/providers/Microsoft.Network/virtualNetworks/myVnet",
                        "attributes": {
                            "address_space.#": "1",
                            "address_space.0": "10.0.0.0/16",
                            "dns_servers.#": "0",
                            "id": "/subscriptions/3abd0dd5-602a-4620-b1f8-d53bf2a6dbad/resourceGroups/myResourceGroup/providers/Microsoft.Network/virtualNetworks/myVnet",
                            "location": "eastus",
                            "name": "myVnet",
                            "resource_group_name": "myResourceGroup",
                            "subnet.#": "1",
                            "subnet.4250548586.address_prefix": "10.0.1.0/24",
                            "subnet.4250548586.id": "/subscriptions/3abd0dd5-602a-4620-b1f8-d53bf2a6dbad/resourceGroups/myResourceGroup/providers/Microsoft.Network/virtualNetworks/myVnet/subnets/mySubnet",
                            "subnet.4250548586.name": "mySubnet",
                            "subnet.4250548586.security_group": "",
                            "tags.%": "1",
                            "tags.environment": "Terraform Demo"
                        },
                        "meta": {},
                        "tainted": false
                    },
                    "deposed": [],
                    "provider": "provider.azurerm"
                },
                "random_id.randomId": {
                    "type": "random_id",
                    "depends_on": [
                        "azurerm_resource_group.myterraformgroup"
                    ],
                    "primary": {
                        "id": "IpnQC5c6Nak",
                        "attributes": {
                            "b64": "IpnQC5c6Nak",
                            "b64_std": "IpnQC5c6Nak=",
                            "b64_url": "IpnQC5c6Nak",
                            "byte_length": "8",
                            "dec": "2493252616926672297",
                            "hex": "2299d00b973a35a9",
                            "id": "IpnQC5c6Nak",
                            "keepers.%": "1",
                            "keepers.resource_group": "myResourceGroup"
                        },
                        "meta": {},
                        "tainted": false
                    },
                    "deposed": [],
                    "provider": "provider.random"
                }
            },
            "depends_on": []
        }
    ]
}
