{
    "version": 3,
    "terraform_version": "0.11.10",
    "serial": 8,
    "lineage": "8658e926-ca76-0a09-918c-1fe165c93cf5",
    "modules": [
        {
            "path": [
                "root"
            ],
            "outputs": {
                "public_ip_address": {
                    "sensitive": false,
                    "type": "list",
                    "value": [
                        "",
                        "",
                        "",
                        "",
                        "",
                        "",
                        "",
                        "",
                        "",
                        ""
                    ]
                }
            },
            "resources": {
                "azurerm_network_interface.myterraformnic.0": {
                    "type": "azurerm_network_interface",
                    "depends_on": [
                        "azurerm_network_security_group.myterraformnsg",
                        "azurerm_public_ip.myterraformpublicip.*",
                        "azurerm_resource_group.myterraformgroup",
                        "azurerm_subnet.myterraformsubnet"
                    ],
                    "primary": {
                        "id": "/subscriptions/3abd0dd5-602a-4620-b1f8-d53bf2a6dbad/resourceGroups/myResourceGroup/providers/Microsoft.Network/networkInterfaces/myNIC-0",
                        "attributes": {
                            "applied_dns_servers.#": "0",
                            "dns_servers.#": "0",
                            "enable_accelerated_networking": "false",
                            "enable_ip_forwarding": "false",
                            "id": "/subscriptions/3abd0dd5-602a-4620-b1f8-d53bf2a6dbad/resourceGroups/myResourceGroup/providers/Microsoft.Network/networkInterfaces/myNIC-0",
                            "internal_dns_name_label": "",
                            "internal_fqdn": "",
                            "ip_configuration.#": "1",
                            "ip_configuration.0.application_gateway_backend_address_pools_ids.#": "0",
                            "ip_configuration.0.application_security_group_ids.#": "0",
                            "ip_configuration.0.load_balancer_backend_address_pools_ids.#": "0",
                            "ip_configuration.0.load_balancer_inbound_nat_rules_ids.#": "0",
                            "ip_configuration.0.name": "myNicConfiguration",
                            "ip_configuration.0.primary": "true",
                            "ip_configuration.0.private_ip_address": "",
                            "ip_configuration.0.private_ip_address_allocation": "dynamic",
                            "ip_configuration.0.public_ip_address_id": "/subscriptions/3abd0dd5-602a-4620-b1f8-d53bf2a6dbad/resourceGroups/myResourceGroup/providers/Microsoft.Network/publicIPAddresses/myPublicIP-0-moshe",
                            "ip_configuration.0.subnet_id": "/subscriptions/3abd0dd5-602a-4620-b1f8-d53bf2a6dbad/resourceGroups/myResourceGroup/providers/Microsoft.Network/virtualNetworks/myVnet/subnets/mySubnet",
                            "location": "eastus",
                            "mac_address": "",
                            "name": "myNIC-0",
                            "network_security_group_id": "/subscriptions/3abd0dd5-602a-4620-b1f8-d53bf2a6dbad/resourceGroups/myResourceGroup/providers/Microsoft.Network/networkSecurityGroups/myNetworkSecurityGroup",
                            "private_ip_address": "10.0.1.5",
                            "private_ip_addresses.#": "1",
                            "private_ip_addresses.0": "10.0.1.5",
                            "resource_group_name": "myResourceGroup",
                            "tags.%": "1",
                            "tags.environment": "Terraform Demo"
                        },
                        "meta": {},
                        "tainted": false
                    },
                    "deposed": [],
                    "provider": "provider.azurerm"
                },
                "azurerm_network_interface.myterraformnic.1": {
                    "type": "azurerm_network_interface",
                    "depends_on": [
                        "azurerm_network_security_group.myterraformnsg",
                        "azurerm_public_ip.myterraformpublicip.*",
                        "azurerm_resource_group.myterraformgroup",
                        "azurerm_subnet.myterraformsubnet"
                    ],
                    "primary": {
                        "id": "/subscriptions/3abd0dd5-602a-4620-b1f8-d53bf2a6dbad/resourceGroups/myResourceGroup/providers/Microsoft.Network/networkInterfaces/myNIC-1",
                        "attributes": {
                            "applied_dns_servers.#": "0",
                            "dns_servers.#": "0",
                            "enable_accelerated_networking": "false",
                            "enable_ip_forwarding": "false",
                            "id": "/subscriptions/3abd0dd5-602a-4620-b1f8-d53bf2a6dbad/resourceGroups/myResourceGroup/providers/Microsoft.Network/networkInterfaces/myNIC-1",
                            "internal_dns_name_label": "",
                            "internal_fqdn": "",
                            "ip_configuration.#": "1",
                            "ip_configuration.0.application_gateway_backend_address_pools_ids.#": "0",
                            "ip_configuration.0.application_security_group_ids.#": "0",
                            "ip_configuration.0.load_balancer_backend_address_pools_ids.#": "0",
                            "ip_configuration.0.load_balancer_inbound_nat_rules_ids.#": "0",
                            "ip_configuration.0.name": "myNicConfiguration",
                            "ip_configuration.0.primary": "true",
                            "ip_configuration.0.private_ip_address": "",
                            "ip_configuration.0.private_ip_address_allocation": "dynamic",
                            "ip_configuration.0.public_ip_address_id": "/subscriptions/3abd0dd5-602a-4620-b1f8-d53bf2a6dbad/resourceGroups/myResourceGroup/providers/Microsoft.Network/publicIPAddresses/myPublicIP-1-moshe",
                            "ip_configuration.0.subnet_id": "/subscriptions/3abd0dd5-602a-4620-b1f8-d53bf2a6dbad/resourceGroups/myResourceGroup/providers/Microsoft.Network/virtualNetworks/myVnet/subnets/mySubnet",
                            "location": "eastus",
                            "mac_address": "",
                            "name": "myNIC-1",
                            "network_security_group_id": "/subscriptions/3abd0dd5-602a-4620-b1f8-d53bf2a6dbad/resourceGroups/myResourceGroup/providers/Microsoft.Network/networkSecurityGroups/myNetworkSecurityGroup",
                            "private_ip_address": "10.0.1.13",
                            "private_ip_addresses.#": "1",
                            "private_ip_addresses.0": "10.0.1.13",
                            "resource_group_name": "myResourceGroup",
                            "tags.%": "1",
                            "tags.environment": "Terraform Demo"
                        },
                        "meta": {},
                        "tainted": false
                    },
                    "deposed": [],
                    "provider": "provider.azurerm"
                },
                "azurerm_network_interface.myterraformnic.2": {
                    "type": "azurerm_network_interface",
                    "depends_on": [
                        "azurerm_network_security_group.myterraformnsg",
                        "azurerm_public_ip.myterraformpublicip.*",
                        "azurerm_resource_group.myterraformgroup",
                        "azurerm_subnet.myterraformsubnet"
                    ],
                    "primary": {
                        "id": "/subscriptions/3abd0dd5-602a-4620-b1f8-d53bf2a6dbad/resourceGroups/myResourceGroup/providers/Microsoft.Network/networkInterfaces/myNIC-2",
                        "attributes": {
                            "applied_dns_servers.#": "0",
                            "dns_servers.#": "0",
                            "enable_accelerated_networking": "false",
                            "enable_ip_forwarding": "false",
                            "id": "/subscriptions/3abd0dd5-602a-4620-b1f8-d53bf2a6dbad/resourceGroups/myResourceGroup/providers/Microsoft.Network/networkInterfaces/myNIC-2",
                            "internal_dns_name_label": "",
                            "internal_fqdn": "",
                            "ip_configuration.#": "1",
                            "ip_configuration.0.application_gateway_backend_address_pools_ids.#": "0",
                            "ip_configuration.0.application_security_group_ids.#": "0",
                            "ip_configuration.0.load_balancer_backend_address_pools_ids.#": "0",
                            "ip_configuration.0.load_balancer_inbound_nat_rules_ids.#": "0",
                            "ip_configuration.0.name": "myNicConfiguration",
                            "ip_configuration.0.primary": "true",
                            "ip_configuration.0.private_ip_address": "",
                            "ip_configuration.0.private_ip_address_allocation": "dynamic",
                            "ip_configuration.0.public_ip_address_id": "/subscriptions/3abd0dd5-602a-4620-b1f8-d53bf2a6dbad/resourceGroups/myResourceGroup/providers/Microsoft.Network/publicIPAddresses/myPublicIP-2-moshe",
                            "ip_configuration.0.subnet_id": "/subscriptions/3abd0dd5-602a-4620-b1f8-d53bf2a6dbad/resourceGroups/myResourceGroup/providers/Microsoft.Network/virtualNetworks/myVnet/subnets/mySubnet",
                            "location": "eastus",
                            "mac_address": "",
                            "name": "myNIC-2",
                            "network_security_group_id": "/subscriptions/3abd0dd5-602a-4620-b1f8-d53bf2a6dbad/resourceGroups/myResourceGroup/providers/Microsoft.Network/networkSecurityGroups/myNetworkSecurityGroup",
                            "private_ip_address": "10.0.1.4",
                            "private_ip_addresses.#": "1",
                            "private_ip_addresses.0": "10.0.1.4",
                            "resource_group_name": "myResourceGroup",
                            "tags.%": "1",
                            "tags.environment": "Terraform Demo"
                        },
                        "meta": {},
                        "tainted": false
                    },
                    "deposed": [],
                    "provider": "provider.azurerm"
                },
                "azurerm_network_interface.myterraformnic.3": {
                    "type": "azurerm_network_interface",
                    "depends_on": [
                        "azurerm_network_security_group.myterraformnsg",
                        "azurerm_public_ip.myterraformpublicip.*",
                        "azurerm_resource_group.myterraformgroup",
                        "azurerm_subnet.myterraformsubnet"
                    ],
                    "primary": {
                        "id": "/subscriptions/3abd0dd5-602a-4620-b1f8-d53bf2a6dbad/resourceGroups/myResourceGroup/providers/Microsoft.Network/networkInterfaces/myNIC-3",
                        "attributes": {
                            "applied_dns_servers.#": "0",
                            "dns_servers.#": "0",
                            "enable_accelerated_networking": "false",
                            "enable_ip_forwarding": "false",
                            "id": "/subscriptions/3abd0dd5-602a-4620-b1f8-d53bf2a6dbad/resourceGroups/myResourceGroup/providers/Microsoft.Network/networkInterfaces/myNIC-3",
                            "internal_dns_name_label": "",
                            "internal_fqdn": "",
                            "ip_configuration.#": "1",
                            "ip_configuration.0.application_gateway_backend_address_pools_ids.#": "0",
                            "ip_configuration.0.application_security_group_ids.#": "0",
                            "ip_configuration.0.load_balancer_backend_address_pools_ids.#": "0",
                            "ip_configuration.0.load_balancer_inbound_nat_rules_ids.#": "0",
                            "ip_configuration.0.name": "myNicConfiguration",
                            "ip_configuration.0.primary": "true",
                            "ip_configuration.0.private_ip_address": "",
                            "ip_configuration.0.private_ip_address_allocation": "dynamic",
                            "ip_configuration.0.public_ip_address_id": "/subscriptions/3abd0dd5-602a-4620-b1f8-d53bf2a6dbad/resourceGroups/myResourceGroup/providers/Microsoft.Network/publicIPAddresses/myPublicIP-3-moshe",
                            "ip_configuration.0.subnet_id": "/subscriptions/3abd0dd5-602a-4620-b1f8-d53bf2a6dbad/resourceGroups/myResourceGroup/providers/Microsoft.Network/virtualNetworks/myVnet/subnets/mySubnet",
                            "location": "eastus",
                            "mac_address": "",
                            "name": "myNIC-3",
                            "network_security_group_id": "/subscriptions/3abd0dd5-602a-4620-b1f8-d53bf2a6dbad/resourceGroups/myResourceGroup/providers/Microsoft.Network/networkSecurityGroups/myNetworkSecurityGroup",
                            "private_ip_address": "10.0.1.10",
                            "private_ip_addresses.#": "1",
                            "private_ip_addresses.0": "10.0.1.10",
                            "resource_group_name": "myResourceGroup",
                            "tags.%": "1",
                            "tags.environment": "Terraform Demo"
                        },
                        "meta": {},
                        "tainted": false
                    },
                    "deposed": [],
                    "provider": "provider.azurerm"
                },
                "azurerm_network_interface.myterraformnic.4": {
                    "type": "azurerm_network_interface",
                    "depends_on": [
                        "azurerm_network_security_group.myterraformnsg",
                        "azurerm_public_ip.myterraformpublicip.*",
                        "azurerm_resource_group.myterraformgroup",
                        "azurerm_subnet.myterraformsubnet"
                    ],
                    "primary": {
                        "id": "/subscriptions/3abd0dd5-602a-4620-b1f8-d53bf2a6dbad/resourceGroups/myResourceGroup/providers/Microsoft.Network/networkInterfaces/myNIC-4",
                        "attributes": {
                            "applied_dns_servers.#": "0",
                            "dns_servers.#": "0",
                            "enable_accelerated_networking": "false",
                            "enable_ip_forwarding": "false",
                            "id": "/subscriptions/3abd0dd5-602a-4620-b1f8-d53bf2a6dbad/resourceGroups/myResourceGroup/providers/Microsoft.Network/networkInterfaces/myNIC-4",
                            "internal_dns_name_label": "",
                            "internal_fqdn": "",
                            "ip_configuration.#": "1",
                            "ip_configuration.0.application_gateway_backend_address_pools_ids.#": "0",
                            "ip_configuration.0.application_security_group_ids.#": "0",
                            "ip_configuration.0.load_balancer_backend_address_pools_ids.#": "0",
                            "ip_configuration.0.load_balancer_inbound_nat_rules_ids.#": "0",
                            "ip_configuration.0.name": "myNicConfiguration",
                            "ip_configuration.0.primary": "true",
                            "ip_configuration.0.private_ip_address": "",
                            "ip_configuration.0.private_ip_address_allocation": "dynamic",
                            "ip_configuration.0.public_ip_address_id": "/subscriptions/3abd0dd5-602a-4620-b1f8-d53bf2a6dbad/resourceGroups/myResourceGroup/providers/Microsoft.Network/publicIPAddresses/myPublicIP-4-moshe",
                            "ip_configuration.0.subnet_id": "/subscriptions/3abd0dd5-602a-4620-b1f8-d53bf2a6dbad/resourceGroups/myResourceGroup/providers/Microsoft.Network/virtualNetworks/myVnet/subnets/mySubnet",
                            "location": "eastus",
                            "mac_address": "",
                            "name": "myNIC-4",
                            "network_security_group_id": "/subscriptions/3abd0dd5-602a-4620-b1f8-d53bf2a6dbad/resourceGroups/myResourceGroup/providers/Microsoft.Network/networkSecurityGroups/myNetworkSecurityGroup",
                            "private_ip_address": "10.0.1.8",
                            "private_ip_addresses.#": "1",
                            "private_ip_addresses.0": "10.0.1.8",
                            "resource_group_name": "myResourceGroup",
                            "tags.%": "1",
                            "tags.environment": "Terraform Demo"
                        },
                        "meta": {},
                        "tainted": false
                    },
                    "deposed": [],
                    "provider": "provider.azurerm"
                },
                "azurerm_network_interface.myterraformnic.5": {
                    "type": "azurerm_network_interface",
                    "depends_on": [
                        "azurerm_network_security_group.myterraformnsg",
                        "azurerm_public_ip.myterraformpublicip.*",
                        "azurerm_resource_group.myterraformgroup",
                        "azurerm_subnet.myterraformsubnet"
                    ],
                    "primary": {
                        "id": "/subscriptions/3abd0dd5-602a-4620-b1f8-d53bf2a6dbad/resourceGroups/myResourceGroup/providers/Microsoft.Network/networkInterfaces/myNIC-5",
                        "attributes": {
                            "applied_dns_servers.#": "0",
                            "dns_servers.#": "0",
                            "enable_accelerated_networking": "false",
                            "enable_ip_forwarding": "false",
                            "id": "/subscriptions/3abd0dd5-602a-4620-b1f8-d53bf2a6dbad/resourceGroups/myResourceGroup/providers/Microsoft.Network/networkInterfaces/myNIC-5",
                            "internal_dns_name_label": "",
                            "internal_fqdn": "",
                            "ip_configuration.#": "1",
                            "ip_configuration.0.application_gateway_backend_address_pools_ids.#": "0",
                            "ip_configuration.0.application_security_group_ids.#": "0",
                            "ip_configuration.0.load_balancer_backend_address_pools_ids.#": "0",
                            "ip_configuration.0.load_balancer_inbound_nat_rules_ids.#": "0",
                            "ip_configuration.0.name": "myNicConfiguration",
                            "ip_configuration.0.primary": "true",
                            "ip_configuration.0.private_ip_address": "",
                            "ip_configuration.0.private_ip_address_allocation": "dynamic",
                            "ip_configuration.0.public_ip_address_id": "/subscriptions/3abd0dd5-602a-4620-b1f8-d53bf2a6dbad/resourceGroups/myResourceGroup/providers/Microsoft.Network/publicIPAddresses/myPublicIP-5-moshe",
                            "ip_configuration.0.subnet_id": "/subscriptions/3abd0dd5-602a-4620-b1f8-d53bf2a6dbad/resourceGroups/myResourceGroup/providers/Microsoft.Network/virtualNetworks/myVnet/subnets/mySubnet",
                            "location": "eastus",
                            "mac_address": "",
                            "name": "myNIC-5",
                            "network_security_group_id": "/subscriptions/3abd0dd5-602a-4620-b1f8-d53bf2a6dbad/resourceGroups/myResourceGroup/providers/Microsoft.Network/networkSecurityGroups/myNetworkSecurityGroup",
                            "private_ip_address": "10.0.1.11",
                            "private_ip_addresses.#": "1",
                            "private_ip_addresses.0": "10.0.1.11",
                            "resource_group_name": "myResourceGroup",
                            "tags.%": "1",
                            "tags.environment": "Terraform Demo"
                        },
                        "meta": {},
                        "tainted": false
                    },
                    "deposed": [],
                    "provider": "provider.azurerm"
                },
                "azurerm_network_interface.myterraformnic.6": {
                    "type": "azurerm_network_interface",
                    "depends_on": [
                        "azurerm_network_security_group.myterraformnsg",
                        "azurerm_public_ip.myterraformpublicip.*",
                        "azurerm_resource_group.myterraformgroup",
                        "azurerm_subnet.myterraformsubnet"
                    ],
                    "primary": {
                        "id": "/subscriptions/3abd0dd5-602a-4620-b1f8-d53bf2a6dbad/resourceGroups/myResourceGroup/providers/Microsoft.Network/networkInterfaces/myNIC-6",
                        "attributes": {
                            "applied_dns_servers.#": "0",
                            "dns_servers.#": "0",
                            "enable_accelerated_networking": "false",
                            "enable_ip_forwarding": "false",
                            "id": "/subscriptions/3abd0dd5-602a-4620-b1f8-d53bf2a6dbad/resourceGroups/myResourceGroup/providers/Microsoft.Network/networkInterfaces/myNIC-6",
                            "internal_dns_name_label": "",
                            "internal_fqdn": "",
                            "ip_configuration.#": "1",
                            "ip_configuration.0.application_gateway_backend_address_pools_ids.#": "0",
                            "ip_configuration.0.application_security_group_ids.#": "0",
                            "ip_configuration.0.load_balancer_backend_address_pools_ids.#": "0",
                            "ip_configuration.0.load_balancer_inbound_nat_rules_ids.#": "0",
                            "ip_configuration.0.name": "myNicConfiguration",
                            "ip_configuration.0.primary": "true",
                            "ip_configuration.0.private_ip_address": "",
                            "ip_configuration.0.private_ip_address_allocation": "dynamic",
                            "ip_configuration.0.public_ip_address_id": "/subscriptions/3abd0dd5-602a-4620-b1f8-d53bf2a6dbad/resourceGroups/myResourceGroup/providers/Microsoft.Network/publicIPAddresses/myPublicIP-6-moshe",
                            "ip_configuration.0.subnet_id": "/subscriptions/3abd0dd5-602a-4620-b1f8-d53bf2a6dbad/resourceGroups/myResourceGroup/providers/Microsoft.Network/virtualNetworks/myVnet/subnets/mySubnet",
                            "location": "eastus",
                            "mac_address": "",
                            "name": "myNIC-6",
                            "network_security_group_id": "/subscriptions/3abd0dd5-602a-4620-b1f8-d53bf2a6dbad/resourceGroups/myResourceGroup/providers/Microsoft.Network/networkSecurityGroups/myNetworkSecurityGroup",
                            "private_ip_address": "10.0.1.9",
                            "private_ip_addresses.#": "1",
                            "private_ip_addresses.0": "10.0.1.9",
                            "resource_group_name": "myResourceGroup",
                            "tags.%": "1",
                            "tags.environment": "Terraform Demo"
                        },
                        "meta": {},
                        "tainted": false
                    },
                    "deposed": [],
                    "provider": "provider.azurerm"
                },
                "azurerm_network_interface.myterraformnic.7": {
                    "type": "azurerm_network_interface",
                    "depends_on": [
                        "azurerm_network_security_group.myterraformnsg",
                        "azurerm_public_ip.myterraformpublicip.*",
                        "azurerm_resource_group.myterraformgroup",
                        "azurerm_subnet.myterraformsubnet"
                    ],
                    "primary": {
                        "id": "/subscriptions/3abd0dd5-602a-4620-b1f8-d53bf2a6dbad/resourceGroups/myResourceGroup/providers/Microsoft.Network/networkInterfaces/myNIC-7",
                        "attributes": {
                            "applied_dns_servers.#": "0",
                            "dns_servers.#": "0",
                            "enable_accelerated_networking": "false",
                            "enable_ip_forwarding": "false",
                            "id": "/subscriptions/3abd0dd5-602a-4620-b1f8-d53bf2a6dbad/resourceGroups/myResourceGroup/providers/Microsoft.Network/networkInterfaces/myNIC-7",
                            "internal_dns_name_label": "",
                            "internal_fqdn": "",
                            "ip_configuration.#": "1",
                            "ip_configuration.0.application_gateway_backend_address_pools_ids.#": "0",
                            "ip_configuration.0.application_security_group_ids.#": "0",
                            "ip_configuration.0.load_balancer_backend_address_pools_ids.#": "0",
                            "ip_configuration.0.load_balancer_inbound_nat_rules_ids.#": "0",
                            "ip_configuration.0.name": "myNicConfiguration",
                            "ip_configuration.0.primary": "true",
                            "ip_configuration.0.private_ip_address": "",
                            "ip_configuration.0.private_ip_address_allocation": "dynamic",
                            "ip_configuration.0.public_ip_address_id": "/subscriptions/3abd0dd5-602a-4620-b1f8-d53bf2a6dbad/resourceGroups/myResourceGroup/providers/Microsoft.Network/publicIPAddresses/myPublicIP-7-moshe",
                            "ip_configuration.0.subnet_id": "/subscriptions/3abd0dd5-602a-4620-b1f8-d53bf2a6dbad/resourceGroups/myResourceGroup/providers/Microsoft.Network/virtualNetworks/myVnet/subnets/mySubnet",
                            "location": "eastus",
                            "mac_address": "",
                            "name": "myNIC-7",
                            "network_security_group_id": "/subscriptions/3abd0dd5-602a-4620-b1f8-d53bf2a6dbad/resourceGroups/myResourceGroup/providers/Microsoft.Network/networkSecurityGroups/myNetworkSecurityGroup",
                            "private_ip_address": "10.0.1.12",
                            "private_ip_addresses.#": "1",
                            "private_ip_addresses.0": "10.0.1.12",
                            "resource_group_name": "myResourceGroup",
                            "tags.%": "1",
                            "tags.environment": "Terraform Demo"
                        },
                        "meta": {},
                        "tainted": false
                    },
                    "deposed": [],
                    "provider": "provider.azurerm"
                },
                "azurerm_network_interface.myterraformnic.8": {
                    "type": "azurerm_network_interface",
                    "depends_on": [
                        "azurerm_network_security_group.myterraformnsg",
                        "azurerm_public_ip.myterraformpublicip.*",
                        "azurerm_resource_group.myterraformgroup",
                        "azurerm_subnet.myterraformsubnet"
                    ],
                    "primary": {
                        "id": "/subscriptions/3abd0dd5-602a-4620-b1f8-d53bf2a6dbad/resourceGroups/myResourceGroup/providers/Microsoft.Network/networkInterfaces/myNIC-8",
                        "attributes": {
                            "applied_dns_servers.#": "0",
                            "dns_servers.#": "0",
                            "enable_accelerated_networking": "false",
                            "enable_ip_forwarding": "false",
                            "id": "/subscriptions/3abd0dd5-602a-4620-b1f8-d53bf2a6dbad/resourceGroups/myResourceGroup/providers/Microsoft.Network/networkInterfaces/myNIC-8",
                            "internal_dns_name_label": "",
                            "internal_fqdn": "",
                            "ip_configuration.#": "1",
                            "ip_configuration.0.application_gateway_backend_address_pools_ids.#": "0",
                            "ip_configuration.0.application_security_group_ids.#": "0",
                            "ip_configuration.0.load_balancer_backend_address_pools_ids.#": "0",
                            "ip_configuration.0.load_balancer_inbound_nat_rules_ids.#": "0",
                            "ip_configuration.0.name": "myNicConfiguration",
                            "ip_configuration.0.primary": "true",
                            "ip_configuration.0.private_ip_address": "",
                            "ip_configuration.0.private_ip_address_allocation": "dynamic",
                            "ip_configuration.0.public_ip_address_id": "/subscriptions/3abd0dd5-602a-4620-b1f8-d53bf2a6dbad/resourceGroups/myResourceGroup/providers/Microsoft.Network/publicIPAddresses/myPublicIP-8-moshe",
                            "ip_configuration.0.subnet_id": "/subscriptions/3abd0dd5-602a-4620-b1f8-d53bf2a6dbad/resourceGroups/myResourceGroup/providers/Microsoft.Network/virtualNetworks/myVnet/subnets/mySubnet",
                            "location": "eastus",
                            "mac_address": "",
                            "name": "myNIC-8",
                            "network_security_group_id": "/subscriptions/3abd0dd5-602a-4620-b1f8-d53bf2a6dbad/resourceGroups/myResourceGroup/providers/Microsoft.Network/networkSecurityGroups/myNetworkSecurityGroup",
                            "private_ip_address": "10.0.1.7",
                            "private_ip_addresses.#": "1",
                            "private_ip_addresses.0": "10.0.1.7",
                            "resource_group_name": "myResourceGroup",
                            "tags.%": "1",
                            "tags.environment": "Terraform Demo"
                        },
                        "meta": {},
                        "tainted": false
                    },
                    "deposed": [],
                    "provider": "provider.azurerm"
                },
                "azurerm_network_interface.myterraformnic.9": {
                    "type": "azurerm_network_interface",
                    "depends_on": [
                        "azurerm_network_security_group.myterraformnsg",
                        "azurerm_public_ip.myterraformpublicip.*",
                        "azurerm_resource_group.myterraformgroup",
                        "azurerm_subnet.myterraformsubnet"
                    ],
                    "primary": {
                        "id": "/subscriptions/3abd0dd5-602a-4620-b1f8-d53bf2a6dbad/resourceGroups/myResourceGroup/providers/Microsoft.Network/networkInterfaces/myNIC-9",
                        "attributes": {
                            "applied_dns_servers.#": "0",
                            "dns_servers.#": "0",
                            "enable_accelerated_networking": "false",
                            "enable_ip_forwarding": "false",
                            "id": "/subscriptions/3abd0dd5-602a-4620-b1f8-d53bf2a6dbad/resourceGroups/myResourceGroup/providers/Microsoft.Network/networkInterfaces/myNIC-9",
                            "internal_dns_name_label": "",
                            "internal_fqdn": "",
                            "ip_configuration.#": "1",
                            "ip_configuration.0.application_gateway_backend_address_pools_ids.#": "0",
                            "ip_configuration.0.application_security_group_ids.#": "0",
                            "ip_configuration.0.load_balancer_backend_address_pools_ids.#": "0",
                            "ip_configuration.0.load_balancer_inbound_nat_rules_ids.#": "0",
                            "ip_configuration.0.name": "myNicConfiguration",
                            "ip_configuration.0.primary": "true",
                            "ip_configuration.0.private_ip_address": "",
                            "ip_configuration.0.private_ip_address_allocation": "dynamic",
                            "ip_configuration.0.public_ip_address_id": "/subscriptions/3abd0dd5-602a-4620-b1f8-d53bf2a6dbad/resourceGroups/myResourceGroup/providers/Microsoft.Network/publicIPAddresses/myPublicIP-9-moshe",
                            "ip_configuration.0.subnet_id": "/subscriptions/3abd0dd5-602a-4620-b1f8-d53bf2a6dbad/resourceGroups/myResourceGroup/providers/Microsoft.Network/virtualNetworks/myVnet/subnets/mySubnet",
                            "location": "eastus",
                            "mac_address": "",
                            "name": "myNIC-9",
                            "network_security_group_id": "/subscriptions/3abd0dd5-602a-4620-b1f8-d53bf2a6dbad/resourceGroups/myResourceGroup/providers/Microsoft.Network/networkSecurityGroups/myNetworkSecurityGroup",
                            "private_ip_address": "10.0.1.6",
                            "private_ip_addresses.#": "1",
                            "private_ip_addresses.0": "10.0.1.6",
                            "resource_group_name": "myResourceGroup",
                            "tags.%": "1",
                            "tags.environment": "Terraform Demo"
                        },
                        "meta": {},
                        "tainted": false
                    },
                    "deposed": [],
                    "provider": "provider.azurerm"
                },
                "azurerm_network_security_group.myterraformnsg": {
                    "type": "azurerm_network_security_group",
                    "depends_on": [
                        "azurerm_resource_group.myterraformgroup"
                    ],
                    "primary": {
                        "id": "/subscriptions/3abd0dd5-602a-4620-b1f8-d53bf2a6dbad/resourceGroups/myResourceGroup/providers/Microsoft.Network/networkSecurityGroups/myNetworkSecurityGroup",
                        "attributes": {
                            "id": "/subscriptions/3abd0dd5-602a-4620-b1f8-d53bf2a6dbad/resourceGroups/myResourceGroup/providers/Microsoft.Network/networkSecurityGroups/myNetworkSecurityGroup",
                            "location": "eastus",
                            "name": "myNetworkSecurityGroup",
                            "resource_group_name": "myResourceGroup",
                            "security_rule.#": "1",
                            "security_rule.2090309246.access": "Allow",
                            "security_rule.2090309246.description": "",
                            "security_rule.2090309246.destination_address_prefix": "*",
                            "security_rule.2090309246.destination_address_prefixes.#": "0",
                            "security_rule.2090309246.destination_application_security_group_ids.#": "0",
                            "security_rule.2090309246.destination_port_range": "22",
                            "security_rule.2090309246.destination_port_ranges.#": "0",
                            "security_rule.2090309246.direction": "Inbound",
                            "security_rule.2090309246.name": "SSH",
                            "security_rule.2090309246.priority": "1001",
                            "security_rule.2090309246.protocol": "Tcp",
                            "security_rule.2090309246.source_address_prefix": "*",
                            "security_rule.2090309246.source_address_prefixes.#": "0",
                            "security_rule.2090309246.source_application_security_group_ids.#": "0",
                            "security_rule.2090309246.source_port_range": "*",
                            "security_rule.2090309246.source_port_ranges.#": "0",
                            "tags.%": "1",
                            "tags.environment": "Terraform Demo"
                        },
                        "meta": {},
                        "tainted": false
                    },
                    "deposed": [],
                    "provider": "provider.azurerm"
                },
                "azurerm_public_ip.myterraformpublicip.0": {
                    "type": "azurerm_public_ip",
                    "depends_on": [
                        "azurerm_resource_group.myterraformgroup"
                    ],
                    "primary": {
                        "id": "/subscriptions/3abd0dd5-602a-4620-b1f8-d53bf2a6dbad/resourceGroups/myResourceGroup/providers/Microsoft.Network/publicIPAddresses/myPublicIP-0-moshe",
                        "attributes": {
                            "id": "/subscriptions/3abd0dd5-602a-4620-b1f8-d53bf2a6dbad/resourceGroups/myResourceGroup/providers/Microsoft.Network/publicIPAddresses/myPublicIP-0-moshe",
                            "idle_timeout_in_minutes": "4",
                            "ip_address": "",
                            "ip_version": "IPv4",
                            "location": "eastus",
                            "name": "myPublicIP-0-moshe",
                            "public_ip_address_allocation": "Dynamic",
                            "resource_group_name": "myResourceGroup",
                            "sku": "Basic",
                            "tags.%": "1",
                            "tags.environment": "Terraform Demo",
                            "zones.#": "0"
                        },
                        "meta": {},
                        "tainted": false
                    },
                    "deposed": [],
                    "provider": "provider.azurerm"
                },
                "azurerm_public_ip.myterraformpublicip.1": {
                    "type": "azurerm_public_ip",
                    "depends_on": [
                        "azurerm_resource_group.myterraformgroup"
                    ],
                    "primary": {
                        "id": "/subscriptions/3abd0dd5-602a-4620-b1f8-d53bf2a6dbad/resourceGroups/myResourceGroup/providers/Microsoft.Network/publicIPAddresses/myPublicIP-1-moshe",
                        "attributes": {
                            "id": "/subscriptions/3abd0dd5-602a-4620-b1f8-d53bf2a6dbad/resourceGroups/myResourceGroup/providers/Microsoft.Network/publicIPAddresses/myPublicIP-1-moshe",
                            "idle_timeout_in_minutes": "4",
                            "ip_address": "",
                            "ip_version": "IPv4",
                            "location": "eastus",
                            "name": "myPublicIP-1-moshe",
                            "public_ip_address_allocation": "Dynamic",
                            "resource_group_name": "myResourceGroup",
                            "sku": "Basic",
                            "tags.%": "1",
                            "tags.environment": "Terraform Demo",
                            "zones.#": "0"
                        },
                        "meta": {},
                        "tainted": false
                    },
                    "deposed": [],
                    "provider": "provider.azurerm"
                },
                "azurerm_public_ip.myterraformpublicip.2": {
                    "type": "azurerm_public_ip",
                    "depends_on": [
                        "azurerm_resource_group.myterraformgroup"
                    ],
                    "primary": {
                        "id": "/subscriptions/3abd0dd5-602a-4620-b1f8-d53bf2a6dbad/resourceGroups/myResourceGroup/providers/Microsoft.Network/publicIPAddresses/myPublicIP-2-moshe",
                        "attributes": {
                            "id": "/subscriptions/3abd0dd5-602a-4620-b1f8-d53bf2a6dbad/resourceGroups/myResourceGroup/providers/Microsoft.Network/publicIPAddresses/myPublicIP-2-moshe",
                            "idle_timeout_in_minutes": "4",
                            "ip_address": "",
                            "ip_version": "IPv4",
                            "location": "eastus",
                            "name": "myPublicIP-2-moshe",
                            "public_ip_address_allocation": "Dynamic",
                            "resource_group_name": "myResourceGroup",
                            "sku": "Basic",
                            "tags.%": "1",
                            "tags.environment": "Terraform Demo",
                            "zones.#": "0"
                        },
                        "meta": {},
                        "tainted": false
                    },
                    "deposed": [],
                    "provider": "provider.azurerm"
                },
                "azurerm_public_ip.myterraformpublicip.3": {
                    "type": "azurerm_public_ip",
                    "depends_on": [
                        "azurerm_resource_group.myterraformgroup"
                    ],
                    "primary": {
                        "id": "/subscriptions/3abd0dd5-602a-4620-b1f8-d53bf2a6dbad/resourceGroups/myResourceGroup/providers/Microsoft.Network/publicIPAddresses/myPublicIP-3-moshe",
                        "attributes": {
                            "id": "/subscriptions/3abd0dd5-602a-4620-b1f8-d53bf2a6dbad/resourceGroups/myResourceGroup/providers/Microsoft.Network/publicIPAddresses/myPublicIP-3-moshe",
                            "idle_timeout_in_minutes": "4",
                            "ip_address": "",
                            "ip_version": "IPv4",
                            "location": "eastus",
                            "name": "myPublicIP-3-moshe",
                            "public_ip_address_allocation": "Dynamic",
                            "resource_group_name": "myResourceGroup",
                            "sku": "Basic",
                            "tags.%": "1",
                            "tags.environment": "Terraform Demo",
                            "zones.#": "0"
                        },
                        "meta": {},
                        "tainted": false
                    },
                    "deposed": [],
                    "provider": "provider.azurerm"
                },
                "azurerm_public_ip.myterraformpublicip.4": {
                    "type": "azurerm_public_ip",
                    "depends_on": [
                        "azurerm_resource_group.myterraformgroup"
                    ],
                    "primary": {
                        "id": "/subscriptions/3abd0dd5-602a-4620-b1f8-d53bf2a6dbad/resourceGroups/myResourceGroup/providers/Microsoft.Network/publicIPAddresses/myPublicIP-4-moshe",
                        "attributes": {
                            "id": "/subscriptions/3abd0dd5-602a-4620-b1f8-d53bf2a6dbad/resourceGroups/myResourceGroup/providers/Microsoft.Network/publicIPAddresses/myPublicIP-4-moshe",
                            "idle_timeout_in_minutes": "4",
                            "ip_address": "",
                            "ip_version": "IPv4",
                            "location": "eastus",
                            "name": "myPublicIP-4-moshe",
                            "public_ip_address_allocation": "Dynamic",
                            "resource_group_name": "myResourceGroup",
                            "sku": "Basic",
                            "tags.%": "1",
                            "tags.environment": "Terraform Demo",
                            "zones.#": "0"
                        },
                        "meta": {},
                        "tainted": false
                    },
                    "deposed": [],
                    "provider": "provider.azurerm"
                },
                "azurerm_public_ip.myterraformpublicip.5": {
                    "type": "azurerm_public_ip",
                    "depends_on": [
                        "azurerm_resource_group.myterraformgroup"
                    ],
                    "primary": {
                        "id": "/subscriptions/3abd0dd5-602a-4620-b1f8-d53bf2a6dbad/resourceGroups/myResourceGroup/providers/Microsoft.Network/publicIPAddresses/myPublicIP-5-moshe",
                        "attributes": {
                            "id": "/subscriptions/3abd0dd5-602a-4620-b1f8-d53bf2a6dbad/resourceGroups/myResourceGroup/providers/Microsoft.Network/publicIPAddresses/myPublicIP-5-moshe",
                            "idle_timeout_in_minutes": "4",
                            "ip_address": "",
                            "ip_version": "IPv4",
                            "location": "eastus",
                            "name": "myPublicIP-5-moshe",
                            "public_ip_address_allocation": "Dynamic",
                            "resource_group_name": "myResourceGroup",
                            "sku": "Basic",
                            "tags.%": "1",
                            "tags.environment": "Terraform Demo",
                            "zones.#": "0"
                        },
                        "meta": {},
                        "tainted": false
                    },
                    "deposed": [],
                    "provider": "provider.azurerm"
                },
                "azurerm_public_ip.myterraformpublicip.6": {
                    "type": "azurerm_public_ip",
                    "depends_on": [
                        "azurerm_resource_group.myterraformgroup"
                    ],
                    "primary": {
                        "id": "/subscriptions/3abd0dd5-602a-4620-b1f8-d53bf2a6dbad/resourceGroups/myResourceGroup/providers/Microsoft.Network/publicIPAddresses/myPublicIP-6-moshe",
                        "attributes": {
                            "id": "/subscriptions/3abd0dd5-602a-4620-b1f8-d53bf2a6dbad/resourceGroups/myResourceGroup/providers/Microsoft.Network/publicIPAddresses/myPublicIP-6-moshe",
                            "idle_timeout_in_minutes": "4",
                            "ip_address": "",
                            "ip_version": "IPv4",
                            "location": "eastus",
                            "name": "myPublicIP-6-moshe",
                            "public_ip_address_allocation": "Dynamic",
                            "resource_group_name": "myResourceGroup",
                            "sku": "Basic",
                            "tags.%": "1",
                            "tags.environment": "Terraform Demo",
                            "zones.#": "0"
                        },
                        "meta": {},
                        "tainted": false
                    },
                    "deposed": [],
                    "provider": "provider.azurerm"
                },
                "azurerm_public_ip.myterraformpublicip.7": {
                    "type": "azurerm_public_ip",
                    "depends_on": [
                        "azurerm_resource_group.myterraformgroup"
                    ],
                    "primary": {
                        "id": "/subscriptions/3abd0dd5-602a-4620-b1f8-d53bf2a6dbad/resourceGroups/myResourceGroup/providers/Microsoft.Network/publicIPAddresses/myPublicIP-7-moshe",
                        "attributes": {
                            "id": "/subscriptions/3abd0dd5-602a-4620-b1f8-d53bf2a6dbad/resourceGroups/myResourceGroup/providers/Microsoft.Network/publicIPAddresses/myPublicIP-7-moshe",
                            "idle_timeout_in_minutes": "4",
                            "ip_address": "",
                            "ip_version": "IPv4",
                            "location": "eastus",
                            "name": "myPublicIP-7-moshe",
                            "public_ip_address_allocation": "Dynamic",
                            "resource_group_name": "myResourceGroup",
                            "sku": "Basic",
                            "tags.%": "1",
                            "tags.environment": "Terraform Demo",
                            "zones.#": "0"
                        },
                        "meta": {},
                        "tainted": false
                    },
                    "deposed": [],
                    "provider": "provider.azurerm"
                },
                "azurerm_public_ip.myterraformpublicip.8": {
                    "type": "azurerm_public_ip",
                    "depends_on": [
                        "azurerm_resource_group.myterraformgroup"
                    ],
                    "primary": {
                        "id": "/subscriptions/3abd0dd5-602a-4620-b1f8-d53bf2a6dbad/resourceGroups/myResourceGroup/providers/Microsoft.Network/publicIPAddresses/myPublicIP-8-moshe",
                        "attributes": {
                            "id": "/subscriptions/3abd0dd5-602a-4620-b1f8-d53bf2a6dbad/resourceGroups/myResourceGroup/providers/Microsoft.Network/publicIPAddresses/myPublicIP-8-moshe",
                            "idle_timeout_in_minutes": "4",
                            "ip_address": "",
                            "ip_version": "IPv4",
                            "location": "eastus",
                            "name": "myPublicIP-8-moshe",
                            "public_ip_address_allocation": "Dynamic",
                            "resource_group_name": "myResourceGroup",
                            "sku": "Basic",
                            "tags.%": "1",
                            "tags.environment": "Terraform Demo",
                            "zones.#": "0"
                        },
                        "meta": {},
                        "tainted": false
                    },
                    "deposed": [],
                    "provider": "provider.azurerm"
                },
                "azurerm_public_ip.myterraformpublicip.9": {
                    "type": "azurerm_public_ip",
                    "depends_on": [
                        "azurerm_resource_group.myterraformgroup"
                    ],
                    "primary": {
                        "id": "/subscriptions/3abd0dd5-602a-4620-b1f8-d53bf2a6dbad/resourceGroups/myResourceGroup/providers/Microsoft.Network/publicIPAddresses/myPublicIP-9-moshe",
                        "attributes": {
                            "id": "/subscriptions/3abd0dd5-602a-4620-b1f8-d53bf2a6dbad/resourceGroups/myResourceGroup/providers/Microsoft.Network/publicIPAddresses/myPublicIP-9-moshe",
                            "idle_timeout_in_minutes": "4",
                            "ip_address": "",
                            "ip_version": "IPv4",
                            "location": "eastus",
                            "name": "myPublicIP-9-moshe",
                            "public_ip_address_allocation": "Dynamic",
                            "resource_group_name": "myResourceGroup",
                            "sku": "Basic",
                            "tags.%": "1",
                            "tags.environment": "Terraform Demo",
                            "zones.#": "0"
                        },
                        "meta": {},
                        "tainted": false
                    },
                    "deposed": [],
                    "provider": "provider.azurerm"
                },
                "azurerm_resource_group.myterraformgroup": {
                    "type": "azurerm_resource_group",
                    "depends_on": [],
                    "primary": {
                        "id": "/subscriptions/3abd0dd5-602a-4620-b1f8-d53bf2a6dbad/resourceGroups/myResourceGroup",
                        "attributes": {
                            "id": "/subscriptions/3abd0dd5-602a-4620-b1f8-d53bf2a6dbad/resourceGroups/myResourceGroup",
                            "location": "eastus",
                            "name": "myResourceGroup",
                            "tags.%": "1",
                            "tags.environment": "Terraform Demo"
                        },
                        "meta": {},
                        "tainted": false
                    },
                    "deposed": [],
                    "provider": "provider.azurerm"
                },
                "azurerm_storage_account.mystorageaccount": {
                    "type": "azurerm_storage_account",
                    "depends_on": [
                        "azurerm_resource_group.myterraformgroup",
                        "random_id.randomId"
                    ],
                    "primary": {
                        "id": "/subscriptions/3abd0dd5-602a-4620-b1f8-d53bf2a6dbad/resourceGroups/myResourceGroup/providers/Microsoft.Storage/storageAccounts/diag2299d00b973a35a9",
                        "attributes": {
                            "access_tier": "",
                            "account_encryption_source": "Microsoft.Storage",
                            "account_kind": "Storage",
                            "account_replication_type": "LRS",
                            "account_tier": "Standard",
                            "account_type": "Standard_LRS",
                            "enable_blob_encryption": "true",
                            "enable_file_encryption": "true",
                            "enable_https_traffic_only": "false",
                            "id": "/subscriptions/3abd0dd5-602a-4620-b1f8-d53bf2a6dbad/resourceGroups/myResourceGroup/providers/Microsoft.Storage/storageAccounts/diag2299d00b973a35a9",
                            "identity.#": "0",
                            "location": "eastus",
                            "name": "diag2299d00b973a35a9",
                            "network_rules.#": "0",
                            "primary_access_key": "LYyAE8xkIEOnqUt6ZtU46xvrIXU0xg4qz+CbOlvrGfoz0IkuhRRk+AdRC5WX7DMjN5u6YC1pVNDkBmioK/qjjg==",
                            "primary_blob_connection_string": "DefaultEndpointsProtocol=https;BlobEndpoint=https://diag2299d00b973a35a9.blob.core.windows.net/;AccountName=diag2299d00b973a35a9;AccountKey=LYyAE8xkIEOnqUt6ZtU46xvrIXU0xg4qz+CbOlvrGfoz0IkuhRRk+AdRC5WX7DMjN5u6YC1pVNDkBmioK/qjjg==",
                            "primary_blob_endpoint": "https://diag2299d00b973a35a9.blob.core.windows.net/",
                            "primary_connection_string": "DefaultEndpointsProtocol=https;AccountName=diag2299d00b973a35a9;AccountKey=LYyAE8xkIEOnqUt6ZtU46xvrIXU0xg4qz+CbOlvrGfoz0IkuhRRk+AdRC5WX7DMjN5u6YC1pVNDkBmioK/qjjg==;EndpointSuffix=core.windows.net",
                            "primary_file_endpoint": "https://diag2299d00b973a35a9.file.core.windows.net/",
                            "primary_location": "eastus",
                            "primary_queue_endpoint": "https://diag2299d00b973a35a9.queue.core.windows.net/",
                            "primary_table_endpoint": "https://diag2299d00b973a35a9.table.core.windows.net/",
                            "resource_group_name": "myResourceGroup",
                            "secondary_access_key": "PggeulL6nUB3yEJt//G/zE8gc6opWNp4TywJQDgjLzvIOUBQpGZ46GuYbvbhx69JEddqaQCK6cgCmtiGk3N6RQ==",
                            "secondary_connection_string": "DefaultEndpointsProtocol=https;AccountName=diag2299d00b973a35a9;AccountKey=PggeulL6nUB3yEJt//G/zE8gc6opWNp4TywJQDgjLzvIOUBQpGZ46GuYbvbhx69JEddqaQCK6cgCmtiGk3N6RQ==;EndpointSuffix=core.windows.net",
                            "secondary_location": "",
                            "tags.%": "1",
                            "tags.environment": "Terraform Demo"
                        },
                        "meta": {
                            "schema_version": "2"
                        },
                        "tainted": false
                    },
                    "deposed": [],
                    "provider": "provider.azurerm"
                },
                "azurerm_subnet.myterraformsubnet": {
                    "type": "azurerm_subnet",
                    "depends_on": [
                        "azurerm_resource_group.myterraformgroup",
                        "azurerm_virtual_network.myterraformnetwork"
                    ],
                    "primary": {
                        "id": "/subscriptions/3abd0dd5-602a-4620-b1f8-d53bf2a6dbad/resourceGroups/myResourceGroup/providers/Microsoft.Network/virtualNetworks/myVnet/subnets/mySubnet",
                        "attributes": {
                            "address_prefix": "10.0.1.0/24",
                            "id": "/subscriptions/3abd0dd5-602a-4620-b1f8-d53bf2a6dbad/resourceGroups/myResourceGroup/providers/Microsoft.Network/virtualNetworks/myVnet/subnets/mySubnet",
                            "ip_configurations.#": "0",
                            "name": "mySubnet",
                            "resource_group_name": "myResourceGroup",
                            "route_table_id": "",
                            "service_endpoints.#": "0",
                            "virtual_network_name": "myVnet"
                        },
                        "meta": {},
                        "tainted": false
                    },
                    "deposed": [],
                    "provider": "provider.azurerm"
                },
                "azurerm_virtual_network.myterraformnetwork": {
                    "type": "azurerm_virtual_network",
                    "depends_on": [
                        "azurerm_resource_group.myterraformgroup"
                    ],
                    "primary": {
                        "id": "/subscriptions/3abd0dd5-602a-4620-b1f8-d53bf2a6dbad/resourceGroups/myResourceGroup/providers/Microsoft.Network/virtualNetworks/myVnet",
                        "attributes": {
                            "address_space.#": "1",
                            "address_space.0": "10.0.0.0/16",
                            "dns_servers.#": "0",
                            "id": "/subscriptions/3abd0dd5-602a-4620-b1f8-d53bf2a6dbad/resourceGroups/myResourceGroup/providers/Microsoft.Network/virtualNetworks/myVnet",
                            "location": "eastus",
                            "name": "myVnet",
                            "resource_group_name": "myResourceGroup",
                            "subnet.#": "0",
                            "tags.%": "1",
                            "tags.environment": "Terraform Demo"
                        },
                        "meta": {},
                        "tainted": false
                    },
                    "deposed": [],
                    "provider": "provider.azurerm"
                },
                "random_id.randomId": {
                    "type": "random_id",
                    "depends_on": [
                        "azurerm_resource_group.myterraformgroup"
                    ],
                    "primary": {
                        "id": "IpnQC5c6Nak",
                        "attributes": {
                            "b64": "IpnQC5c6Nak",
                            "b64_std": "IpnQC5c6Nak=",
                            "b64_url": "IpnQC5c6Nak",
                            "byte_length": "8",
                            "dec": "2493252616926672297",
                            "hex": "2299d00b973a35a9",
                            "id": "IpnQC5c6Nak",
                            "keepers.%": "1",
                            "keepers.resource_group": "myResourceGroup"
                        },
                        "meta": {},
                        "tainted": false
                    },
                    "deposed": [],
                    "provider": "provider.random"
                }
            },
            "depends_on": []
        }
    ]
}
