{
    "version": 3,
    "terraform_version": "0.11.10",
    "serial": 47,
    "lineage": "8658e926-ca76-0a09-918c-1fe165c93cf5",
    "modules": [
        {
            "path": [
                "root"
            ],
            "outputs": {
                "public_ip": {
                    "sensitive": false,
                    "type": "list",
                    "value": [
                        "23.96.110.80",
                        "23.96.96.132",
                        "137.135.112.62",
                        "23.96.99.12",
                        "23.96.111.72",
                        "23.96.110.68",
                        "23.96.111.104",
                        "23.96.41.89"
                    ]
                }
            },
            "resources": {
                "azurerm_availability_set.availability_set_deploy": {
                    "type": "azurerm_availability_set",
                    "depends_on": [
                        "azurerm_resource_group.resource_group_deploy"
                    ],
                    "primary": {
                        "id": "/subscriptions/3abd0dd5-602a-4620-b1f8-d53bf2a6dbad/resourceGroups/resource_group_deploy/providers/Microsoft.Compute/availabilitySets/availability_set_deploy",
                        "attributes": {
                            "id": "/subscriptions/3abd0dd5-602a-4620-b1f8-d53bf2a6dbad/resourceGroups/resource_group_deploy/providers/Microsoft.Compute/availabilitySets/availability_set_deploy",
                            "location": "eastus",
                            "managed": "true",
                            "name": "availability_set_deploy",
                            "platform_fault_domain_count": "2",
                            "platform_update_domain_count": "2",
                            "resource_group_name": "resource_group_deploy",
                            "tags.%": "0"
                        },
                        "meta": {},
                        "tainted": false
                    },
                    "deposed": [],
                    "provider": "provider.azurerm"
                },
                "azurerm_lb.lb_deploy": {
                    "type": "azurerm_lb",
                    "depends_on": [
                        "azurerm_public_ip.public_ip_lb_deploy",
                        "azurerm_resource_group.resource_group_deploy"
                    ],
                    "primary": {
                        "id": "/subscriptions/3abd0dd5-602a-4620-b1f8-d53bf2a6dbad/resourceGroups/resource_group_deploy/providers/Microsoft.Network/loadBalancers/lb_deploy",
                        "attributes": {
                            "frontend_ip_configuration.#": "1",
                            "frontend_ip_configuration.0.inbound_nat_rules.#": "8",
                            "frontend_ip_configuration.0.inbound_nat_rules.1504421774": "/subscriptions/3abd0dd5-602a-4620-b1f8-d53bf2a6dbad/resourceGroups/resource_group_deploy/providers/Microsoft.Network/loadBalancers/lb_deploy/inboundNatRules/RDP-VM-2",
                            "frontend_ip_configuration.0.inbound_nat_rules.1590059927": "/subscriptions/3abd0dd5-602a-4620-b1f8-d53bf2a6dbad/resourceGroups/resource_group_deploy/providers/Microsoft.Network/loadBalancers/lb_deploy/inboundNatRules/RDP-VM-6",
                            "frontend_ip_configuration.0.inbound_nat_rules.2965897915": "/subscriptions/3abd0dd5-602a-4620-b1f8-d53bf2a6dbad/resourceGroups/resource_group_deploy/providers/Microsoft.Network/loadBalancers/lb_deploy/inboundNatRules/RDP-VM-4",
                            "frontend_ip_configuration.0.inbound_nat_rules.3081094818": "/subscriptions/3abd0dd5-602a-4620-b1f8-d53bf2a6dbad/resourceGroups/resource_group_deploy/providers/Microsoft.Network/loadBalancers/lb_deploy/inboundNatRules/RDP-VM-0",
                            "frontend_ip_configuration.0.inbound_nat_rules.3231905332": "/subscriptions/3abd0dd5-602a-4620-b1f8-d53bf2a6dbad/resourceGroups/resource_group_deploy/providers/Microsoft.Network/loadBalancers/lb_deploy/inboundNatRules/RDP-VM-1",
                            "frontend_ip_configuration.0.inbound_nat_rules.3352244781": "/subscriptions/3abd0dd5-602a-4620-b1f8-d53bf2a6dbad/resourceGroups/resource_group_deploy/providers/Microsoft.Network/loadBalancers/lb_deploy/inboundNatRules/RDP-VM-5",
                            "frontend_ip_configuration.0.inbound_nat_rules.700535553": "/subscriptions/3abd0dd5-602a-4620-b1f8-d53bf2a6dbad/resourceGroups/resource_group_deploy/providers/Microsoft.Network/loadBalancers/lb_deploy/inboundNatRules/RDP-VM-7",
                            "frontend_ip_configuration.0.inbound_nat_rules.783062808": "/subscriptions/3abd0dd5-602a-4620-b1f8-d53bf2a6dbad/resourceGroups/resource_group_deploy/providers/Microsoft.Network/loadBalancers/lb_deploy/inboundNatRules/RDP-VM-3",
                            "frontend_ip_configuration.0.load_balancer_rules.#": "1",
                            "frontend_ip_configuration.0.load_balancer_rules.2618991526": "/subscriptions/3abd0dd5-602a-4620-b1f8-d53bf2a6dbad/resourceGroups/resource_group_deploy/providers/Microsoft.Network/loadBalancers/lb_deploy/loadBalancingRules/LBRule",
                            "frontend_ip_configuration.0.name": "LoadBalancerFrontEnd",
                            "frontend_ip_configuration.0.private_ip_address": "",
                            "frontend_ip_configuration.0.private_ip_address_allocation": "Dynamic",
                            "frontend_ip_configuration.0.public_ip_address_id": "/subscriptions/3abd0dd5-602a-4620-b1f8-d53bf2a6dbad/resourceGroups/resource_group_deploy/providers/Microsoft.Network/publicIPAddresses/public_ip_lb_deploy",
                            "frontend_ip_configuration.0.subnet_id": "",
                            "frontend_ip_configuration.0.zones.#": "0",
                            "id": "/subscriptions/3abd0dd5-602a-4620-b1f8-d53bf2a6dbad/resourceGroups/resource_group_deploy/providers/Microsoft.Network/loadBalancers/lb_deploy",
                            "location": "eastus",
                            "name": "lb_deploy",
                            "private_ip_address": "",
                            "private_ip_addresses.#": "0",
                            "resource_group_name": "resource_group_deploy",
                            "sku": "Basic",
                            "tags.%": "0"
                        },
                        "meta": {},
                        "tainted": false
                    },
                    "deposed": [],
                    "provider": "provider.azurerm"
                },
                "azurerm_lb_backend_address_pool.lb_backend_address_pool_deploy": {
                    "type": "azurerm_lb_backend_address_pool",
                    "depends_on": [
                        "azurerm_lb.lb_deploy",
                        "azurerm_resource_group.resource_group_deploy"
                    ],
                    "primary": {
                        "id": "/subscriptions/3abd0dd5-602a-4620-b1f8-d53bf2a6dbad/resourceGroups/resource_group_deploy/providers/Microsoft.Network/loadBalancers/lb_deploy/backendAddressPools/lb_backend_address_pool_deploy",
                        "attributes": {
                            "backend_ip_configurations.#": "8",
                            "backend_ip_configurations.1676091345": "/subscriptions/3abd0dd5-602a-4620-b1f8-d53bf2a6dbad/resourceGroups/resource_group_deploy/providers/Microsoft.Network/networkInterfaces/network_interface_deploy-1/ipConfigurations/network_interface_deploy_ip_configuration",
                            "backend_ip_configurations.2051980479": "/subscriptions/3abd0dd5-602a-4620-b1f8-d53bf2a6dbad/resourceGroups/resource_group_deploy/providers/Microsoft.Network/networkInterfaces/network_interface_deploy-6/ipConfigurations/network_interface_deploy_ip_configuration",
                            "backend_ip_configurations.2838794590": "/subscriptions/3abd0dd5-602a-4620-b1f8-d53bf2a6dbad/resourceGroups/resource_group_deploy/providers/Microsoft.Network/networkInterfaces/network_interface_deploy-0/ipConfigurations/network_interface_deploy_ip_configuration",
                            "backend_ip_configurations.2963092016": "/subscriptions/3abd0dd5-602a-4620-b1f8-d53bf2a6dbad/resourceGroups/resource_group_deploy/providers/Microsoft.Network/networkInterfaces/network_interface_deploy-7/ipConfigurations/network_interface_deploy_ip_configuration",
                            "backend_ip_configurations.3890383361": "/subscriptions/3abd0dd5-602a-4620-b1f8-d53bf2a6dbad/resourceGroups/resource_group_deploy/providers/Microsoft.Network/networkInterfaces/network_interface_deploy-2/ipConfigurations/network_interface_deploy_ip_configuration",
                            "backend_ip_configurations.4266338671": "/subscriptions/3abd0dd5-602a-4620-b1f8-d53bf2a6dbad/resourceGroups/resource_group_deploy/providers/Microsoft.Network/networkInterfaces/network_interface_deploy-5/ipConfigurations/network_interface_deploy_ip_configuration",
                            "backend_ip_configurations.758187150": "/subscriptions/3abd0dd5-602a-4620-b1f8-d53bf2a6dbad/resourceGroups/resource_group_deploy/providers/Microsoft.Network/networkInterfaces/network_interface_deploy-3/ipConfigurations/network_interface_deploy_ip_configuration",
                            "backend_ip_configurations.882419680": "/subscriptions/3abd0dd5-602a-4620-b1f8-d53bf2a6dbad/resourceGroups/resource_group_deploy/providers/Microsoft.Network/networkInterfaces/network_interface_deploy-4/ipConfigurations/network_interface_deploy_ip_configuration",
                            "id": "/subscriptions/3abd0dd5-602a-4620-b1f8-d53bf2a6dbad/resourceGroups/resource_group_deploy/providers/Microsoft.Network/loadBalancers/lb_deploy/backendAddressPools/lb_backend_address_pool_deploy",
                            "load_balancing_rules.#": "1",
                            "load_balancing_rules.2618991526": "/subscriptions/3abd0dd5-602a-4620-b1f8-d53bf2a6dbad/resourceGroups/resource_group_deploy/providers/Microsoft.Network/loadBalancers/lb_deploy/loadBalancingRules/LBRule",
                            "loadbalancer_id": "/subscriptions/3abd0dd5-602a-4620-b1f8-d53bf2a6dbad/resourceGroups/resource_group_deploy/providers/Microsoft.Network/loadBalancers/lb_deploy",
                            "name": "lb_backend_address_pool_deploy",
                            "resource_group_name": "resource_group_deploy"
                        },
                        "meta": {},
                        "tainted": false
                    },
                    "deposed": [],
                    "provider": "provider.azurerm"
                },
                "azurerm_lb_nat_rule.lb_nat_rule-ssh-deploy.0": {
                    "type": "azurerm_lb_nat_rule",
                    "depends_on": [
                        "azurerm_lb.lb_deploy",
                        "azurerm_resource_group.resource_group_deploy"
                    ],
                    "primary": {
                        "id": "/subscriptions/3abd0dd5-602a-4620-b1f8-d53bf2a6dbad/resourceGroups/resource_group_deploy/providers/Microsoft.Network/loadBalancers/lb_deploy/inboundNatRules/RDP-VM-0",
                        "attributes": {
                            "backend_ip_configuration_id": "/subscriptions/3abd0dd5-602a-4620-b1f8-d53bf2a6dbad/resourceGroups/resource_group_deploy/providers/Microsoft.Network/networkInterfaces/network_interface_deploy-0/ipConfigurations/network_interface_deploy_ip_configuration",
                            "backend_port": "22",
                            "enable_floating_ip": "false",
                            "frontend_ip_configuration_id": "/subscriptions/3abd0dd5-602a-4620-b1f8-d53bf2a6dbad/resourceGroups/resource_group_deploy/providers/Microsoft.Network/loadBalancers/lb_deploy/frontendIPConfigurations/LoadBalancerFrontEnd",
                            "frontend_ip_configuration_name": "LoadBalancerFrontEnd",
                            "frontend_port": "50000",
                            "id": "/subscriptions/3abd0dd5-602a-4620-b1f8-d53bf2a6dbad/resourceGroups/resource_group_deploy/providers/Microsoft.Network/loadBalancers/lb_deploy/inboundNatRules/RDP-VM-0",
                            "loadbalancer_id": "/subscriptions/3abd0dd5-602a-4620-b1f8-d53bf2a6dbad/resourceGroups/resource_group_deploy/providers/Microsoft.Network/loadBalancers/lb_deploy",
                            "name": "RDP-VM-0",
                            "protocol": "Tcp",
                            "resource_group_name": "resource_group_deploy"
                        },
                        "meta": {},
                        "tainted": false
                    },
                    "deposed": [],
                    "provider": "provider.azurerm"
                },
                "azurerm_lb_nat_rule.lb_nat_rule-ssh-deploy.1": {
                    "type": "azurerm_lb_nat_rule",
                    "depends_on": [
                        "azurerm_lb.lb_deploy",
                        "azurerm_resource_group.resource_group_deploy"
                    ],
                    "primary": {
                        "id": "/subscriptions/3abd0dd5-602a-4620-b1f8-d53bf2a6dbad/resourceGroups/resource_group_deploy/providers/Microsoft.Network/loadBalancers/lb_deploy/inboundNatRules/RDP-VM-1",
                        "attributes": {
                            "backend_ip_configuration_id": "/subscriptions/3abd0dd5-602a-4620-b1f8-d53bf2a6dbad/resourceGroups/resource_group_deploy/providers/Microsoft.Network/networkInterfaces/network_interface_deploy-1/ipConfigurations/network_interface_deploy_ip_configuration",
                            "backend_port": "22",
                            "enable_floating_ip": "false",
                            "frontend_ip_configuration_id": "/subscriptions/3abd0dd5-602a-4620-b1f8-d53bf2a6dbad/resourceGroups/resource_group_deploy/providers/Microsoft.Network/loadBalancers/lb_deploy/frontendIPConfigurations/LoadBalancerFrontEnd",
                            "frontend_ip_configuration_name": "LoadBalancerFrontEnd",
                            "frontend_port": "50001",
                            "id": "/subscriptions/3abd0dd5-602a-4620-b1f8-d53bf2a6dbad/resourceGroups/resource_group_deploy/providers/Microsoft.Network/loadBalancers/lb_deploy/inboundNatRules/RDP-VM-1",
                            "loadbalancer_id": "/subscriptions/3abd0dd5-602a-4620-b1f8-d53bf2a6dbad/resourceGroups/resource_group_deploy/providers/Microsoft.Network/loadBalancers/lb_deploy",
                            "name": "RDP-VM-1",
                            "protocol": "Tcp",
                            "resource_group_name": "resource_group_deploy"
                        },
                        "meta": {},
                        "tainted": false
                    },
                    "deposed": [],
                    "provider": "provider.azurerm"
                },
                "azurerm_lb_nat_rule.lb_nat_rule-ssh-deploy.2": {
                    "type": "azurerm_lb_nat_rule",
                    "depends_on": [
                        "azurerm_lb.lb_deploy",
                        "azurerm_resource_group.resource_group_deploy"
                    ],
                    "primary": {
                        "id": "/subscriptions/3abd0dd5-602a-4620-b1f8-d53bf2a6dbad/resourceGroups/resource_group_deploy/providers/Microsoft.Network/loadBalancers/lb_deploy/inboundNatRules/RDP-VM-2",
                        "attributes": {
                            "backend_ip_configuration_id": "/subscriptions/3abd0dd5-602a-4620-b1f8-d53bf2a6dbad/resourceGroups/resource_group_deploy/providers/Microsoft.Network/networkInterfaces/network_interface_deploy-2/ipConfigurations/network_interface_deploy_ip_configuration",
                            "backend_port": "22",
                            "enable_floating_ip": "false",
                            "frontend_ip_configuration_id": "/subscriptions/3abd0dd5-602a-4620-b1f8-d53bf2a6dbad/resourceGroups/resource_group_deploy/providers/Microsoft.Network/loadBalancers/lb_deploy/frontendIPConfigurations/LoadBalancerFrontEnd",
                            "frontend_ip_configuration_name": "LoadBalancerFrontEnd",
                            "frontend_port": "50002",
                            "id": "/subscriptions/3abd0dd5-602a-4620-b1f8-d53bf2a6dbad/resourceGroups/resource_group_deploy/providers/Microsoft.Network/loadBalancers/lb_deploy/inboundNatRules/RDP-VM-2",
                            "loadbalancer_id": "/subscriptions/3abd0dd5-602a-4620-b1f8-d53bf2a6dbad/resourceGroups/resource_group_deploy/providers/Microsoft.Network/loadBalancers/lb_deploy",
                            "name": "RDP-VM-2",
                            "protocol": "Tcp",
                            "resource_group_name": "resource_group_deploy"
                        },
                        "meta": {},
                        "tainted": false
                    },
                    "deposed": [],
                    "provider": "provider.azurerm"
                },
                "azurerm_lb_nat_rule.lb_nat_rule-ssh-deploy.3": {
                    "type": "azurerm_lb_nat_rule",
                    "depends_on": [
                        "azurerm_lb.lb_deploy",
                        "azurerm_resource_group.resource_group_deploy"
                    ],
                    "primary": {
                        "id": "/subscriptions/3abd0dd5-602a-4620-b1f8-d53bf2a6dbad/resourceGroups/resource_group_deploy/providers/Microsoft.Network/loadBalancers/lb_deploy/inboundNatRules/RDP-VM-3",
                        "attributes": {
                            "backend_ip_configuration_id": "/subscriptions/3abd0dd5-602a-4620-b1f8-d53bf2a6dbad/resourceGroups/resource_group_deploy/providers/Microsoft.Network/networkInterfaces/network_interface_deploy-3/ipConfigurations/network_interface_deploy_ip_configuration",
                            "backend_port": "22",
                            "enable_floating_ip": "false",
                            "frontend_ip_configuration_id": "/subscriptions/3abd0dd5-602a-4620-b1f8-d53bf2a6dbad/resourceGroups/resource_group_deploy/providers/Microsoft.Network/loadBalancers/lb_deploy/frontendIPConfigurations/LoadBalancerFrontEnd",
                            "frontend_ip_configuration_name": "LoadBalancerFrontEnd",
                            "frontend_port": "50003",
                            "id": "/subscriptions/3abd0dd5-602a-4620-b1f8-d53bf2a6dbad/resourceGroups/resource_group_deploy/providers/Microsoft.Network/loadBalancers/lb_deploy/inboundNatRules/RDP-VM-3",
                            "loadbalancer_id": "/subscriptions/3abd0dd5-602a-4620-b1f8-d53bf2a6dbad/resourceGroups/resource_group_deploy/providers/Microsoft.Network/loadBalancers/lb_deploy",
                            "name": "RDP-VM-3",
                            "protocol": "Tcp",
                            "resource_group_name": "resource_group_deploy"
                        },
                        "meta": {},
                        "tainted": false
                    },
                    "deposed": [],
                    "provider": "provider.azurerm"
                },
                "azurerm_lb_nat_rule.lb_nat_rule-ssh-deploy.4": {
                    "type": "azurerm_lb_nat_rule",
                    "depends_on": [
                        "azurerm_lb.lb_deploy",
                        "azurerm_resource_group.resource_group_deploy"
                    ],
                    "primary": {
                        "id": "/subscriptions/3abd0dd5-602a-4620-b1f8-d53bf2a6dbad/resourceGroups/resource_group_deploy/providers/Microsoft.Network/loadBalancers/lb_deploy/inboundNatRules/RDP-VM-4",
                        "attributes": {
                            "backend_ip_configuration_id": "/subscriptions/3abd0dd5-602a-4620-b1f8-d53bf2a6dbad/resourceGroups/resource_group_deploy/providers/Microsoft.Network/networkInterfaces/network_interface_deploy-4/ipConfigurations/network_interface_deploy_ip_configuration",
                            "backend_port": "22",
                            "enable_floating_ip": "false",
                            "frontend_ip_configuration_id": "/subscriptions/3abd0dd5-602a-4620-b1f8-d53bf2a6dbad/resourceGroups/resource_group_deploy/providers/Microsoft.Network/loadBalancers/lb_deploy/frontendIPConfigurations/LoadBalancerFrontEnd",
                            "frontend_ip_configuration_name": "LoadBalancerFrontEnd",
                            "frontend_port": "50004",
                            "id": "/subscriptions/3abd0dd5-602a-4620-b1f8-d53bf2a6dbad/resourceGroups/resource_group_deploy/providers/Microsoft.Network/loadBalancers/lb_deploy/inboundNatRules/RDP-VM-4",
                            "loadbalancer_id": "/subscriptions/3abd0dd5-602a-4620-b1f8-d53bf2a6dbad/resourceGroups/resource_group_deploy/providers/Microsoft.Network/loadBalancers/lb_deploy",
                            "name": "RDP-VM-4",
                            "protocol": "Tcp",
                            "resource_group_name": "resource_group_deploy"
                        },
                        "meta": {},
                        "tainted": false
                    },
                    "deposed": [],
                    "provider": "provider.azurerm"
                },
                "azurerm_lb_nat_rule.lb_nat_rule-ssh-deploy.5": {
                    "type": "azurerm_lb_nat_rule",
                    "depends_on": [
                        "azurerm_lb.lb_deploy",
                        "azurerm_resource_group.resource_group_deploy"
                    ],
                    "primary": {
                        "id": "/subscriptions/3abd0dd5-602a-4620-b1f8-d53bf2a6dbad/resourceGroups/resource_group_deploy/providers/Microsoft.Network/loadBalancers/lb_deploy/inboundNatRules/RDP-VM-5",
                        "attributes": {
                            "backend_ip_configuration_id": "/subscriptions/3abd0dd5-602a-4620-b1f8-d53bf2a6dbad/resourceGroups/resource_group_deploy/providers/Microsoft.Network/networkInterfaces/network_interface_deploy-5/ipConfigurations/network_interface_deploy_ip_configuration",
                            "backend_port": "22",
                            "enable_floating_ip": "false",
                            "frontend_ip_configuration_id": "/subscriptions/3abd0dd5-602a-4620-b1f8-d53bf2a6dbad/resourceGroups/resource_group_deploy/providers/Microsoft.Network/loadBalancers/lb_deploy/frontendIPConfigurations/LoadBalancerFrontEnd",
                            "frontend_ip_configuration_name": "LoadBalancerFrontEnd",
                            "frontend_port": "50005",
                            "id": "/subscriptions/3abd0dd5-602a-4620-b1f8-d53bf2a6dbad/resourceGroups/resource_group_deploy/providers/Microsoft.Network/loadBalancers/lb_deploy/inboundNatRules/RDP-VM-5",
                            "loadbalancer_id": "/subscriptions/3abd0dd5-602a-4620-b1f8-d53bf2a6dbad/resourceGroups/resource_group_deploy/providers/Microsoft.Network/loadBalancers/lb_deploy",
                            "name": "RDP-VM-5",
                            "protocol": "Tcp",
                            "resource_group_name": "resource_group_deploy"
                        },
                        "meta": {},
                        "tainted": false
                    },
                    "deposed": [],
                    "provider": "provider.azurerm"
                },
                "azurerm_lb_nat_rule.lb_nat_rule-ssh-deploy.6": {
                    "type": "azurerm_lb_nat_rule",
                    "depends_on": [
                        "azurerm_lb.lb_deploy",
                        "azurerm_resource_group.resource_group_deploy"
                    ],
                    "primary": {
                        "id": "/subscriptions/3abd0dd5-602a-4620-b1f8-d53bf2a6dbad/resourceGroups/resource_group_deploy/providers/Microsoft.Network/loadBalancers/lb_deploy/inboundNatRules/RDP-VM-6",
                        "attributes": {
                            "backend_ip_configuration_id": "/subscriptions/3abd0dd5-602a-4620-b1f8-d53bf2a6dbad/resourceGroups/resource_group_deploy/providers/Microsoft.Network/networkInterfaces/network_interface_deploy-6/ipConfigurations/network_interface_deploy_ip_configuration",
                            "backend_port": "22",
                            "enable_floating_ip": "false",
                            "frontend_ip_configuration_id": "/subscriptions/3abd0dd5-602a-4620-b1f8-d53bf2a6dbad/resourceGroups/resource_group_deploy/providers/Microsoft.Network/loadBalancers/lb_deploy/frontendIPConfigurations/LoadBalancerFrontEnd",
                            "frontend_ip_configuration_name": "LoadBalancerFrontEnd",
                            "frontend_port": "50006",
                            "id": "/subscriptions/3abd0dd5-602a-4620-b1f8-d53bf2a6dbad/resourceGroups/resource_group_deploy/providers/Microsoft.Network/loadBalancers/lb_deploy/inboundNatRules/RDP-VM-6",
                            "loadbalancer_id": "/subscriptions/3abd0dd5-602a-4620-b1f8-d53bf2a6dbad/resourceGroups/resource_group_deploy/providers/Microsoft.Network/loadBalancers/lb_deploy",
                            "name": "RDP-VM-6",
                            "protocol": "Tcp",
                            "resource_group_name": "resource_group_deploy"
                        },
                        "meta": {},
                        "tainted": false
                    },
                    "deposed": [],
                    "provider": "provider.azurerm"
                },
                "azurerm_lb_nat_rule.lb_nat_rule-ssh-deploy.7": {
                    "type": "azurerm_lb_nat_rule",
                    "depends_on": [
                        "azurerm_lb.lb_deploy",
                        "azurerm_resource_group.resource_group_deploy"
                    ],
                    "primary": {
                        "id": "/subscriptions/3abd0dd5-602a-4620-b1f8-d53bf2a6dbad/resourceGroups/resource_group_deploy/providers/Microsoft.Network/loadBalancers/lb_deploy/inboundNatRules/RDP-VM-7",
                        "attributes": {
                            "backend_ip_configuration_id": "/subscriptions/3abd0dd5-602a-4620-b1f8-d53bf2a6dbad/resourceGroups/resource_group_deploy/providers/Microsoft.Network/networkInterfaces/network_interface_deploy-7/ipConfigurations/network_interface_deploy_ip_configuration",
                            "backend_port": "22",
                            "enable_floating_ip": "false",
                            "frontend_ip_configuration_id": "/subscriptions/3abd0dd5-602a-4620-b1f8-d53bf2a6dbad/resourceGroups/resource_group_deploy/providers/Microsoft.Network/loadBalancers/lb_deploy/frontendIPConfigurations/LoadBalancerFrontEnd",
                            "frontend_ip_configuration_name": "LoadBalancerFrontEnd",
                            "frontend_port": "50007",
                            "id": "/subscriptions/3abd0dd5-602a-4620-b1f8-d53bf2a6dbad/resourceGroups/resource_group_deploy/providers/Microsoft.Network/loadBalancers/lb_deploy/inboundNatRules/RDP-VM-7",
                            "loadbalancer_id": "/subscriptions/3abd0dd5-602a-4620-b1f8-d53bf2a6dbad/resourceGroups/resource_group_deploy/providers/Microsoft.Network/loadBalancers/lb_deploy",
                            "name": "RDP-VM-7",
                            "protocol": "Tcp",
                            "resource_group_name": "resource_group_deploy"
                        },
                        "meta": {},
                        "tainted": false
                    },
                    "deposed": [],
                    "provider": "provider.azurerm"
                },
                "azurerm_lb_probe.lb_probe": {
                    "type": "azurerm_lb_probe",
                    "depends_on": [
                        "azurerm_lb.lb_deploy",
                        "azurerm_resource_group.resource_group_deploy"
                    ],
                    "primary": {
                        "id": "/subscriptions/3abd0dd5-602a-4620-b1f8-d53bf2a6dbad/resourceGroups/resource_group_deploy/providers/Microsoft.Network/loadBalancers/lb_deploy/probes/tcpProbe",
                        "attributes": {
                            "id": "/subscriptions/3abd0dd5-602a-4620-b1f8-d53bf2a6dbad/resourceGroups/resource_group_deploy/providers/Microsoft.Network/loadBalancers/lb_deploy/probes/tcpProbe",
                            "interval_in_seconds": "5",
                            "load_balancer_rules.#": "1",
                            "load_balancer_rules.2618991526": "/subscriptions/3abd0dd5-602a-4620-b1f8-d53bf2a6dbad/resourceGroups/resource_group_deploy/providers/Microsoft.Network/loadBalancers/lb_deploy/loadBalancingRules/LBRule",
                            "loadbalancer_id": "/subscriptions/3abd0dd5-602a-4620-b1f8-d53bf2a6dbad/resourceGroups/resource_group_deploy/providers/Microsoft.Network/loadBalancers/lb_deploy",
                            "name": "tcpProbe",
                            "number_of_probes": "2",
                            "port": "22",
                            "protocol": "Tcp",
                            "request_path": "",
                            "resource_group_name": "resource_group_deploy"
                        },
                        "meta": {},
                        "tainted": false
                    },
                    "deposed": [],
                    "provider": "provider.azurerm"
                },
                "azurerm_lb_rule.lb_rule": {
                    "type": "azurerm_lb_rule",
                    "depends_on": [
                        "azurerm_lb.lb_deploy",
                        "azurerm_lb_backend_address_pool.lb_backend_address_pool_deploy",
                        "azurerm_lb_probe.lb_probe",
                        "azurerm_resource_group.resource_group_deploy"
                    ],
                    "primary": {
                        "id": "/subscriptions/3abd0dd5-602a-4620-b1f8-d53bf2a6dbad/resourceGroups/resource_group_deploy/providers/Microsoft.Network/loadBalancers/lb_deploy/loadBalancingRules/LBRule",
                        "attributes": {
                            "backend_address_pool_id": "/subscriptions/3abd0dd5-602a-4620-b1f8-d53bf2a6dbad/resourceGroups/resource_group_deploy/providers/Microsoft.Network/loadBalancers/lb_deploy/backendAddressPools/lb_backend_address_pool_deploy",
                            "backend_port": "80",
                            "enable_floating_ip": "false",
                            "frontend_ip_configuration_id": "/subscriptions/3abd0dd5-602a-4620-b1f8-d53bf2a6dbad/resourceGroups/resource_group_deploy/providers/Microsoft.Network/loadBalancers/lb_deploy/frontendIPConfigurations/LoadBalancerFrontEnd",
                            "frontend_ip_configuration_name": "LoadBalancerFrontEnd",
                            "frontend_port": "80",
                            "id": "/subscriptions/3abd0dd5-602a-4620-b1f8-d53bf2a6dbad/resourceGroups/resource_group_deploy/providers/Microsoft.Network/loadBalancers/lb_deploy/loadBalancingRules/LBRule",
                            "idle_timeout_in_minutes": "5",
                            "load_distribution": "Default",
                            "loadbalancer_id": "/subscriptions/3abd0dd5-602a-4620-b1f8-d53bf2a6dbad/resourceGroups/resource_group_deploy/providers/Microsoft.Network/loadBalancers/lb_deploy",
                            "name": "LBRule",
                            "probe_id": "/subscriptions/3abd0dd5-602a-4620-b1f8-d53bf2a6dbad/resourceGroups/resource_group_deploy/providers/Microsoft.Network/loadBalancers/lb_deploy/probes/tcpProbe",
                            "protocol": "Tcp",
                            "resource_group_name": "resource_group_deploy"
                        },
                        "meta": {},
                        "tainted": false
                    },
                    "deposed": [],
                    "provider": "provider.azurerm"
                },
                "azurerm_network_interface.network_interface_deploy.0": {
                    "type": "azurerm_network_interface",
                    "depends_on": [
                        "azurerm_lb_backend_address_pool.lb_backend_address_pool_deploy",
                        "azurerm_lb_nat_rule.lb_nat_rule-ssh-deploy.*",
                        "azurerm_network_security_group.network_security_group_deploy",
                        "azurerm_public_ip.public_ip_deploy.*",
                        "azurerm_resource_group.resource_group_deploy",
                        "azurerm_subnet.subnet_deploy"
                    ],
                    "primary": {
                        "id": "/subscriptions/3abd0dd5-602a-4620-b1f8-d53bf2a6dbad/resourceGroups/resource_group_deploy/providers/Microsoft.Network/networkInterfaces/network_interface_deploy-0",
                        "attributes": {
                            "applied_dns_servers.#": "0",
                            "dns_servers.#": "0",
                            "enable_accelerated_networking": "false",
                            "enable_ip_forwarding": "false",
                            "id": "/subscriptions/3abd0dd5-602a-4620-b1f8-d53bf2a6dbad/resourceGroups/resource_group_deploy/providers/Microsoft.Network/networkInterfaces/network_interface_deploy-0",
                            "internal_dns_name_label": "",
                            "internal_fqdn": "",
                            "ip_configuration.#": "1",
                            "ip_configuration.0.application_gateway_backend_address_pools_ids.#": "0",
                            "ip_configuration.0.application_security_group_ids.#": "0",
                            "ip_configuration.0.load_balancer_backend_address_pools_ids.#": "1",
                            "ip_configuration.0.load_balancer_backend_address_pools_ids.2610660847": "/subscriptions/3abd0dd5-602a-4620-b1f8-d53bf2a6dbad/resourceGroups/resource_group_deploy/providers/Microsoft.Network/loadBalancers/lb_deploy/backendAddressPools/lb_backend_address_pool_deploy",
                            "ip_configuration.0.load_balancer_inbound_nat_rules_ids.#": "1",
                            "ip_configuration.0.load_balancer_inbound_nat_rules_ids.3081094818": "/subscriptions/3abd0dd5-602a-4620-b1f8-d53bf2a6dbad/resourceGroups/resource_group_deploy/providers/Microsoft.Network/loadBalancers/lb_deploy/inboundNatRules/RDP-VM-0",
                            "ip_configuration.0.name": "network_interface_deploy_ip_configuration",
                            "ip_configuration.0.primary": "true",
                            "ip_configuration.0.private_ip_address": "",
                            "ip_configuration.0.private_ip_address_allocation": "dynamic",
                            "ip_configuration.0.public_ip_address_id": "/subscriptions/3abd0dd5-602a-4620-b1f8-d53bf2a6dbad/resourceGroups/resource_group_deploy/providers/Microsoft.Network/publicIPAddresses/public_ip_deploy-0",
                            "ip_configuration.0.subnet_id": "/subscriptions/3abd0dd5-602a-4620-b1f8-d53bf2a6dbad/resourceGroups/resource_group_deploy/providers/Microsoft.Network/virtualNetworks/virtual_network_deploy/subnets/subnet_deploy",
                            "location": "eastus",
                            "mac_address": "00-0D-3A-4E-1A-2C",
                            "name": "network_interface_deploy-0",
                            "network_security_group_id": "/subscriptions/3abd0dd5-602a-4620-b1f8-d53bf2a6dbad/resourceGroups/resource_group_deploy/providers/Microsoft.Network/networkSecurityGroups/network_security_group_deploy",
                            "private_ip_address": "10.0.1.10",
                            "private_ip_addresses.#": "1",
                            "private_ip_addresses.0": "10.0.1.10",
                            "resource_group_name": "resource_group_deploy",
                            "tags.%": "1",
                            "tags.environment": "Terraform Demo",
                            "virtual_machine_id": "/subscriptions/3abd0dd5-602a-4620-b1f8-d53bf2a6dbad/resourceGroups/resource_group_deploy/providers/Microsoft.Compute/virtualMachines/vm-deploy-0"
                        },
                        "meta": {},
                        "tainted": false
                    },
                    "deposed": [],
                    "provider": "provider.azurerm"
                },
                "azurerm_network_interface.network_interface_deploy.1": {
                    "type": "azurerm_network_interface",
                    "depends_on": [
                        "azurerm_lb_backend_address_pool.lb_backend_address_pool_deploy",
                        "azurerm_lb_nat_rule.lb_nat_rule-ssh-deploy.*",
                        "azurerm_network_security_group.network_security_group_deploy",
                        "azurerm_public_ip.public_ip_deploy.*",
                        "azurerm_resource_group.resource_group_deploy",
                        "azurerm_subnet.subnet_deploy"
                    ],
                    "primary": {
                        "id": "/subscriptions/3abd0dd5-602a-4620-b1f8-d53bf2a6dbad/resourceGroups/resource_group_deploy/providers/Microsoft.Network/networkInterfaces/network_interface_deploy-1",
                        "attributes": {
                            "applied_dns_servers.#": "0",
                            "dns_servers.#": "0",
                            "enable_accelerated_networking": "false",
                            "enable_ip_forwarding": "false",
                            "id": "/subscriptions/3abd0dd5-602a-4620-b1f8-d53bf2a6dbad/resourceGroups/resource_group_deploy/providers/Microsoft.Network/networkInterfaces/network_interface_deploy-1",
                            "internal_dns_name_label": "",
                            "internal_fqdn": "",
                            "ip_configuration.#": "1",
                            "ip_configuration.0.application_gateway_backend_address_pools_ids.#": "0",
                            "ip_configuration.0.application_security_group_ids.#": "0",
                            "ip_configuration.0.load_balancer_backend_address_pools_ids.#": "1",
                            "ip_configuration.0.load_balancer_backend_address_pools_ids.2610660847": "/subscriptions/3abd0dd5-602a-4620-b1f8-d53bf2a6dbad/resourceGroups/resource_group_deploy/providers/Microsoft.Network/loadBalancers/lb_deploy/backendAddressPools/lb_backend_address_pool_deploy",
                            "ip_configuration.0.load_balancer_inbound_nat_rules_ids.#": "1",
                            "ip_configuration.0.load_balancer_inbound_nat_rules_ids.3231905332": "/subscriptions/3abd0dd5-602a-4620-b1f8-d53bf2a6dbad/resourceGroups/resource_group_deploy/providers/Microsoft.Network/loadBalancers/lb_deploy/inboundNatRules/RDP-VM-1",
                            "ip_configuration.0.name": "network_interface_deploy_ip_configuration",
                            "ip_configuration.0.primary": "true",
                            "ip_configuration.0.private_ip_address": "",
                            "ip_configuration.0.private_ip_address_allocation": "dynamic",
                            "ip_configuration.0.public_ip_address_id": "/subscriptions/3abd0dd5-602a-4620-b1f8-d53bf2a6dbad/resourceGroups/resource_group_deploy/providers/Microsoft.Network/publicIPAddresses/public_ip_deploy-1",
                            "ip_configuration.0.subnet_id": "/subscriptions/3abd0dd5-602a-4620-b1f8-d53bf2a6dbad/resourceGroups/resource_group_deploy/providers/Microsoft.Network/virtualNetworks/virtual_network_deploy/subnets/subnet_deploy",
                            "location": "eastus",
                            "mac_address": "00-0D-3A-4E-1B-F6",
                            "name": "network_interface_deploy-1",
                            "network_security_group_id": "/subscriptions/3abd0dd5-602a-4620-b1f8-d53bf2a6dbad/resourceGroups/resource_group_deploy/providers/Microsoft.Network/networkSecurityGroups/network_security_group_deploy",
                            "private_ip_address": "10.0.1.8",
                            "private_ip_addresses.#": "1",
                            "private_ip_addresses.0": "10.0.1.8",
                            "resource_group_name": "resource_group_deploy",
                            "tags.%": "1",
                            "tags.environment": "Terraform Demo",
                            "virtual_machine_id": "/subscriptions/3abd0dd5-602a-4620-b1f8-d53bf2a6dbad/resourceGroups/resource_group_deploy/providers/Microsoft.Compute/virtualMachines/vm-deploy-1"
                        },
                        "meta": {},
                        "tainted": false
                    },
                    "deposed": [],
                    "provider": "provider.azurerm"
                },
                "azurerm_network_interface.network_interface_deploy.2": {
                    "type": "azurerm_network_interface",
                    "depends_on": [
                        "azurerm_lb_backend_address_pool.lb_backend_address_pool_deploy",
                        "azurerm_lb_nat_rule.lb_nat_rule-ssh-deploy.*",
                        "azurerm_network_security_group.network_security_group_deploy",
                        "azurerm_public_ip.public_ip_deploy.*",
                        "azurerm_resource_group.resource_group_deploy",
                        "azurerm_subnet.subnet_deploy"
                    ],
                    "primary": {
                        "id": "/subscriptions/3abd0dd5-602a-4620-b1f8-d53bf2a6dbad/resourceGroups/resource_group_deploy/providers/Microsoft.Network/networkInterfaces/network_interface_deploy-2",
                        "attributes": {
                            "applied_dns_servers.#": "0",
                            "dns_servers.#": "0",
                            "enable_accelerated_networking": "false",
                            "enable_ip_forwarding": "false",
                            "id": "/subscriptions/3abd0dd5-602a-4620-b1f8-d53bf2a6dbad/resourceGroups/resource_group_deploy/providers/Microsoft.Network/networkInterfaces/network_interface_deploy-2",
                            "internal_dns_name_label": "",
                            "internal_fqdn": "",
                            "ip_configuration.#": "1",
                            "ip_configuration.0.application_gateway_backend_address_pools_ids.#": "0",
                            "ip_configuration.0.application_security_group_ids.#": "0",
                            "ip_configuration.0.load_balancer_backend_address_pools_ids.#": "1",
                            "ip_configuration.0.load_balancer_backend_address_pools_ids.2610660847": "/subscriptions/3abd0dd5-602a-4620-b1f8-d53bf2a6dbad/resourceGroups/resource_group_deploy/providers/Microsoft.Network/loadBalancers/lb_deploy/backendAddressPools/lb_backend_address_pool_deploy",
                            "ip_configuration.0.load_balancer_inbound_nat_rules_ids.#": "1",
                            "ip_configuration.0.load_balancer_inbound_nat_rules_ids.1504421774": "/subscriptions/3abd0dd5-602a-4620-b1f8-d53bf2a6dbad/resourceGroups/resource_group_deploy/providers/Microsoft.Network/loadBalancers/lb_deploy/inboundNatRules/RDP-VM-2",
                            "ip_configuration.0.name": "network_interface_deploy_ip_configuration",
                            "ip_configuration.0.primary": "true",
                            "ip_configuration.0.private_ip_address": "",
                            "ip_configuration.0.private_ip_address_allocation": "dynamic",
                            "ip_configuration.0.public_ip_address_id": "/subscriptions/3abd0dd5-602a-4620-b1f8-d53bf2a6dbad/resourceGroups/resource_group_deploy/providers/Microsoft.Network/publicIPAddresses/public_ip_deploy-2",
                            "ip_configuration.0.subnet_id": "/subscriptions/3abd0dd5-602a-4620-b1f8-d53bf2a6dbad/resourceGroups/resource_group_deploy/providers/Microsoft.Network/virtualNetworks/virtual_network_deploy/subnets/subnet_deploy",
                            "location": "eastus",
                            "mac_address": "00-0D-3A-4E-13-A3",
                            "name": "network_interface_deploy-2",
                            "network_security_group_id": "/subscriptions/3abd0dd5-602a-4620-b1f8-d53bf2a6dbad/resourceGroups/resource_group_deploy/providers/Microsoft.Network/networkSecurityGroups/network_security_group_deploy",
                            "private_ip_address": "10.0.1.4",
                            "private_ip_addresses.#": "1",
                            "private_ip_addresses.0": "10.0.1.4",
                            "resource_group_name": "resource_group_deploy",
                            "tags.%": "1",
                            "tags.environment": "Terraform Demo",
                            "virtual_machine_id": "/subscriptions/3abd0dd5-602a-4620-b1f8-d53bf2a6dbad/resourceGroups/resource_group_deploy/providers/Microsoft.Compute/virtualMachines/vm-deploy-2"
                        },
                        "meta": {},
                        "tainted": false
                    },
                    "deposed": [],
                    "provider": "provider.azurerm"
                },
                "azurerm_network_interface.network_interface_deploy.3": {
                    "type": "azurerm_network_interface",
                    "depends_on": [
                        "azurerm_lb_backend_address_pool.lb_backend_address_pool_deploy",
                        "azurerm_lb_nat_rule.lb_nat_rule-ssh-deploy.*",
                        "azurerm_network_security_group.network_security_group_deploy",
                        "azurerm_public_ip.public_ip_deploy.*",
                        "azurerm_resource_group.resource_group_deploy",
                        "azurerm_subnet.subnet_deploy"
                    ],
                    "primary": {
                        "id": "/subscriptions/3abd0dd5-602a-4620-b1f8-d53bf2a6dbad/resourceGroups/resource_group_deploy/providers/Microsoft.Network/networkInterfaces/network_interface_deploy-3",
                        "attributes": {
                            "applied_dns_servers.#": "0",
                            "dns_servers.#": "0",
                            "enable_accelerated_networking": "false",
                            "enable_ip_forwarding": "false",
                            "id": "/subscriptions/3abd0dd5-602a-4620-b1f8-d53bf2a6dbad/resourceGroups/resource_group_deploy/providers/Microsoft.Network/networkInterfaces/network_interface_deploy-3",
                            "internal_dns_name_label": "",
                            "internal_fqdn": "",
                            "ip_configuration.#": "1",
                            "ip_configuration.0.application_gateway_backend_address_pools_ids.#": "0",
                            "ip_configuration.0.application_security_group_ids.#": "0",
                            "ip_configuration.0.load_balancer_backend_address_pools_ids.#": "1",
                            "ip_configuration.0.load_balancer_backend_address_pools_ids.2610660847": "/subscriptions/3abd0dd5-602a-4620-b1f8-d53bf2a6dbad/resourceGroups/resource_group_deploy/providers/Microsoft.Network/loadBalancers/lb_deploy/backendAddressPools/lb_backend_address_pool_deploy",
                            "ip_configuration.0.load_balancer_inbound_nat_rules_ids.#": "1",
                            "ip_configuration.0.load_balancer_inbound_nat_rules_ids.783062808": "/subscriptions/3abd0dd5-602a-4620-b1f8-d53bf2a6dbad/resourceGroups/resource_group_deploy/providers/Microsoft.Network/loadBalancers/lb_deploy/inboundNatRules/RDP-VM-3",
                            "ip_configuration.0.name": "network_interface_deploy_ip_configuration",
                            "ip_configuration.0.primary": "true",
                            "ip_configuration.0.private_ip_address": "",
                            "ip_configuration.0.private_ip_address_allocation": "dynamic",
                            "ip_configuration.0.public_ip_address_id": "/subscriptions/3abd0dd5-602a-4620-b1f8-d53bf2a6dbad/resourceGroups/resource_group_deploy/providers/Microsoft.Network/publicIPAddresses/public_ip_deploy-3",
                            "ip_configuration.0.subnet_id": "/subscriptions/3abd0dd5-602a-4620-b1f8-d53bf2a6dbad/resourceGroups/resource_group_deploy/providers/Microsoft.Network/virtualNetworks/virtual_network_deploy/subnets/subnet_deploy",
                            "location": "eastus",
                            "mac_address": "00-0D-3A-4E-10-D8",
                            "name": "network_interface_deploy-3",
                            "network_security_group_id": "/subscriptions/3abd0dd5-602a-4620-b1f8-d53bf2a6dbad/resourceGroups/resource_group_deploy/providers/Microsoft.Network/networkSecurityGroups/network_security_group_deploy",
                            "private_ip_address": "10.0.1.7",
                            "private_ip_addresses.#": "1",
                            "private_ip_addresses.0": "10.0.1.7",
                            "resource_group_name": "resource_group_deploy",
                            "tags.%": "1",
                            "tags.environment": "Terraform Demo",
                            "virtual_machine_id": "/subscriptions/3abd0dd5-602a-4620-b1f8-d53bf2a6dbad/resourceGroups/resource_group_deploy/providers/Microsoft.Compute/virtualMachines/vm-deploy-3"
                        },
                        "meta": {},
                        "tainted": false
                    },
                    "deposed": [],
                    "provider": "provider.azurerm"
                },
                "azurerm_network_interface.network_interface_deploy.4": {
                    "type": "azurerm_network_interface",
                    "depends_on": [
                        "azurerm_lb_backend_address_pool.lb_backend_address_pool_deploy",
                        "azurerm_lb_nat_rule.lb_nat_rule-ssh-deploy.*",
                        "azurerm_network_security_group.network_security_group_deploy",
                        "azurerm_public_ip.public_ip_deploy.*",
                        "azurerm_resource_group.resource_group_deploy",
                        "azurerm_subnet.subnet_deploy"
                    ],
                    "primary": {
                        "id": "/subscriptions/3abd0dd5-602a-4620-b1f8-d53bf2a6dbad/resourceGroups/resource_group_deploy/providers/Microsoft.Network/networkInterfaces/network_interface_deploy-4",
                        "attributes": {
                            "applied_dns_servers.#": "0",
                            "dns_servers.#": "0",
                            "enable_accelerated_networking": "false",
                            "enable_ip_forwarding": "false",
                            "id": "/subscriptions/3abd0dd5-602a-4620-b1f8-d53bf2a6dbad/resourceGroups/resource_group_deploy/providers/Microsoft.Network/networkInterfaces/network_interface_deploy-4",
                            "internal_dns_name_label": "",
                            "internal_fqdn": "",
                            "ip_configuration.#": "1",
                            "ip_configuration.0.application_gateway_backend_address_pools_ids.#": "0",
                            "ip_configuration.0.application_security_group_ids.#": "0",
                            "ip_configuration.0.load_balancer_backend_address_pools_ids.#": "1",
                            "ip_configuration.0.load_balancer_backend_address_pools_ids.2610660847": "/subscriptions/3abd0dd5-602a-4620-b1f8-d53bf2a6dbad/resourceGroups/resource_group_deploy/providers/Microsoft.Network/loadBalancers/lb_deploy/backendAddressPools/lb_backend_address_pool_deploy",
                            "ip_configuration.0.load_balancer_inbound_nat_rules_ids.#": "1",
                            "ip_configuration.0.load_balancer_inbound_nat_rules_ids.2965897915": "/subscriptions/3abd0dd5-602a-4620-b1f8-d53bf2a6dbad/resourceGroups/resource_group_deploy/providers/Microsoft.Network/loadBalancers/lb_deploy/inboundNatRules/RDP-VM-4",
                            "ip_configuration.0.name": "network_interface_deploy_ip_configuration",
                            "ip_configuration.0.primary": "true",
                            "ip_configuration.0.private_ip_address": "",
                            "ip_configuration.0.private_ip_address_allocation": "dynamic",
                            "ip_configuration.0.public_ip_address_id": "/subscriptions/3abd0dd5-602a-4620-b1f8-d53bf2a6dbad/resourceGroups/resource_group_deploy/providers/Microsoft.Network/publicIPAddresses/public_ip_deploy-4",
                            "ip_configuration.0.subnet_id": "/subscriptions/3abd0dd5-602a-4620-b1f8-d53bf2a6dbad/resourceGroups/resource_group_deploy/providers/Microsoft.Network/virtualNetworks/virtual_network_deploy/subnets/subnet_deploy",
                            "location": "eastus",
                            "mac_address": "00-0D-3A-4E-1C-90",
                            "name": "network_interface_deploy-4",
                            "network_security_group_id": "/subscriptions/3abd0dd5-602a-4620-b1f8-d53bf2a6dbad/resourceGroups/resource_group_deploy/providers/Microsoft.Network/networkSecurityGroups/network_security_group_deploy",
                            "private_ip_address": "10.0.1.9",
                            "private_ip_addresses.#": "1",
                            "private_ip_addresses.0": "10.0.1.9",
                            "resource_group_name": "resource_group_deploy",
                            "tags.%": "1",
                            "tags.environment": "Terraform Demo",
                            "virtual_machine_id": "/subscriptions/3abd0dd5-602a-4620-b1f8-d53bf2a6dbad/resourceGroups/resource_group_deploy/providers/Microsoft.Compute/virtualMachines/vm-deploy-4"
                        },
                        "meta": {},
                        "tainted": false
                    },
                    "deposed": [],
                    "provider": "provider.azurerm"
                },
                "azurerm_network_interface.network_interface_deploy.5": {
                    "type": "azurerm_network_interface",
                    "depends_on": [
                        "azurerm_lb_backend_address_pool.lb_backend_address_pool_deploy",
                        "azurerm_lb_nat_rule.lb_nat_rule-ssh-deploy.*",
                        "azurerm_network_security_group.network_security_group_deploy",
                        "azurerm_public_ip.public_ip_deploy.*",
                        "azurerm_resource_group.resource_group_deploy",
                        "azurerm_subnet.subnet_deploy"
                    ],
                    "primary": {
                        "id": "/subscriptions/3abd0dd5-602a-4620-b1f8-d53bf2a6dbad/resourceGroups/resource_group_deploy/providers/Microsoft.Network/networkInterfaces/network_interface_deploy-5",
                        "attributes": {
                            "applied_dns_servers.#": "0",
                            "dns_servers.#": "0",
                            "enable_accelerated_networking": "false",
                            "enable_ip_forwarding": "false",
                            "id": "/subscriptions/3abd0dd5-602a-4620-b1f8-d53bf2a6dbad/resourceGroups/resource_group_deploy/providers/Microsoft.Network/networkInterfaces/network_interface_deploy-5",
                            "internal_dns_name_label": "",
                            "internal_fqdn": "",
                            "ip_configuration.#": "1",
                            "ip_configuration.0.application_gateway_backend_address_pools_ids.#": "0",
                            "ip_configuration.0.application_security_group_ids.#": "0",
                            "ip_configuration.0.load_balancer_backend_address_pools_ids.#": "1",
                            "ip_configuration.0.load_balancer_backend_address_pools_ids.2610660847": "/subscriptions/3abd0dd5-602a-4620-b1f8-d53bf2a6dbad/resourceGroups/resource_group_deploy/providers/Microsoft.Network/loadBalancers/lb_deploy/backendAddressPools/lb_backend_address_pool_deploy",
                            "ip_configuration.0.load_balancer_inbound_nat_rules_ids.#": "1",
                            "ip_configuration.0.load_balancer_inbound_nat_rules_ids.3352244781": "/subscriptions/3abd0dd5-602a-4620-b1f8-d53bf2a6dbad/resourceGroups/resource_group_deploy/providers/Microsoft.Network/loadBalancers/lb_deploy/inboundNatRules/RDP-VM-5",
                            "ip_configuration.0.name": "network_interface_deploy_ip_configuration",
                            "ip_configuration.0.primary": "true",
                            "ip_configuration.0.private_ip_address": "",
                            "ip_configuration.0.private_ip_address_allocation": "dynamic",
                            "ip_configuration.0.public_ip_address_id": "/subscriptions/3abd0dd5-602a-4620-b1f8-d53bf2a6dbad/resourceGroups/resource_group_deploy/providers/Microsoft.Network/publicIPAddresses/public_ip_deploy-5",
                            "ip_configuration.0.subnet_id": "/subscriptions/3abd0dd5-602a-4620-b1f8-d53bf2a6dbad/resourceGroups/resource_group_deploy/providers/Microsoft.Network/virtualNetworks/virtual_network_deploy/subnets/subnet_deploy",
                            "location": "eastus",
                            "mac_address": "00-0D-3A-4E-16-9B",
                            "name": "network_interface_deploy-5",
                            "network_security_group_id": "/subscriptions/3abd0dd5-602a-4620-b1f8-d53bf2a6dbad/resourceGroups/resource_group_deploy/providers/Microsoft.Network/networkSecurityGroups/network_security_group_deploy",
                            "private_ip_address": "10.0.1.6",
                            "private_ip_addresses.#": "1",
                            "private_ip_addresses.0": "10.0.1.6",
                            "resource_group_name": "resource_group_deploy",
                            "tags.%": "1",
                            "tags.environment": "Terraform Demo",
                            "virtual_machine_id": "/subscriptions/3abd0dd5-602a-4620-b1f8-d53bf2a6dbad/resourceGroups/resource_group_deploy/providers/Microsoft.Compute/virtualMachines/vm-deploy-5"
                        },
                        "meta": {},
                        "tainted": false
                    },
                    "deposed": [],
                    "provider": "provider.azurerm"
                },
                "azurerm_network_interface.network_interface_deploy.6": {
                    "type": "azurerm_network_interface",
                    "depends_on": [
                        "azurerm_lb_backend_address_pool.lb_backend_address_pool_deploy",
                        "azurerm_lb_nat_rule.lb_nat_rule-ssh-deploy.*",
                        "azurerm_network_security_group.network_security_group_deploy",
                        "azurerm_public_ip.public_ip_deploy.*",
                        "azurerm_resource_group.resource_group_deploy",
                        "azurerm_subnet.subnet_deploy"
                    ],
                    "primary": {
                        "id": "/subscriptions/3abd0dd5-602a-4620-b1f8-d53bf2a6dbad/resourceGroups/resource_group_deploy/providers/Microsoft.Network/networkInterfaces/network_interface_deploy-6",
                        "attributes": {
                            "applied_dns_servers.#": "0",
                            "dns_servers.#": "0",
                            "enable_accelerated_networking": "false",
                            "enable_ip_forwarding": "false",
                            "id": "/subscriptions/3abd0dd5-602a-4620-b1f8-d53bf2a6dbad/resourceGroups/resource_group_deploy/providers/Microsoft.Network/networkInterfaces/network_interface_deploy-6",
                            "internal_dns_name_label": "",
                            "internal_fqdn": "",
                            "ip_configuration.#": "1",
                            "ip_configuration.0.application_gateway_backend_address_pools_ids.#": "0",
                            "ip_configuration.0.application_security_group_ids.#": "0",
                            "ip_configuration.0.load_balancer_backend_address_pools_ids.#": "1",
                            "ip_configuration.0.load_balancer_backend_address_pools_ids.2610660847": "/subscriptions/3abd0dd5-602a-4620-b1f8-d53bf2a6dbad/resourceGroups/resource_group_deploy/providers/Microsoft.Network/loadBalancers/lb_deploy/backendAddressPools/lb_backend_address_pool_deploy",
                            "ip_configuration.0.load_balancer_inbound_nat_rules_ids.#": "1",
                            "ip_configuration.0.load_balancer_inbound_nat_rules_ids.1590059927": "/subscriptions/3abd0dd5-602a-4620-b1f8-d53bf2a6dbad/resourceGroups/resource_group_deploy/providers/Microsoft.Network/loadBalancers/lb_deploy/inboundNatRules/RDP-VM-6",
                            "ip_configuration.0.name": "network_interface_deploy_ip_configuration",
                            "ip_configuration.0.primary": "true",
                            "ip_configuration.0.private_ip_address": "",
                            "ip_configuration.0.private_ip_address_allocation": "dynamic",
                            "ip_configuration.0.public_ip_address_id": "/subscriptions/3abd0dd5-602a-4620-b1f8-d53bf2a6dbad/resourceGroups/resource_group_deploy/providers/Microsoft.Network/publicIPAddresses/public_ip_deploy-6",
                            "ip_configuration.0.subnet_id": "/subscriptions/3abd0dd5-602a-4620-b1f8-d53bf2a6dbad/resourceGroups/resource_group_deploy/providers/Microsoft.Network/virtualNetworks/virtual_network_deploy/subnets/subnet_deploy",
                            "location": "eastus",
                            "mac_address": "00-0D-3A-4E-1F-0D",
                            "name": "network_interface_deploy-6",
                            "network_security_group_id": "/subscriptions/3abd0dd5-602a-4620-b1f8-d53bf2a6dbad/resourceGroups/resource_group_deploy/providers/Microsoft.Network/networkSecurityGroups/network_security_group_deploy",
                            "private_ip_address": "10.0.1.5",
                            "private_ip_addresses.#": "1",
                            "private_ip_addresses.0": "10.0.1.5",
                            "resource_group_name": "resource_group_deploy",
                            "tags.%": "1",
                            "tags.environment": "Terraform Demo",
                            "virtual_machine_id": "/subscriptions/3abd0dd5-602a-4620-b1f8-d53bf2a6dbad/resourceGroups/resource_group_deploy/providers/Microsoft.Compute/virtualMachines/vm-deploy-6"
                        },
                        "meta": {},
                        "tainted": false
                    },
                    "deposed": [],
                    "provider": "provider.azurerm"
                },
                "azurerm_network_interface.network_interface_deploy.7": {
                    "type": "azurerm_network_interface",
                    "depends_on": [
                        "azurerm_lb_backend_address_pool.lb_backend_address_pool_deploy",
                        "azurerm_lb_nat_rule.lb_nat_rule-ssh-deploy.*",
                        "azurerm_network_security_group.network_security_group_deploy",
                        "azurerm_public_ip.public_ip_deploy.*",
                        "azurerm_resource_group.resource_group_deploy",
                        "azurerm_subnet.subnet_deploy"
                    ],
                    "primary": {
                        "id": "/subscriptions/3abd0dd5-602a-4620-b1f8-d53bf2a6dbad/resourceGroups/resource_group_deploy/providers/Microsoft.Network/networkInterfaces/network_interface_deploy-7",
                        "attributes": {
                            "applied_dns_servers.#": "0",
                            "dns_servers.#": "0",
                            "enable_accelerated_networking": "false",
                            "enable_ip_forwarding": "false",
                            "id": "/subscriptions/3abd0dd5-602a-4620-b1f8-d53bf2a6dbad/resourceGroups/resource_group_deploy/providers/Microsoft.Network/networkInterfaces/network_interface_deploy-7",
                            "internal_dns_name_label": "",
                            "internal_fqdn": "",
                            "ip_configuration.#": "1",
                            "ip_configuration.0.application_gateway_backend_address_pools_ids.#": "0",
                            "ip_configuration.0.application_security_group_ids.#": "0",
                            "ip_configuration.0.load_balancer_backend_address_pools_ids.#": "1",
                            "ip_configuration.0.load_balancer_backend_address_pools_ids.2610660847": "/subscriptions/3abd0dd5-602a-4620-b1f8-d53bf2a6dbad/resourceGroups/resource_group_deploy/providers/Microsoft.Network/loadBalancers/lb_deploy/backendAddressPools/lb_backend_address_pool_deploy",
                            "ip_configuration.0.load_balancer_inbound_nat_rules_ids.#": "1",
                            "ip_configuration.0.load_balancer_inbound_nat_rules_ids.700535553": "/subscriptions/3abd0dd5-602a-4620-b1f8-d53bf2a6dbad/resourceGroups/resource_group_deploy/providers/Microsoft.Network/loadBalancers/lb_deploy/inboundNatRules/RDP-VM-7",
                            "ip_configuration.0.name": "network_interface_deploy_ip_configuration",
                            "ip_configuration.0.primary": "true",
                            "ip_configuration.0.private_ip_address": "",
                            "ip_configuration.0.private_ip_address_allocation": "dynamic",
                            "ip_configuration.0.public_ip_address_id": "/subscriptions/3abd0dd5-602a-4620-b1f8-d53bf2a6dbad/resourceGroups/resource_group_deploy/providers/Microsoft.Network/publicIPAddresses/public_ip_deploy-7",
                            "ip_configuration.0.subnet_id": "/subscriptions/3abd0dd5-602a-4620-b1f8-d53bf2a6dbad/resourceGroups/resource_group_deploy/providers/Microsoft.Network/virtualNetworks/virtual_network_deploy/subnets/subnet_deploy",
                            "location": "eastus",
                            "mac_address": "00-0D-3A-4E-1D-BB",
                            "name": "network_interface_deploy-7",
                            "network_security_group_id": "/subscriptions/3abd0dd5-602a-4620-b1f8-d53bf2a6dbad/resourceGroups/resource_group_deploy/providers/Microsoft.Network/networkSecurityGroups/network_security_group_deploy",
                            "private_ip_address": "10.0.1.11",
                            "private_ip_addresses.#": "1",
                            "private_ip_addresses.0": "10.0.1.11",
                            "resource_group_name": "resource_group_deploy",
                            "tags.%": "1",
                            "tags.environment": "Terraform Demo",
                            "virtual_machine_id": "/subscriptions/3abd0dd5-602a-4620-b1f8-d53bf2a6dbad/resourceGroups/resource_group_deploy/providers/Microsoft.Compute/virtualMachines/vm-deploy-7"
                        },
                        "meta": {},
                        "tainted": false
                    },
                    "deposed": [],
                    "provider": "provider.azurerm"
                },
                "azurerm_network_security_group.network_security_group_deploy": {
                    "type": "azurerm_network_security_group",
                    "depends_on": [
                        "azurerm_resource_group.resource_group_deploy"
                    ],
                    "primary": {
                        "id": "/subscriptions/3abd0dd5-602a-4620-b1f8-d53bf2a6dbad/resourceGroups/resource_group_deploy/providers/Microsoft.Network/networkSecurityGroups/network_security_group_deploy",
                        "attributes": {
                            "id": "/subscriptions/3abd0dd5-602a-4620-b1f8-d53bf2a6dbad/resourceGroups/resource_group_deploy/providers/Microsoft.Network/networkSecurityGroups/network_security_group_deploy",
                            "location": "eastus",
                            "name": "network_security_group_deploy",
                            "resource_group_name": "resource_group_deploy",
                            "security_rule.#": "1",
                            "security_rule.2090309246.access": "Allow",
                            "security_rule.2090309246.description": "",
                            "security_rule.2090309246.destination_address_prefix": "*",
                            "security_rule.2090309246.destination_address_prefixes.#": "0",
                            "security_rule.2090309246.destination_application_security_group_ids.#": "0",
                            "security_rule.2090309246.destination_port_range": "22",
                            "security_rule.2090309246.destination_port_ranges.#": "0",
                            "security_rule.2090309246.direction": "Inbound",
                            "security_rule.2090309246.name": "SSH",
                            "security_rule.2090309246.priority": "1001",
                            "security_rule.2090309246.protocol": "Tcp",
                            "security_rule.2090309246.source_address_prefix": "*",
                            "security_rule.2090309246.source_address_prefixes.#": "0",
                            "security_rule.2090309246.source_application_security_group_ids.#": "0",
                            "security_rule.2090309246.source_port_range": "*",
                            "security_rule.2090309246.source_port_ranges.#": "0",
                            "tags.%": "1",
                            "tags.environment": "Terraform Demo"
                        },
                        "meta": {},
                        "tainted": false
                    },
                    "deposed": [],
                    "provider": "provider.azurerm"
                },
                "azurerm_public_ip.public_ip_deploy.0": {
                    "type": "azurerm_public_ip",
                    "depends_on": [
                        "azurerm_resource_group.resource_group_deploy"
                    ],
                    "primary": {
                        "id": "/subscriptions/3abd0dd5-602a-4620-b1f8-d53bf2a6dbad/resourceGroups/resource_group_deploy/providers/Microsoft.Network/publicIPAddresses/public_ip_deploy-0",
                        "attributes": {
                            "id": "/subscriptions/3abd0dd5-602a-4620-b1f8-d53bf2a6dbad/resourceGroups/resource_group_deploy/providers/Microsoft.Network/publicIPAddresses/public_ip_deploy-0",
                            "idle_timeout_in_minutes": "4",
                            "ip_address": "23.96.110.80",
                            "ip_version": "IPv4",
                            "location": "eastus",
                            "name": "public_ip_deploy-0",
                            "public_ip_address_allocation": "Dynamic",
                            "resource_group_name": "resource_group_deploy",
                            "sku": "Basic",
                            "tags.%": "1",
                            "tags.environment": "Terraform Demo",
                            "zones.#": "0"
                        },
                        "meta": {},
                        "tainted": false
                    },
                    "deposed": [],
                    "provider": "provider.azurerm"
                },
                "azurerm_public_ip.public_ip_deploy.1": {
                    "type": "azurerm_public_ip",
                    "depends_on": [
                        "azurerm_resource_group.resource_group_deploy"
                    ],
                    "primary": {
                        "id": "/subscriptions/3abd0dd5-602a-4620-b1f8-d53bf2a6dbad/resourceGroups/resource_group_deploy/providers/Microsoft.Network/publicIPAddresses/public_ip_deploy-1",
                        "attributes": {
                            "id": "/subscriptions/3abd0dd5-602a-4620-b1f8-d53bf2a6dbad/resourceGroups/resource_group_deploy/providers/Microsoft.Network/publicIPAddresses/public_ip_deploy-1",
                            "idle_timeout_in_minutes": "4",
                            "ip_address": "23.96.96.132",
                            "ip_version": "IPv4",
                            "location": "eastus",
                            "name": "public_ip_deploy-1",
                            "public_ip_address_allocation": "Dynamic",
                            "resource_group_name": "resource_group_deploy",
                            "sku": "Basic",
                            "tags.%": "1",
                            "tags.environment": "Terraform Demo",
                            "zones.#": "0"
                        },
                        "meta": {},
                        "tainted": false
                    },
                    "deposed": [],
                    "provider": "provider.azurerm"
                },
                "azurerm_public_ip.public_ip_deploy.2": {
                    "type": "azurerm_public_ip",
                    "depends_on": [
                        "azurerm_resource_group.resource_group_deploy"
                    ],
                    "primary": {
                        "id": "/subscriptions/3abd0dd5-602a-4620-b1f8-d53bf2a6dbad/resourceGroups/resource_group_deploy/providers/Microsoft.Network/publicIPAddresses/public_ip_deploy-2",
                        "attributes": {
                            "id": "/subscriptions/3abd0dd5-602a-4620-b1f8-d53bf2a6dbad/resourceGroups/resource_group_deploy/providers/Microsoft.Network/publicIPAddresses/public_ip_deploy-2",
                            "idle_timeout_in_minutes": "4",
                            "ip_address": "137.135.112.62",
                            "ip_version": "IPv4",
                            "location": "eastus",
                            "name": "public_ip_deploy-2",
                            "public_ip_address_allocation": "Dynamic",
                            "resource_group_name": "resource_group_deploy",
                            "sku": "Basic",
                            "tags.%": "1",
                            "tags.environment": "Terraform Demo",
                            "zones.#": "0"
                        },
                        "meta": {},
                        "tainted": false
                    },
                    "deposed": [],
                    "provider": "provider.azurerm"
                },
                "azurerm_public_ip.public_ip_deploy.3": {
                    "type": "azurerm_public_ip",
                    "depends_on": [
                        "azurerm_resource_group.resource_group_deploy"
                    ],
                    "primary": {
                        "id": "/subscriptions/3abd0dd5-602a-4620-b1f8-d53bf2a6dbad/resourceGroups/resource_group_deploy/providers/Microsoft.Network/publicIPAddresses/public_ip_deploy-3",
                        "attributes": {
                            "id": "/subscriptions/3abd0dd5-602a-4620-b1f8-d53bf2a6dbad/resourceGroups/resource_group_deploy/providers/Microsoft.Network/publicIPAddresses/public_ip_deploy-3",
                            "idle_timeout_in_minutes": "4",
                            "ip_address": "23.96.99.12",
                            "ip_version": "IPv4",
                            "location": "eastus",
                            "name": "public_ip_deploy-3",
                            "public_ip_address_allocation": "Dynamic",
                            "resource_group_name": "resource_group_deploy",
                            "sku": "Basic",
                            "tags.%": "1",
                            "tags.environment": "Terraform Demo",
                            "zones.#": "0"
                        },
                        "meta": {},
                        "tainted": false
                    },
                    "deposed": [],
                    "provider": "provider.azurerm"
                },
                "azurerm_public_ip.public_ip_deploy.4": {
                    "type": "azurerm_public_ip",
                    "depends_on": [
                        "azurerm_resource_group.resource_group_deploy"
                    ],
                    "primary": {
                        "id": "/subscriptions/3abd0dd5-602a-4620-b1f8-d53bf2a6dbad/resourceGroups/resource_group_deploy/providers/Microsoft.Network/publicIPAddresses/public_ip_deploy-4",
                        "attributes": {
                            "id": "/subscriptions/3abd0dd5-602a-4620-b1f8-d53bf2a6dbad/resourceGroups/resource_group_deploy/providers/Microsoft.Network/publicIPAddresses/public_ip_deploy-4",
                            "idle_timeout_in_minutes": "4",
                            "ip_address": "23.96.111.72",
                            "ip_version": "IPv4",
                            "location": "eastus",
                            "name": "public_ip_deploy-4",
                            "public_ip_address_allocation": "Dynamic",
                            "resource_group_name": "resource_group_deploy",
                            "sku": "Basic",
                            "tags.%": "1",
                            "tags.environment": "Terraform Demo",
                            "zones.#": "0"
                        },
                        "meta": {},
                        "tainted": false
                    },
                    "deposed": [],
                    "provider": "provider.azurerm"
                },
                "azurerm_public_ip.public_ip_deploy.5": {
                    "type": "azurerm_public_ip",
                    "depends_on": [
                        "azurerm_resource_group.resource_group_deploy"
                    ],
                    "primary": {
                        "id": "/subscriptions/3abd0dd5-602a-4620-b1f8-d53bf2a6dbad/resourceGroups/resource_group_deploy/providers/Microsoft.Network/publicIPAddresses/public_ip_deploy-5",
                        "attributes": {
                            "id": "/subscriptions/3abd0dd5-602a-4620-b1f8-d53bf2a6dbad/resourceGroups/resource_group_deploy/providers/Microsoft.Network/publicIPAddresses/public_ip_deploy-5",
                            "idle_timeout_in_minutes": "4",
                            "ip_address": "23.96.110.68",
                            "ip_version": "IPv4",
                            "location": "eastus",
                            "name": "public_ip_deploy-5",
                            "public_ip_address_allocation": "Dynamic",
                            "resource_group_name": "resource_group_deploy",
                            "sku": "Basic",
                            "tags.%": "1",
                            "tags.environment": "Terraform Demo",
                            "zones.#": "0"
                        },
                        "meta": {},
                        "tainted": false
                    },
                    "deposed": [],
                    "provider": "provider.azurerm"
                },
                "azurerm_public_ip.public_ip_deploy.6": {
                    "type": "azurerm_public_ip",
                    "depends_on": [
                        "azurerm_resource_group.resource_group_deploy"
                    ],
                    "primary": {
                        "id": "/subscriptions/3abd0dd5-602a-4620-b1f8-d53bf2a6dbad/resourceGroups/resource_group_deploy/providers/Microsoft.Network/publicIPAddresses/public_ip_deploy-6",
                        "attributes": {
                            "id": "/subscriptions/3abd0dd5-602a-4620-b1f8-d53bf2a6dbad/resourceGroups/resource_group_deploy/providers/Microsoft.Network/publicIPAddresses/public_ip_deploy-6",
                            "idle_timeout_in_minutes": "4",
                            "ip_address": "23.96.111.104",
                            "ip_version": "IPv4",
                            "location": "eastus",
                            "name": "public_ip_deploy-6",
                            "public_ip_address_allocation": "Dynamic",
                            "resource_group_name": "resource_group_deploy",
                            "sku": "Basic",
                            "tags.%": "1",
                            "tags.environment": "Terraform Demo",
                            "zones.#": "0"
                        },
                        "meta": {},
                        "tainted": false
                    },
                    "deposed": [],
                    "provider": "provider.azurerm"
                },
                "azurerm_public_ip.public_ip_deploy.7": {
                    "type": "azurerm_public_ip",
                    "depends_on": [
                        "azurerm_resource_group.resource_group_deploy"
                    ],
                    "primary": {
                        "id": "/subscriptions/3abd0dd5-602a-4620-b1f8-d53bf2a6dbad/resourceGroups/resource_group_deploy/providers/Microsoft.Network/publicIPAddresses/public_ip_deploy-7",
                        "attributes": {
                            "id": "/subscriptions/3abd0dd5-602a-4620-b1f8-d53bf2a6dbad/resourceGroups/resource_group_deploy/providers/Microsoft.Network/publicIPAddresses/public_ip_deploy-7",
                            "idle_timeout_in_minutes": "4",
                            "ip_address": "23.96.41.89",
                            "ip_version": "IPv4",
                            "location": "eastus",
                            "name": "public_ip_deploy-7",
                            "public_ip_address_allocation": "Dynamic",
                            "resource_group_name": "resource_group_deploy",
                            "sku": "Basic",
                            "tags.%": "1",
                            "tags.environment": "Terraform Demo",
                            "zones.#": "0"
                        },
                        "meta": {},
                        "tainted": false
                    },
                    "deposed": [],
                    "provider": "provider.azurerm"
                },
                "azurerm_public_ip.public_ip_lb_deploy": {
                    "type": "azurerm_public_ip",
                    "depends_on": [
                        "azurerm_resource_group.resource_group_deploy"
                    ],
                    "primary": {
                        "id": "/subscriptions/3abd0dd5-602a-4620-b1f8-d53bf2a6dbad/resourceGroups/resource_group_deploy/providers/Microsoft.Network/publicIPAddresses/public_ip_lb_deploy",
                        "attributes": {
                            "id": "/subscriptions/3abd0dd5-602a-4620-b1f8-d53bf2a6dbad/resourceGroups/resource_group_deploy/providers/Microsoft.Network/publicIPAddresses/public_ip_lb_deploy",
                            "idle_timeout_in_minutes": "4",
                            "ip_address": "23.96.41.42",
                            "ip_version": "IPv4",
                            "location": "eastus",
                            "name": "public_ip_lb_deploy",
                            "public_ip_address_allocation": "Dynamic",
                            "resource_group_name": "resource_group_deploy",
                            "sku": "Basic",
                            "tags.%": "1",
                            "tags.environment": "Terraform Demo",
                            "zones.#": "0"
                        },
                        "meta": {},
                        "tainted": false
                    },
                    "deposed": [],
                    "provider": "provider.azurerm"
                },
                "azurerm_resource_group.resource_group_deploy": {
                    "type": "azurerm_resource_group",
                    "depends_on": [],
                    "primary": {
                        "id": "/subscriptions/3abd0dd5-602a-4620-b1f8-d53bf2a6dbad/resourceGroups/resource_group_deploy",
                        "attributes": {
                            "id": "/subscriptions/3abd0dd5-602a-4620-b1f8-d53bf2a6dbad/resourceGroups/resource_group_deploy",
                            "location": "eastus",
                            "name": "resource_group_deploy",
                            "tags.%": "1",
                            "tags.environment": "Terraform Demo"
                        },
                        "meta": {},
                        "tainted": false
                    },
                    "deposed": [],
                    "provider": "provider.azurerm"
                },
                "azurerm_storage_account.storage_account_deploy": {
                    "type": "azurerm_storage_account",
                    "depends_on": [
                        "azurerm_resource_group.resource_group_deploy",
                        "random_id.randomId"
                    ],
                    "primary": {
                        "id": "/subscriptions/3abd0dd5-602a-4620-b1f8-d53bf2a6dbad/resourceGroups/resource_group_deploy/providers/Microsoft.Storage/storageAccounts/diag2ee6191e5c4144ae",
                        "attributes": {
                            "access_tier": "",
                            "account_encryption_source": "Microsoft.Storage",
                            "account_kind": "Storage",
                            "account_replication_type": "LRS",
                            "account_tier": "Standard",
                            "account_type": "Standard_LRS",
                            "enable_blob_encryption": "true",
                            "enable_file_encryption": "true",
                            "enable_https_traffic_only": "false",
                            "id": "/subscriptions/3abd0dd5-602a-4620-b1f8-d53bf2a6dbad/resourceGroups/resource_group_deploy/providers/Microsoft.Storage/storageAccounts/diag2ee6191e5c4144ae",
                            "identity.#": "0",
                            "location": "eastus",
                            "name": "diag2ee6191e5c4144ae",
                            "network_rules.#": "0",
                            "primary_access_key": "hbzueIxxZW1s8QXMtU1fBjWTuXBvOzl7tYsU9wLTRj6FexXcdc2sQJ+70fI/hX44rZKBzauZDtZEk86JkjF6OQ==",
                            "primary_blob_connection_string": "DefaultEndpointsProtocol=https;BlobEndpoint=https://diag2ee6191e5c4144ae.blob.core.windows.net/;AccountName=diag2ee6191e5c4144ae;AccountKey=hbzueIxxZW1s8QXMtU1fBjWTuXBvOzl7tYsU9wLTRj6FexXcdc2sQJ+70fI/hX44rZKBzauZDtZEk86JkjF6OQ==",
                            "primary_blob_endpoint": "https://diag2ee6191e5c4144ae.blob.core.windows.net/",
                            "primary_connection_string": "DefaultEndpointsProtocol=https;AccountName=diag2ee6191e5c4144ae;AccountKey=hbzueIxxZW1s8QXMtU1fBjWTuXBvOzl7tYsU9wLTRj6FexXcdc2sQJ+70fI/hX44rZKBzauZDtZEk86JkjF6OQ==;EndpointSuffix=core.windows.net",
                            "primary_file_endpoint": "https://diag2ee6191e5c4144ae.file.core.windows.net/",
                            "primary_location": "eastus",
                            "primary_queue_endpoint": "https://diag2ee6191e5c4144ae.queue.core.windows.net/",
                            "primary_table_endpoint": "https://diag2ee6191e5c4144ae.table.core.windows.net/",
                            "resource_group_name": "resource_group_deploy",
                            "secondary_access_key": "b1RXPgBdFxgNLqWb5xFDr62ryOuSWmwiqqrPgvMtgsgmoZxJEpJXdKZ1kz2Tf0tOGtWs/4G1+NG/RcvVetxDGg==",
                            "secondary_connection_string": "DefaultEndpointsProtocol=https;AccountName=diag2ee6191e5c4144ae;AccountKey=b1RXPgBdFxgNLqWb5xFDr62ryOuSWmwiqqrPgvMtgsgmoZxJEpJXdKZ1kz2Tf0tOGtWs/4G1+NG/RcvVetxDGg==;EndpointSuffix=core.windows.net",
                            "secondary_location": "",
                            "tags.%": "1",
                            "tags.environment": "Terraform Demo"
                        },
                        "meta": {
                            "schema_version": "2"
                        },
                        "tainted": false
                    },
                    "deposed": [],
                    "provider": "provider.azurerm"
                },
                "azurerm_subnet.subnet_deploy": {
                    "type": "azurerm_subnet",
                    "depends_on": [
                        "azurerm_resource_group.resource_group_deploy",
                        "azurerm_virtual_network.virtual_network_deploy"
                    ],
                    "primary": {
                        "id": "/subscriptions/3abd0dd5-602a-4620-b1f8-d53bf2a6dbad/resourceGroups/resource_group_deploy/providers/Microsoft.Network/virtualNetworks/virtual_network_deploy/subnets/subnet_deploy",
                        "attributes": {
                            "address_prefix": "10.0.1.0/24",
                            "id": "/subscriptions/3abd0dd5-602a-4620-b1f8-d53bf2a6dbad/resourceGroups/resource_group_deploy/providers/Microsoft.Network/virtualNetworks/virtual_network_deploy/subnets/subnet_deploy",
                            "ip_configurations.#": "8",
                            "ip_configurations.1676091345": "/subscriptions/3abd0dd5-602a-4620-b1f8-d53bf2a6dbad/resourceGroups/resource_group_deploy/providers/Microsoft.Network/networkInterfaces/network_interface_deploy-1/ipConfigurations/network_interface_deploy_ip_configuration",
                            "ip_configurations.2051980479": "/subscriptions/3abd0dd5-602a-4620-b1f8-d53bf2a6dbad/resourceGroups/resource_group_deploy/providers/Microsoft.Network/networkInterfaces/network_interface_deploy-6/ipConfigurations/network_interface_deploy_ip_configuration",
                            "ip_configurations.2838794590": "/subscriptions/3abd0dd5-602a-4620-b1f8-d53bf2a6dbad/resourceGroups/resource_group_deploy/providers/Microsoft.Network/networkInterfaces/network_interface_deploy-0/ipConfigurations/network_interface_deploy_ip_configuration",
                            "ip_configurations.2963092016": "/subscriptions/3abd0dd5-602a-4620-b1f8-d53bf2a6dbad/resourceGroups/resource_group_deploy/providers/Microsoft.Network/networkInterfaces/network_interface_deploy-7/ipConfigurations/network_interface_deploy_ip_configuration",
                            "ip_configurations.3890383361": "/subscriptions/3abd0dd5-602a-4620-b1f8-d53bf2a6dbad/resourceGroups/resource_group_deploy/providers/Microsoft.Network/networkInterfaces/network_interface_deploy-2/ipConfigurations/network_interface_deploy_ip_configuration",
                            "ip_configurations.4266338671": "/subscriptions/3abd0dd5-602a-4620-b1f8-d53bf2a6dbad/resourceGroups/resource_group_deploy/providers/Microsoft.Network/networkInterfaces/network_interface_deploy-5/ipConfigurations/network_interface_deploy_ip_configuration",
                            "ip_configurations.758187150": "/subscriptions/3abd0dd5-602a-4620-b1f8-d53bf2a6dbad/resourceGroups/resource_group_deploy/providers/Microsoft.Network/networkInterfaces/network_interface_deploy-3/ipConfigurations/network_interface_deploy_ip_configuration",
                            "ip_configurations.882419680": "/subscriptions/3abd0dd5-602a-4620-b1f8-d53bf2a6dbad/resourceGroups/resource_group_deploy/providers/Microsoft.Network/networkInterfaces/network_interface_deploy-4/ipConfigurations/network_interface_deploy_ip_configuration",
                            "name": "subnet_deploy",
                            "resource_group_name": "resource_group_deploy",
                            "route_table_id": "",
                            "service_endpoints.#": "0",
                            "virtual_network_name": "virtual_network_deploy"
                        },
                        "meta": {},
                        "tainted": false
                    },
                    "deposed": [],
                    "provider": "provider.azurerm"
                },
                "azurerm_virtual_machine.virtual_machine_deploy.0": {
                    "type": "azurerm_virtual_machine",
                    "depends_on": [
                        "azurerm_availability_set.availability_set_deploy",
                        "azurerm_network_interface.network_interface_deploy.*",
                        "azurerm_resource_group.resource_group_deploy",
                        "azurerm_storage_account.storage_account_deploy",
                        "random_id.randomId"
                    ],
                    "primary": {
                        "id": "/subscriptions/3abd0dd5-602a-4620-b1f8-d53bf2a6dbad/resourceGroups/resource_group_deploy/providers/Microsoft.Compute/virtualMachines/vm-deploy-0",
                        "attributes": {
                            "availability_set_id": "/subscriptions/3abd0dd5-602a-4620-b1f8-d53bf2a6dbad/resourcegroups/resource_group_deploy/providers/microsoft.compute/availabilitysets/availability_set_deploy",
                            "boot_diagnostics.#": "1",
                            "boot_diagnostics.0.enabled": "true",
                            "boot_diagnostics.0.storage_uri": "https://diag2ee6191e5c4144ae.blob.core.windows.net/",
                            "delete_data_disks_on_termination": "true",
                            "delete_os_disk_on_termination": "true",
                            "id": "/subscriptions/3abd0dd5-602a-4620-b1f8-d53bf2a6dbad/resourceGroups/resource_group_deploy/providers/Microsoft.Compute/virtualMachines/vm-deploy-0",
                            "identity.#": "0",
                            "location": "eastus",
                            "name": "vm-deploy-0",
                            "network_interface_ids.#": "1",
                            "network_interface_ids.0": "/subscriptions/3abd0dd5-602a-4620-b1f8-d53bf2a6dbad/resourceGroups/resource_group_deploy/providers/Microsoft.Network/networkInterfaces/network_interface_deploy-0",
                            "os_profile.#": "1",
                            "os_profile.4156975038.admin_password": "",
                            "os_profile.4156975038.admin_username": "azureuser",
                            "os_profile.4156975038.computer_name": "vm-deploy0",
                            "os_profile.4156975038.custom_data": "",
                            "os_profile_linux_config.#": "1",
                            "os_profile_linux_config.69840937.disable_password_authentication": "true",
                            "os_profile_linux_config.69840937.ssh_keys.#": "1",
                            "os_profile_linux_config.69840937.ssh_keys.0.key_data": "ssh-rsa AAAAB3NzaC1yc2EAAAADAQABAAABAQC4OqtycBTD1RYNhPW1s4IiuyG61H0M+0FnRfUOqdTJhcU84alJzWbkRXAGAh42+3rm0mXiFc2uGkP2v/F7XcfBFxrWkgg0rycQ4aZZ8PG0as939WHm3tU1M9KAqzHnv9OjZZqqhici/taA9xJCnRCl4TLdYAhIs72Sy0uuFxdYrk19rTmsP+HzGUkRMyFaJTM+jntXhwooujIqQQ1QJyoXgatnIhSTzggemFn3aBbfwz7ivDDnUwl2yq7ZnEtqLIXWRXBhGnXd1SDJK9rabsvmxqeX8QXs3IJXpsCO0dDW3VEUdeXlNa5osIP5f4H/HXF0z2Km7dfWKNuWyltCI+tX romanrozin@Romans-MacBook-Pro.local",
                            "os_profile_linux_config.69840937.ssh_keys.0.path": "/home/azureuser/.ssh/authorized_keys",
                            "os_profile_secrets.#": "0",
                            "resource_group_name": "resource_group_deploy",
                            "storage_data_disk.#": "0",
                            "storage_image_reference.#": "1",
                            "storage_image_reference.363552096.id": "",
                            "storage_image_reference.363552096.offer": "UbuntuServer",
                            "storage_image_reference.363552096.publisher": "Canonical",
                            "storage_image_reference.363552096.sku": "16.04.0-LTS",
                            "storage_image_reference.363552096.version": "latest",
                            "storage_os_disk.#": "1",
                            "storage_os_disk.0.caching": "ReadWrite",
                            "storage_os_disk.0.create_option": "FromImage",
                            "storage_os_disk.0.disk_size_gb": "30",
                            "storage_os_disk.0.image_uri": "",
                            "storage_os_disk.0.managed_disk_id": "/subscriptions/3abd0dd5-602a-4620-b1f8-d53bf2a6dbad/resourceGroups/resource_group_deploy/providers/Microsoft.Compute/disks/vm-deploy-0",
                            "storage_os_disk.0.managed_disk_type": "Premium_LRS",
                            "storage_os_disk.0.name": "vm-deploy-0",
                            "storage_os_disk.0.os_type": "Linux",
                            "storage_os_disk.0.vhd_uri": "",
                            "storage_os_disk.0.write_accelerator_enabled": "false",
                            "tags.%": "2",
                            "tags.environment": "Terraform Demo",
                            "tags.name": "LuYZHlxBRK4",
                            "vm_size": "Standard_DS1_v2",
                            "zones.#": "0"
                        },
                        "meta": {},
                        "tainted": false
                    },
                    "deposed": [],
                    "provider": "provider.azurerm"
                },
                "azurerm_virtual_machine.virtual_machine_deploy.1": {
                    "type": "azurerm_virtual_machine",
                    "depends_on": [
                        "azurerm_availability_set.availability_set_deploy",
                        "azurerm_network_interface.network_interface_deploy.*",
                        "azurerm_resource_group.resource_group_deploy",
                        "azurerm_storage_account.storage_account_deploy",
                        "random_id.randomId"
                    ],
                    "primary": {
                        "id": "/subscriptions/3abd0dd5-602a-4620-b1f8-d53bf2a6dbad/resourceGroups/resource_group_deploy/providers/Microsoft.Compute/virtualMachines/vm-deploy-1",
                        "attributes": {
                            "availability_set_id": "/subscriptions/3abd0dd5-602a-4620-b1f8-d53bf2a6dbad/resourcegroups/resource_group_deploy/providers/microsoft.compute/availabilitysets/availability_set_deploy",
                            "boot_diagnostics.#": "1",
                            "boot_diagnostics.0.enabled": "true",
                            "boot_diagnostics.0.storage_uri": "https://diag2ee6191e5c4144ae.blob.core.windows.net/",
                            "delete_data_disks_on_termination": "true",
                            "delete_os_disk_on_termination": "true",
                            "id": "/subscriptions/3abd0dd5-602a-4620-b1f8-d53bf2a6dbad/resourceGroups/resource_group_deploy/providers/Microsoft.Compute/virtualMachines/vm-deploy-1",
                            "identity.#": "0",
                            "location": "eastus",
                            "name": "vm-deploy-1",
                            "network_interface_ids.#": "1",
                            "network_interface_ids.0": "/subscriptions/3abd0dd5-602a-4620-b1f8-d53bf2a6dbad/resourceGroups/resource_group_deploy/providers/Microsoft.Network/networkInterfaces/network_interface_deploy-1",
                            "os_profile.#": "1",
                            "os_profile.4007483135.admin_password": "",
                            "os_profile.4007483135.admin_username": "azureuser",
                            "os_profile.4007483135.computer_name": "vm-deploy1",
                            "os_profile.4007483135.custom_data": "",
                            "os_profile_linux_config.#": "1",
                            "os_profile_linux_config.69840937.disable_password_authentication": "true",
                            "os_profile_linux_config.69840937.ssh_keys.#": "1",
                            "os_profile_linux_config.69840937.ssh_keys.0.key_data": "ssh-rsa AAAAB3NzaC1yc2EAAAADAQABAAABAQC4OqtycBTD1RYNhPW1s4IiuyG61H0M+0FnRfUOqdTJhcU84alJzWbkRXAGAh42+3rm0mXiFc2uGkP2v/F7XcfBFxrWkgg0rycQ4aZZ8PG0as939WHm3tU1M9KAqzHnv9OjZZqqhici/taA9xJCnRCl4TLdYAhIs72Sy0uuFxdYrk19rTmsP+HzGUkRMyFaJTM+jntXhwooujIqQQ1QJyoXgatnIhSTzggemFn3aBbfwz7ivDDnUwl2yq7ZnEtqLIXWRXBhGnXd1SDJK9rabsvmxqeX8QXs3IJXpsCO0dDW3VEUdeXlNa5osIP5f4H/HXF0z2Km7dfWKNuWyltCI+tX romanrozin@Romans-MacBook-Pro.local",
                            "os_profile_linux_config.69840937.ssh_keys.0.path": "/home/azureuser/.ssh/authorized_keys",
                            "os_profile_secrets.#": "0",
                            "resource_group_name": "resource_group_deploy",
                            "storage_data_disk.#": "0",
                            "storage_image_reference.#": "1",
                            "storage_image_reference.363552096.id": "",
                            "storage_image_reference.363552096.offer": "UbuntuServer",
                            "storage_image_reference.363552096.publisher": "Canonical",
                            "storage_image_reference.363552096.sku": "16.04.0-LTS",
                            "storage_image_reference.363552096.version": "latest",
                            "storage_os_disk.#": "1",
                            "storage_os_disk.0.caching": "ReadWrite",
                            "storage_os_disk.0.create_option": "FromImage",
                            "storage_os_disk.0.disk_size_gb": "30",
                            "storage_os_disk.0.image_uri": "",
                            "storage_os_disk.0.managed_disk_id": "/subscriptions/3abd0dd5-602a-4620-b1f8-d53bf2a6dbad/resourceGroups/resource_group_deploy/providers/Microsoft.Compute/disks/vm-deploy-1",
                            "storage_os_disk.0.managed_disk_type": "Premium_LRS",
                            "storage_os_disk.0.name": "vm-deploy-1",
                            "storage_os_disk.0.os_type": "Linux",
                            "storage_os_disk.0.vhd_uri": "",
                            "storage_os_disk.0.write_accelerator_enabled": "false",
                            "tags.%": "2",
                            "tags.environment": "Terraform Demo",
                            "tags.name": "LuYZHlxBRK4",
                            "vm_size": "Standard_DS1_v2",
                            "zones.#": "0"
                        },
                        "meta": {},
                        "tainted": false
                    },
                    "deposed": [],
                    "provider": "provider.azurerm"
                },
                "azurerm_virtual_machine.virtual_machine_deploy.2": {
                    "type": "azurerm_virtual_machine",
                    "depends_on": [
                        "azurerm_availability_set.availability_set_deploy",
                        "azurerm_network_interface.network_interface_deploy.*",
                        "azurerm_resource_group.resource_group_deploy",
                        "azurerm_storage_account.storage_account_deploy",
                        "random_id.randomId"
                    ],
                    "primary": {
                        "id": "/subscriptions/3abd0dd5-602a-4620-b1f8-d53bf2a6dbad/resourceGroups/resource_group_deploy/providers/Microsoft.Compute/virtualMachines/vm-deploy-2",
                        "attributes": {
                            "availability_set_id": "/subscriptions/3abd0dd5-602a-4620-b1f8-d53bf2a6dbad/resourcegroups/resource_group_deploy/providers/microsoft.compute/availabilitysets/availability_set_deploy",
                            "boot_diagnostics.#": "1",
                            "boot_diagnostics.0.enabled": "true",
                            "boot_diagnostics.0.storage_uri": "https://diag2ee6191e5c4144ae.blob.core.windows.net/",
                            "delete_data_disks_on_termination": "true",
                            "delete_os_disk_on_termination": "true",
                            "id": "/subscriptions/3abd0dd5-602a-4620-b1f8-d53bf2a6dbad/resourceGroups/resource_group_deploy/providers/Microsoft.Compute/virtualMachines/vm-deploy-2",
                            "identity.#": "0",
                            "location": "eastus",
                            "name": "vm-deploy-2",
                            "network_interface_ids.#": "1",
                            "network_interface_ids.0": "/subscriptions/3abd0dd5-602a-4620-b1f8-d53bf2a6dbad/resourceGroups/resource_group_deploy/providers/Microsoft.Network/networkInterfaces/network_interface_deploy-2",
                            "os_profile.#": "1",
                            "os_profile.3320841532.admin_password": "",
                            "os_profile.3320841532.admin_username": "azureuser",
                            "os_profile.3320841532.computer_name": "vm-deploy2",
                            "os_profile.3320841532.custom_data": "",
                            "os_profile_linux_config.#": "1",
                            "os_profile_linux_config.69840937.disable_password_authentication": "true",
                            "os_profile_linux_config.69840937.ssh_keys.#": "1",
                            "os_profile_linux_config.69840937.ssh_keys.0.key_data": "ssh-rsa AAAAB3NzaC1yc2EAAAADAQABAAABAQC4OqtycBTD1RYNhPW1s4IiuyG61H0M+0FnRfUOqdTJhcU84alJzWbkRXAGAh42+3rm0mXiFc2uGkP2v/F7XcfBFxrWkgg0rycQ4aZZ8PG0as939WHm3tU1M9KAqzHnv9OjZZqqhici/taA9xJCnRCl4TLdYAhIs72Sy0uuFxdYrk19rTmsP+HzGUkRMyFaJTM+jntXhwooujIqQQ1QJyoXgatnIhSTzggemFn3aBbfwz7ivDDnUwl2yq7ZnEtqLIXWRXBhGnXd1SDJK9rabsvmxqeX8QXs3IJXpsCO0dDW3VEUdeXlNa5osIP5f4H/HXF0z2Km7dfWKNuWyltCI+tX romanrozin@Romans-MacBook-Pro.local",
                            "os_profile_linux_config.69840937.ssh_keys.0.path": "/home/azureuser/.ssh/authorized_keys",
                            "os_profile_secrets.#": "0",
                            "resource_group_name": "resource_group_deploy",
                            "storage_data_disk.#": "0",
                            "storage_image_reference.#": "1",
                            "storage_image_reference.363552096.id": "",
                            "storage_image_reference.363552096.offer": "UbuntuServer",
                            "storage_image_reference.363552096.publisher": "Canonical",
                            "storage_image_reference.363552096.sku": "16.04.0-LTS",
                            "storage_image_reference.363552096.version": "latest",
                            "storage_os_disk.#": "1",
                            "storage_os_disk.0.caching": "ReadWrite",
                            "storage_os_disk.0.create_option": "FromImage",
                            "storage_os_disk.0.disk_size_gb": "30",
                            "storage_os_disk.0.image_uri": "",
                            "storage_os_disk.0.managed_disk_id": "/subscriptions/3abd0dd5-602a-4620-b1f8-d53bf2a6dbad/resourceGroups/resource_group_deploy/providers/Microsoft.Compute/disks/vm-deploy-2",
                            "storage_os_disk.0.managed_disk_type": "Premium_LRS",
                            "storage_os_disk.0.name": "vm-deploy-2",
                            "storage_os_disk.0.os_type": "Linux",
                            "storage_os_disk.0.vhd_uri": "",
                            "storage_os_disk.0.write_accelerator_enabled": "false",
                            "tags.%": "2",
                            "tags.environment": "Terraform Demo",
                            "tags.name": "LuYZHlxBRK4",
                            "vm_size": "Standard_DS1_v2",
                            "zones.#": "0"
                        },
                        "meta": {},
                        "tainted": false
                    },
                    "deposed": [],
                    "provider": "provider.azurerm"
                },
                "azurerm_virtual_machine.virtual_machine_deploy.3": {
                    "type": "azurerm_virtual_machine",
                    "depends_on": [
                        "azurerm_availability_set.availability_set_deploy",
                        "azurerm_network_interface.network_interface_deploy.*",
                        "azurerm_resource_group.resource_group_deploy",
                        "azurerm_storage_account.storage_account_deploy",
                        "random_id.randomId"
                    ],
                    "primary": {
                        "id": "/subscriptions/3abd0dd5-602a-4620-b1f8-d53bf2a6dbad/resourceGroups/resource_group_deploy/providers/Microsoft.Compute/virtualMachines/vm-deploy-3",
                        "attributes": {
                            "availability_set_id": "/subscriptions/3abd0dd5-602a-4620-b1f8-d53bf2a6dbad/resourcegroups/resource_group_deploy/providers/microsoft.compute/availabilitysets/availability_set_deploy",
                            "boot_diagnostics.#": "1",
                            "boot_diagnostics.0.enabled": "true",
                            "boot_diagnostics.0.storage_uri": "https://diag2ee6191e5c4144ae.blob.core.windows.net/",
                            "delete_data_disks_on_termination": "true",
                            "delete_os_disk_on_termination": "true",
                            "id": "/subscriptions/3abd0dd5-602a-4620-b1f8-d53bf2a6dbad/resourceGroups/resource_group_deploy/providers/Microsoft.Compute/virtualMachines/vm-deploy-3",
                            "identity.#": "0",
                            "location": "eastus",
                            "name": "vm-deploy-3",
                            "network_interface_ids.#": "1",
                            "network_interface_ids.0": "/subscriptions/3abd0dd5-602a-4620-b1f8-d53bf2a6dbad/resourceGroups/resource_group_deploy/providers/Microsoft.Network/networkInterfaces/network_interface_deploy-3",
                            "os_profile.#": "1",
                            "os_profile.3706401917.admin_password": "",
                            "os_profile.3706401917.admin_username": "azureuser",
                            "os_profile.3706401917.computer_name": "vm-deploy3",
                            "os_profile.3706401917.custom_data": "",
                            "os_profile_linux_config.#": "1",
                            "os_profile_linux_config.69840937.disable_password_authentication": "true",
                            "os_profile_linux_config.69840937.ssh_keys.#": "1",
                            "os_profile_linux_config.69840937.ssh_keys.0.key_data": "ssh-rsa AAAAB3NzaC1yc2EAAAADAQABAAABAQC4OqtycBTD1RYNhPW1s4IiuyG61H0M+0FnRfUOqdTJhcU84alJzWbkRXAGAh42+3rm0mXiFc2uGkP2v/F7XcfBFxrWkgg0rycQ4aZZ8PG0as939WHm3tU1M9KAqzHnv9OjZZqqhici/taA9xJCnRCl4TLdYAhIs72Sy0uuFxdYrk19rTmsP+HzGUkRMyFaJTM+jntXhwooujIqQQ1QJyoXgatnIhSTzggemFn3aBbfwz7ivDDnUwl2yq7ZnEtqLIXWRXBhGnXd1SDJK9rabsvmxqeX8QXs3IJXpsCO0dDW3VEUdeXlNa5osIP5f4H/HXF0z2Km7dfWKNuWyltCI+tX romanrozin@Romans-MacBook-Pro.local",
                            "os_profile_linux_config.69840937.ssh_keys.0.path": "/home/azureuser/.ssh/authorized_keys",
                            "os_profile_secrets.#": "0",
                            "resource_group_name": "resource_group_deploy",
                            "storage_data_disk.#": "0",
                            "storage_image_reference.#": "1",
                            "storage_image_reference.363552096.id": "",
                            "storage_image_reference.363552096.offer": "UbuntuServer",
                            "storage_image_reference.363552096.publisher": "Canonical",
                            "storage_image_reference.363552096.sku": "16.04.0-LTS",
                            "storage_image_reference.363552096.version": "latest",
                            "storage_os_disk.#": "1",
                            "storage_os_disk.0.caching": "ReadWrite",
                            "storage_os_disk.0.create_option": "FromImage",
                            "storage_os_disk.0.disk_size_gb": "30",
                            "storage_os_disk.0.image_uri": "",
                            "storage_os_disk.0.managed_disk_id": "/subscriptions/3abd0dd5-602a-4620-b1f8-d53bf2a6dbad/resourceGroups/resource_group_deploy/providers/Microsoft.Compute/disks/vm-deploy-3",
                            "storage_os_disk.0.managed_disk_type": "Premium_LRS",
                            "storage_os_disk.0.name": "vm-deploy-3",
                            "storage_os_disk.0.os_type": "Linux",
                            "storage_os_disk.0.vhd_uri": "",
                            "storage_os_disk.0.write_accelerator_enabled": "false",
                            "tags.%": "2",
                            "tags.environment": "Terraform Demo",
                            "tags.name": "LuYZHlxBRK4",
                            "vm_size": "Standard_DS1_v2",
                            "zones.#": "0"
                        },
                        "meta": {},
                        "tainted": false
                    },
                    "deposed": [],
                    "provider": "provider.azurerm"
                },
                "azurerm_virtual_machine.virtual_machine_deploy.4": {
                    "type": "azurerm_virtual_machine",
                    "depends_on": [
                        "azurerm_availability_set.availability_set_deploy",
                        "azurerm_network_interface.network_interface_deploy.*",
                        "azurerm_resource_group.resource_group_deploy",
                        "azurerm_storage_account.storage_account_deploy",
                        "random_id.randomId"
                    ],
                    "primary": {
                        "id": "/subscriptions/3abd0dd5-602a-4620-b1f8-d53bf2a6dbad/resourceGroups/resource_group_deploy/providers/Microsoft.Compute/virtualMachines/vm-deploy-4",
                        "attributes": {
                            "availability_set_id": "/subscriptions/3abd0dd5-602a-4620-b1f8-d53bf2a6dbad/resourcegroups/resource_group_deploy/providers/microsoft.compute/availabilitysets/availability_set_deploy",
                            "boot_diagnostics.#": "1",
                            "boot_diagnostics.0.enabled": "true",
                            "boot_diagnostics.0.storage_uri": "https://diag2ee6191e5c4144ae.blob.core.windows.net/",
                            "delete_data_disks_on_termination": "true",
                            "delete_os_disk_on_termination": "true",
                            "id": "/subscriptions/3abd0dd5-602a-4620-b1f8-d53bf2a6dbad/resourceGroups/resource_group_deploy/providers/Microsoft.Compute/virtualMachines/vm-deploy-4",
                            "identity.#": "0",
                            "location": "eastus",
                            "name": "vm-deploy-4",
                            "network_interface_ids.#": "1",
                            "network_interface_ids.0": "/subscriptions/3abd0dd5-602a-4620-b1f8-d53bf2a6dbad/resourceGroups/resource_group_deploy/providers/Microsoft.Network/networkInterfaces/network_interface_deploy-4",
                            "os_profile.#": "1",
                            "os_profile.2477433530.admin_password": "",
                            "os_profile.2477433530.admin_username": "azureuser",
                            "os_profile.2477433530.computer_name": "vm-deploy4",
                            "os_profile.2477433530.custom_data": "",
                            "os_profile_linux_config.#": "1",
                            "os_profile_linux_config.69840937.disable_password_authentication": "true",
                            "os_profile_linux_config.69840937.ssh_keys.#": "1",
                            "os_profile_linux_config.69840937.ssh_keys.0.key_data": "ssh-rsa AAAAB3NzaC1yc2EAAAADAQABAAABAQC4OqtycBTD1RYNhPW1s4IiuyG61H0M+0FnRfUOqdTJhcU84alJzWbkRXAGAh42+3rm0mXiFc2uGkP2v/F7XcfBFxrWkgg0rycQ4aZZ8PG0as939WHm3tU1M9KAqzHnv9OjZZqqhici/taA9xJCnRCl4TLdYAhIs72Sy0uuFxdYrk19rTmsP+HzGUkRMyFaJTM+jntXhwooujIqQQ1QJyoXgatnIhSTzggemFn3aBbfwz7ivDDnUwl2yq7ZnEtqLIXWRXBhGnXd1SDJK9rabsvmxqeX8QXs3IJXpsCO0dDW3VEUdeXlNa5osIP5f4H/HXF0z2Km7dfWKNuWyltCI+tX romanrozin@Romans-MacBook-Pro.local",
                            "os_profile_linux_config.69840937.ssh_keys.0.path": "/home/azureuser/.ssh/authorized_keys",
                            "os_profile_secrets.#": "0",
                            "resource_group_name": "resource_group_deploy",
                            "storage_data_disk.#": "0",
                            "storage_image_reference.#": "1",
                            "storage_image_reference.363552096.id": "",
                            "storage_image_reference.363552096.offer": "UbuntuServer",
                            "storage_image_reference.363552096.publisher": "Canonical",
                            "storage_image_reference.363552096.sku": "16.04.0-LTS",
                            "storage_image_reference.363552096.version": "latest",
                            "storage_os_disk.#": "1",
                            "storage_os_disk.0.caching": "ReadWrite",
                            "storage_os_disk.0.create_option": "FromImage",
                            "storage_os_disk.0.disk_size_gb": "30",
                            "storage_os_disk.0.image_uri": "",
                            "storage_os_disk.0.managed_disk_id": "/subscriptions/3abd0dd5-602a-4620-b1f8-d53bf2a6dbad/resourceGroups/resource_group_deploy/providers/Microsoft.Compute/disks/vm-deploy-4",
                            "storage_os_disk.0.managed_disk_type": "Premium_LRS",
                            "storage_os_disk.0.name": "vm-deploy-4",
                            "storage_os_disk.0.os_type": "Linux",
                            "storage_os_disk.0.vhd_uri": "",
                            "storage_os_disk.0.write_accelerator_enabled": "false",
                            "tags.%": "2",
                            "tags.environment": "Terraform Demo",
                            "tags.name": "LuYZHlxBRK4",
                            "vm_size": "Standard_DS1_v2",
                            "zones.#": "0"
                        },
                        "meta": {},
                        "tainted": false
                    },
                    "deposed": [],
                    "provider": "provider.azurerm"
                },
                "azurerm_virtual_machine.virtual_machine_deploy.5": {
                    "type": "azurerm_virtual_machine",
                    "depends_on": [
                        "azurerm_availability_set.availability_set_deploy",
                        "azurerm_network_interface.network_interface_deploy.*",
                        "azurerm_resource_group.resource_group_deploy",
                        "azurerm_storage_account.storage_account_deploy",
                        "random_id.randomId"
                    ],
                    "primary": {
                        "id": "/subscriptions/3abd0dd5-602a-4620-b1f8-d53bf2a6dbad/resourceGroups/resource_group_deploy/providers/Microsoft.Compute/virtualMachines/vm-deploy-5",
                        "attributes": {
                            "availability_set_id": "/subscriptions/3abd0dd5-602a-4620-b1f8-d53bf2a6dbad/resourcegroups/resource_group_deploy/providers/microsoft.compute/availabilitysets/availability_set_deploy",
                            "boot_diagnostics.#": "1",
                            "boot_diagnostics.0.enabled": "true",
                            "boot_diagnostics.0.storage_uri": "https://diag2ee6191e5c4144ae.blob.core.windows.net/",
                            "delete_data_disks_on_termination": "true",
                            "delete_os_disk_on_termination": "true",
                            "id": "/subscriptions/3abd0dd5-602a-4620-b1f8-d53bf2a6dbad/resourceGroups/resource_group_deploy/providers/Microsoft.Compute/virtualMachines/vm-deploy-5",
                            "identity.#": "0",
                            "location": "eastus",
                            "name": "vm-deploy-5",
                            "network_interface_ids.#": "1",
                            "network_interface_ids.0": "/subscriptions/3abd0dd5-602a-4620-b1f8-d53bf2a6dbad/resourceGroups/resource_group_deploy/providers/Microsoft.Network/networkInterfaces/network_interface_deploy-5",
                            "os_profile.#": "1",
                            "os_profile.2326893563.admin_password": "",
                            "os_profile.2326893563.admin_username": "azureuser",
                            "os_profile.2326893563.computer_name": "vm-deploy5",
                            "os_profile.2326893563.custom_data": "",
                            "os_profile_linux_config.#": "1",
                            "os_profile_linux_config.69840937.disable_password_authentication": "true",
                            "os_profile_linux_config.69840937.ssh_keys.#": "1",
                            "os_profile_linux_config.69840937.ssh_keys.0.key_data": "ssh-rsa AAAAB3NzaC1yc2EAAAADAQABAAABAQC4OqtycBTD1RYNhPW1s4IiuyG61H0M+0FnRfUOqdTJhcU84alJzWbkRXAGAh42+3rm0mXiFc2uGkP2v/F7XcfBFxrWkgg0rycQ4aZZ8PG0as939WHm3tU1M9KAqzHnv9OjZZqqhici/taA9xJCnRCl4TLdYAhIs72Sy0uuFxdYrk19rTmsP+HzGUkRMyFaJTM+jntXhwooujIqQQ1QJyoXgatnIhSTzggemFn3aBbfwz7ivDDnUwl2yq7ZnEtqLIXWRXBhGnXd1SDJK9rabsvmxqeX8QXs3IJXpsCO0dDW3VEUdeXlNa5osIP5f4H/HXF0z2Km7dfWKNuWyltCI+tX romanrozin@Romans-MacBook-Pro.local",
                            "os_profile_linux_config.69840937.ssh_keys.0.path": "/home/azureuser/.ssh/authorized_keys",
                            "os_profile_secrets.#": "0",
                            "resource_group_name": "resource_group_deploy",
                            "storage_data_disk.#": "0",
                            "storage_image_reference.#": "1",
                            "storage_image_reference.363552096.id": "",
                            "storage_image_reference.363552096.offer": "UbuntuServer",
                            "storage_image_reference.363552096.publisher": "Canonical",
                            "storage_image_reference.363552096.sku": "16.04.0-LTS",
                            "storage_image_reference.363552096.version": "latest",
                            "storage_os_disk.#": "1",
                            "storage_os_disk.0.caching": "ReadWrite",
                            "storage_os_disk.0.create_option": "FromImage",
                            "storage_os_disk.0.disk_size_gb": "30",
                            "storage_os_disk.0.image_uri": "",
                            "storage_os_disk.0.managed_disk_id": "/subscriptions/3abd0dd5-602a-4620-b1f8-d53bf2a6dbad/resourceGroups/resource_group_deploy/providers/Microsoft.Compute/disks/vm-deploy-5",
                            "storage_os_disk.0.managed_disk_type": "Premium_LRS",
                            "storage_os_disk.0.name": "vm-deploy-5",
                            "storage_os_disk.0.os_type": "Linux",
                            "storage_os_disk.0.vhd_uri": "",
                            "storage_os_disk.0.write_accelerator_enabled": "false",
                            "tags.%": "2",
                            "tags.environment": "Terraform Demo",
                            "tags.name": "LuYZHlxBRK4",
                            "vm_size": "Standard_DS1_v2",
                            "zones.#": "0"
                        },
                        "meta": {},
                        "tainted": false
                    },
                    "deposed": [],
                    "provider": "provider.azurerm"
                },
                "azurerm_virtual_machine.virtual_machine_deploy.6": {
                    "type": "azurerm_virtual_machine",
                    "depends_on": [
                        "azurerm_availability_set.availability_set_deploy",
                        "azurerm_network_interface.network_interface_deploy.*",
                        "azurerm_resource_group.resource_group_deploy",
                        "azurerm_storage_account.storage_account_deploy",
                        "random_id.randomId"
                    ],
                    "primary": {
                        "id": "/subscriptions/3abd0dd5-602a-4620-b1f8-d53bf2a6dbad/resourceGroups/resource_group_deploy/providers/Microsoft.Compute/virtualMachines/vm-deploy-6",
                        "attributes": {
                            "availability_set_id": "/subscriptions/3abd0dd5-602a-4620-b1f8-d53bf2a6dbad/resourcegroups/resource_group_deploy/providers/microsoft.compute/availabilitysets/availability_set_deploy",
                            "boot_diagnostics.#": "1",
                            "boot_diagnostics.0.enabled": "true",
                            "boot_diagnostics.0.storage_uri": "https://diag2ee6191e5c4144ae.blob.core.windows.net/",
                            "delete_data_disks_on_termination": "true",
                            "delete_os_disk_on_termination": "true",
                            "id": "/subscriptions/3abd0dd5-602a-4620-b1f8-d53bf2a6dbad/resourceGroups/resource_group_deploy/providers/Microsoft.Compute/virtualMachines/vm-deploy-6",
                            "identity.#": "0",
                            "location": "eastus",
                            "name": "vm-deploy-6",
                            "network_interface_ids.#": "1",
                            "network_interface_ids.0": "/subscriptions/3abd0dd5-602a-4620-b1f8-d53bf2a6dbad/resourceGroups/resource_group_deploy/providers/Microsoft.Network/networkInterfaces/network_interface_deploy-6",
                            "os_profile.#": "1",
                            "os_profile.2711404600.admin_password": "",
                            "os_profile.2711404600.admin_username": "azureuser",
                            "os_profile.2711404600.computer_name": "vm-deploy6",
                            "os_profile.2711404600.custom_data": "",
                            "os_profile_linux_config.#": "1",
                            "os_profile_linux_config.69840937.disable_password_authentication": "true",
                            "os_profile_linux_config.69840937.ssh_keys.#": "1",
                            "os_profile_linux_config.69840937.ssh_keys.0.key_data": "ssh-rsa AAAAB3NzaC1yc2EAAAADAQABAAABAQC4OqtycBTD1RYNhPW1s4IiuyG61H0M+0FnRfUOqdTJhcU84alJzWbkRXAGAh42+3rm0mXiFc2uGkP2v/F7XcfBFxrWkgg0rycQ4aZZ8PG0as939WHm3tU1M9KAqzHnv9OjZZqqhici/taA9xJCnRCl4TLdYAhIs72Sy0uuFxdYrk19rTmsP+HzGUkRMyFaJTM+jntXhwooujIqQQ1QJyoXgatnIhSTzggemFn3aBbfwz7ivDDnUwl2yq7ZnEtqLIXWRXBhGnXd1SDJK9rabsvmxqeX8QXs3IJXpsCO0dDW3VEUdeXlNa5osIP5f4H/HXF0z2Km7dfWKNuWyltCI+tX romanrozin@Romans-MacBook-Pro.local",
                            "os_profile_linux_config.69840937.ssh_keys.0.path": "/home/azureuser/.ssh/authorized_keys",
                            "os_profile_secrets.#": "0",
                            "resource_group_name": "resource_group_deploy",
                            "storage_data_disk.#": "0",
                            "storage_image_reference.#": "1",
                            "storage_image_reference.363552096.id": "",
                            "storage_image_reference.363552096.offer": "UbuntuServer",
                            "storage_image_reference.363552096.publisher": "Canonical",
                            "storage_image_reference.363552096.sku": "16.04.0-LTS",
                            "storage_image_reference.363552096.version": "latest",
                            "storage_os_disk.#": "1",
                            "storage_os_disk.0.caching": "ReadWrite",
                            "storage_os_disk.0.create_option": "FromImage",
                            "storage_os_disk.0.disk_size_gb": "30",
                            "storage_os_disk.0.image_uri": "",
                            "storage_os_disk.0.managed_disk_id": "/subscriptions/3abd0dd5-602a-4620-b1f8-d53bf2a6dbad/resourceGroups/resource_group_deploy/providers/Microsoft.Compute/disks/vm-deploy-6",
                            "storage_os_disk.0.managed_disk_type": "Premium_LRS",
                            "storage_os_disk.0.name": "vm-deploy-6",
                            "storage_os_disk.0.os_type": "Linux",
                            "storage_os_disk.0.vhd_uri": "",
                            "storage_os_disk.0.write_accelerator_enabled": "false",
                            "tags.%": "2",
                            "tags.environment": "Terraform Demo",
                            "tags.name": "LuYZHlxBRK4",
                            "vm_size": "Standard_DS1_v2",
                            "zones.#": "0"
                        },
                        "meta": {},
                        "tainted": false
                    },
                    "deposed": [],
                    "provider": "provider.azurerm"
                },
                "azurerm_virtual_machine.virtual_machine_deploy.7": {
                    "type": "azurerm_virtual_machine",
                    "depends_on": [
                        "azurerm_availability_set.availability_set_deploy",
                        "azurerm_network_interface.network_interface_deploy.*",
                        "azurerm_resource_group.resource_group_deploy",
                        "azurerm_storage_account.storage_account_deploy",
                        "random_id.randomId"
                    ],
                    "primary": {
                        "id": "/subscriptions/3abd0dd5-602a-4620-b1f8-d53bf2a6dbad/resourceGroups/resource_group_deploy/providers/Microsoft.Compute/virtualMachines/vm-deploy-7",
                        "attributes": {
                            "availability_set_id": "/subscriptions/3abd0dd5-602a-4620-b1f8-d53bf2a6dbad/resourcegroups/resource_group_deploy/providers/microsoft.compute/availabilitysets/availability_set_deploy",
                            "boot_diagnostics.#": "1",
                            "boot_diagnostics.0.enabled": "true",
                            "boot_diagnostics.0.storage_uri": "https://diag2ee6191e5c4144ae.blob.core.windows.net/",
                            "delete_data_disks_on_termination": "true",
                            "delete_os_disk_on_termination": "true",
                            "id": "/subscriptions/3abd0dd5-602a-4620-b1f8-d53bf2a6dbad/resourceGroups/resource_group_deploy/providers/Microsoft.Compute/virtualMachines/vm-deploy-7",
                            "identity.#": "0",
                            "location": "eastus",
                            "name": "vm-deploy-7",
                            "network_interface_ids.#": "1",
                            "network_interface_ids.0": "/subscriptions/3abd0dd5-602a-4620-b1f8-d53bf2a6dbad/resourceGroups/resource_group_deploy/providers/Microsoft.Network/networkInterfaces/network_interface_deploy-7",
                            "os_profile.#": "1",
                            "os_profile.3095916921.admin_password": "",
                            "os_profile.3095916921.admin_username": "azureuser",
                            "os_profile.3095916921.computer_name": "vm-deploy7",
                            "os_profile.3095916921.custom_data": "",
                            "os_profile_linux_config.#": "1",
                            "os_profile_linux_config.69840937.disable_password_authentication": "true",
                            "os_profile_linux_config.69840937.ssh_keys.#": "1",
                            "os_profile_linux_config.69840937.ssh_keys.0.key_data": "ssh-rsa AAAAB3NzaC1yc2EAAAADAQABAAABAQC4OqtycBTD1RYNhPW1s4IiuyG61H0M+0FnRfUOqdTJhcU84alJzWbkRXAGAh42+3rm0mXiFc2uGkP2v/F7XcfBFxrWkgg0rycQ4aZZ8PG0as939WHm3tU1M9KAqzHnv9OjZZqqhici/taA9xJCnRCl4TLdYAhIs72Sy0uuFxdYrk19rTmsP+HzGUkRMyFaJTM+jntXhwooujIqQQ1QJyoXgatnIhSTzggemFn3aBbfwz7ivDDnUwl2yq7ZnEtqLIXWRXBhGnXd1SDJK9rabsvmxqeX8QXs3IJXpsCO0dDW3VEUdeXlNa5osIP5f4H/HXF0z2Km7dfWKNuWyltCI+tX romanrozin@Romans-MacBook-Pro.local",
                            "os_profile_linux_config.69840937.ssh_keys.0.path": "/home/azureuser/.ssh/authorized_keys",
                            "os_profile_secrets.#": "0",
                            "resource_group_name": "resource_group_deploy",
                            "storage_data_disk.#": "0",
                            "storage_image_reference.#": "1",
                            "storage_image_reference.363552096.id": "",
                            "storage_image_reference.363552096.offer": "UbuntuServer",
                            "storage_image_reference.363552096.publisher": "Canonical",
                            "storage_image_reference.363552096.sku": "16.04.0-LTS",
                            "storage_image_reference.363552096.version": "latest",
                            "storage_os_disk.#": "1",
                            "storage_os_disk.0.caching": "ReadWrite",
                            "storage_os_disk.0.create_option": "FromImage",
                            "storage_os_disk.0.disk_size_gb": "30",
                            "storage_os_disk.0.image_uri": "",
                            "storage_os_disk.0.managed_disk_id": "/subscriptions/3abd0dd5-602a-4620-b1f8-d53bf2a6dbad/resourceGroups/resource_group_deploy/providers/Microsoft.Compute/disks/vm-deploy-7",
                            "storage_os_disk.0.managed_disk_type": "Premium_LRS",
                            "storage_os_disk.0.name": "vm-deploy-7",
                            "storage_os_disk.0.os_type": "Linux",
                            "storage_os_disk.0.vhd_uri": "",
                            "storage_os_disk.0.write_accelerator_enabled": "false",
                            "tags.%": "2",
                            "tags.environment": "Terraform Demo",
                            "tags.name": "LuYZHlxBRK4",
                            "vm_size": "Standard_DS1_v2",
                            "zones.#": "0"
                        },
                        "meta": {},
                        "tainted": false
                    },
                    "deposed": [],
                    "provider": "provider.azurerm"
                },
                "azurerm_virtual_network.virtual_network_deploy": {
                    "type": "azurerm_virtual_network",
                    "depends_on": [
                        "azurerm_resource_group.resource_group_deploy"
                    ],
                    "primary": {
                        "id": "/subscriptions/3abd0dd5-602a-4620-b1f8-d53bf2a6dbad/resourceGroups/resource_group_deploy/providers/Microsoft.Network/virtualNetworks/virtual_network_deploy",
                        "attributes": {
                            "address_space.#": "1",
                            "address_space.0": "10.0.0.0/16",
                            "dns_servers.#": "0",
                            "id": "/subscriptions/3abd0dd5-602a-4620-b1f8-d53bf2a6dbad/resourceGroups/resource_group_deploy/providers/Microsoft.Network/virtualNetworks/virtual_network_deploy",
                            "location": "eastus",
                            "name": "virtual_network_deploy",
                            "resource_group_name": "resource_group_deploy",
                            "subnet.#": "1",
                            "subnet.4134652616.address_prefix": "10.0.1.0/24",
                            "subnet.4134652616.id": "/subscriptions/3abd0dd5-602a-4620-b1f8-d53bf2a6dbad/resourceGroups/resource_group_deploy/providers/Microsoft.Network/virtualNetworks/virtual_network_deploy/subnets/subnet_deploy",
                            "subnet.4134652616.name": "subnet_deploy",
                            "subnet.4134652616.security_group": "",
                            "tags.%": "1",
                            "tags.environment": "Terraform Demo"
                        },
                        "meta": {},
                        "tainted": false
                    },
                    "deposed": [],
                    "provider": "provider.azurerm"
                },
                "random_id.randomId": {
                    "type": "random_id",
                    "depends_on": [
                        "azurerm_resource_group.resource_group_deploy"
                    ],
                    "primary": {
                        "id": "LuYZHlxBRK4",
                        "attributes": {
                            "b64": "LuYZHlxBRK4",
                            "b64_std": "LuYZHlxBRK4=",
                            "b64_url": "LuYZHlxBRK4",
                            "byte_length": "8",
                            "dec": "3379416188575630510",
                            "hex": "2ee6191e5c4144ae",
                            "id": "LuYZHlxBRK4",
                            "keepers.%": "1",
                            "keepers.resource_group": "resource_group_deploy"
                        },
                        "meta": {},
                        "tainted": false
                    },
                    "deposed": [],
                    "provider": "provider.random"
                }
            },
            "depends_on": []
        }
    ]
}
